<?xml version="1.0" encoding="UTF-8"?>
<Project ToolsVersion="14.0" xmlns="http://schemas.microsoft.com/developer/msbuild/2003">
  <ItemGroup>
    <CustomBuild Include="C:\Users\Joonas\ClionProjects\OpenGL\lib\bullet\build_cmake\CMakeFiles\ebc01f7d939111e702800f2e415d39b6\INSTALL_force.rule">
      <Filter>CMake Rules</Filter>
    </CustomBuild>
  </ItemGroup>
  <ItemGroup>
    <Filter Include="CMake Rules">
      <UniqueIdentifier>{903F3AEA-3918-3C08-BAB0-972F683040D2}</UniqueIdentifier>
    </Filter>
  </ItemGroup>
</Project>
