<?xml version="1.0" encoding="UTF-8"?>
<Project ToolsVersion="14.0" xmlns="http://schemas.microsoft.com/developer/msbuild/2003">
  <ItemGroup>
    <ClCompile Include="C:\Users\Joonas\ClionProjects\OpenGL\lib\bullet\src\LinearMath\btAlignedAllocator.cpp">
      <Filter>Source Files</Filter>
    </ClCompile>
    <ClCompile Include="C:\Users\Joonas\ClionProjects\OpenGL\lib\bullet\src\LinearMath\btConvexHull.cpp">
      <Filter>Source Files</Filter>
    </ClCompile>
    <ClCompile Include="C:\Users\Joonas\ClionProjects\OpenGL\lib\bullet\src\LinearMath\btConvexHullComputer.cpp">
      <Filter>Source Files</Filter>
    </ClCompile>
    <ClCompile Include="C:\Users\Joonas\ClionProjects\OpenGL\lib\bullet\src\LinearMath\btGeometryUtil.cpp">
      <Filter>Source Files</Filter>
    </ClCompile>
    <ClCompile Include="C:\Users\Joonas\ClionProjects\OpenGL\lib\bullet\src\LinearMath\btPolarDecomposition.cpp">
      <Filter>Source Files</Filter>
    </ClCompile>
    <ClCompile Include="C:\Users\Joonas\ClionProjects\OpenGL\lib\bullet\src\LinearMath\btQuickprof.cpp">
      <Filter>Source Files</Filter>
    </ClCompile>
    <ClCompile Include="C:\Users\Joonas\ClionProjects\OpenGL\lib\bullet\src\LinearMath\btSerializer.cpp">
      <Filter>Source Files</Filter>
    </ClCompile>
    <ClCompile Include="C:\Users\Joonas\ClionProjects\OpenGL\lib\bullet\src\LinearMath\btThreads.cpp">
      <Filter>Source Files</Filter>
    </ClCompile>
    <ClCompile Include="C:\Users\Joonas\ClionProjects\OpenGL\lib\bullet\src\LinearMath\btVector3.cpp">
      <Filter>Source Files</Filter>
    </ClCompile>
  </ItemGroup>
  <ItemGroup>
    <ClInclude Include="C:\Users\Joonas\ClionProjects\OpenGL\lib\bullet\src\LinearMath\btAabbUtil2.h">
      <Filter>Header Files</Filter>
    </ClInclude>
    <ClInclude Include="C:\Users\Joonas\ClionProjects\OpenGL\lib\bullet\src\LinearMath\btAlignedAllocator.h">
      <Filter>Header Files</Filter>
    </ClInclude>
    <ClInclude Include="C:\Users\Joonas\ClionProjects\OpenGL\lib\bullet\src\LinearMath\btAlignedObjectArray.h">
      <Filter>Header Files</Filter>
    </ClInclude>
    <ClInclude Include="C:\Users\Joonas\ClionProjects\OpenGL\lib\bullet\src\LinearMath\btConvexHull.h">
      <Filter>Header Files</Filter>
    </ClInclude>
    <ClInclude Include="C:\Users\Joonas\ClionProjects\OpenGL\lib\bullet\src\LinearMath\btConvexHullComputer.h">
      <Filter>Header Files</Filter>
    </ClInclude>
    <ClInclude Include="C:\Users\Joonas\ClionProjects\OpenGL\lib\bullet\src\LinearMath\btDefaultMotionState.h">
      <Filter>Header Files</Filter>
    </ClInclude>
    <ClInclude Include="C:\Users\Joonas\ClionProjects\OpenGL\lib\bullet\src\LinearMath\btGeometryUtil.h">
      <Filter>Header Files</Filter>
    </ClInclude>
    <ClInclude Include="C:\Users\Joonas\ClionProjects\OpenGL\lib\bullet\src\LinearMath\btGrahamScan2dConvexHull.h">
      <Filter>Header Files</Filter>
    </ClInclude>
    <ClInclude Include="C:\Users\Joonas\ClionProjects\OpenGL\lib\bullet\src\LinearMath\btHashMap.h">
      <Filter>Header Files</Filter>
    </ClInclude>
    <ClInclude Include="C:\Users\Joonas\ClionProjects\OpenGL\lib\bullet\src\LinearMath\btIDebugDraw.h">
      <Filter>Header Files</Filter>
    </ClInclude>
    <ClInclude Include="C:\Users\Joonas\ClionProjects\OpenGL\lib\bullet\src\LinearMath\btList.h">
      <Filter>Header Files</Filter>
    </ClInclude>
    <ClInclude Include="C:\Users\Joonas\ClionProjects\OpenGL\lib\bullet\src\LinearMath\btMatrix3x3.h">
      <Filter>Header Files</Filter>
    </ClInclude>
    <ClInclude Include="C:\Users\Joonas\ClionProjects\OpenGL\lib\bullet\src\LinearMath\btMinMax.h">
      <Filter>Header Files</Filter>
    </ClInclude>
    <ClInclude Include="C:\Users\Joonas\ClionProjects\OpenGL\lib\bullet\src\LinearMath\btMotionState.h">
      <Filter>Header Files</Filter>
    </ClInclude>
    <ClInclude Include="C:\Users\Joonas\ClionProjects\OpenGL\lib\bullet\src\LinearMath\btPolarDecomposition.h">
      <Filter>Header Files</Filter>
    </ClInclude>
    <ClInclude Include="C:\Users\Joonas\ClionProjects\OpenGL\lib\bullet\src\LinearMath\btPoolAllocator.h">
      <Filter>Header Files</Filter>
    </ClInclude>
    <ClInclude Include="C:\Users\Joonas\ClionProjects\OpenGL\lib\bullet\src\LinearMath\btQuadWord.h">
      <Filter>Header Files</Filter>
    </ClInclude>
    <ClInclude Include="C:\Users\Joonas\ClionProjects\OpenGL\lib\bullet\src\LinearMath\btQuaternion.h">
      <Filter>Header Files</Filter>
    </ClInclude>
    <ClInclude Include="C:\Users\Joonas\ClionProjects\OpenGL\lib\bullet\src\LinearMath\btQuickprof.h">
      <Filter>Header Files</Filter>
    </ClInclude>
    <ClInclude Include="C:\Users\Joonas\ClionProjects\OpenGL\lib\bullet\src\LinearMath\btRandom.h">
      <Filter>Header Files</Filter>
    </ClInclude>
    <ClInclude Include="C:\Users\Joonas\ClionProjects\OpenGL\lib\bullet\src\LinearMath\btScalar.h">
      <Filter>Header Files</Filter>
    </ClInclude>
    <ClInclude Include="C:\Users\Joonas\ClionProjects\OpenGL\lib\bullet\src\LinearMath\btSerializer.h">
      <Filter>Header Files</Filter>
    </ClInclude>
    <ClInclude Include="C:\Users\Joonas\ClionProjects\OpenGL\lib\bullet\src\LinearMath\btStackAlloc.h">
      <Filter>Header Files</Filter>
    </ClInclude>
    <ClInclude Include="C:\Users\Joonas\ClionProjects\OpenGL\lib\bullet\src\LinearMath\btThreads.h">
      <Filter>Header Files</Filter>
    </ClInclude>
    <ClInclude Include="C:\Users\Joonas\ClionProjects\OpenGL\lib\bullet\src\LinearMath\btTransform.h">
      <Filter>Header Files</Filter>
    </ClInclude>
    <ClInclude Include="C:\Users\Joonas\ClionProjects\OpenGL\lib\bullet\src\LinearMath\btTransformUtil.h">
      <Filter>Header Files</Filter>
    </ClInclude>
    <ClInclude Include="C:\Users\Joonas\ClionProjects\OpenGL\lib\bullet\src\LinearMath\btVector3.h">
      <Filter>Header Files</Filter>
    </ClInclude>
  </ItemGroup>
  <ItemGroup>
    <CustomBuild Include="C:\Users\Joonas\ClionProjects\OpenGL\lib\bullet\src\LinearMath\CMakeLists.txt" />
  </ItemGroup>
  <ItemGroup>
    <Filter Include="Source Files">
      <UniqueIdentifier>{855549C3-E1EE-33D5-8A9F-FF8B71A132A7}</UniqueIdentifier>
    </Filter>
    <Filter Include="Header Files">
      <UniqueIdentifier>{C29A484C-96AE-33D7-8545-796A6034C937}</UniqueIdentifier>
    </Filter>
  </ItemGroup>
</Project>
