
Microsoft Visual Studio Solution File, Format Version 11.00
# Visual Studio 2010
Project("{8BC9CEB8-8B4A-11D0-8D11-00A0C91BC942}") = "App_BulletExampleBrowser", "App_BulletExampleBrowser.vcxproj", "{03D3684B-406C-4148-9B24-4BB65F1C5EE2}"
	ProjectSection(ProjectDependencies) = postProject
		{A499E57A-CA90-194A-8E0D-FDCC2E3AC188} = {A499E57A-CA90-194A-8E0D-FDCC2E3AC188}
		{2D1EC04D-A89C-0A4B-B67D-D7C94F899A59} = {2D1EC04D-A89C-0A4B-B67D-D7C94F899A59}
		{BF766D35-19FE-024E-8E9F-973DEB201C1E} = {BF766D35-19FE-024E-8E9F-973DEB201C1E}
		{D10EAA63-6295-3D44-AF01-4B1EC7C501EE} = {D10EAA63-6295-3D44-AF01-4B1EC7C501EE}
		{CAE99801-7F20-EE4D-9A9D-B984FA23406C} = {CAE99801-7F20-EE4D-9A9D-B984FA23406C}
		{0A6C32C3-B046-8E4E-99D0-98E373499FA6} = {0A6C32C3-B046-8E4E-99D0-98E373499FA6}
		{3D3895C4-DFFB-C045-B3E5-2EF9343BAD09} = {3D3895C4-DFFB-C045-B3E5-2EF9343BAD09}
		{B545FF25-A68B-474B-8887-3B7FDBB24A0F} = {B545FF25-A68B-474B-8887-3B7FDBB24A0F}
		{33DA7E35-AF5C-2141-AD19-3E4A8EBB850A} = {33DA7E35-AF5C-2141-AD19-3E4A8EBB850A}
		{CEC3B25B-9ADD-1F4F-9FB0-694D0F1DCB1D} = {CEC3B25B-9ADD-1F4F-9FB0-694D0F1DCB1D}
		{F1DB26CF-DF4C-7C49-BFC9-E90F32EEA297} = {F1DB26CF-DF4C-7C49-BFC9-E90F32EEA297}
		{5FA73662-EABD-B448-AF3E-4F4B9EF1347C} = {5FA73662-EABD-B448-AF3E-4F4B9EF1347C}
		{E2165CF2-84B0-AB4F-A9F6-B918B0357FEE} = {E2165CF2-84B0-AB4F-A9F6-B918B0357FEE}
		{F965A1F2-510D-5A44-B709-7BC1197E1C06} = {F965A1F2-510D-5A44-B709-7BC1197E1C06}
		{7F00489A-5CD8-AB41-AE23-9C26E1D916C4} = {7F00489A-5CD8-AB41-AE23-9C26E1D916C4}
	EndProjectSection
EndProject
Project("{8BC9CEB8-8B4A-11D0-8D11-00A0C91BC942}") = "BulletExampleBrowserLib", "BulletExampleBrowserLib.vcxproj", "{A499E57A-CA90-194A-8E0D-FDCC2E3AC188}"
EndProject
Project("{8BC9CEB8-8B4A-11D0-8D11-00A0C91BC942}") = "App_RobotSimulator", "App_RobotSimulator.vcxproj", "{468C0D39-B8AD-0A42-BEEB-42A8CE68B326}"
	ProjectSection(ProjectDependencies) = postProject
		{A499E57A-CA90-194A-8E0D-FDCC2E3AC188} = {A499E57A-CA90-194A-8E0D-FDCC2E3AC188}
		{2D1EC04D-A89C-0A4B-B67D-D7C94F899A59} = {2D1EC04D-A89C-0A4B-B67D-D7C94F899A59}
		{BF766D35-19FE-024E-8E9F-973DEB201C1E} = {BF766D35-19FE-024E-8E9F-973DEB201C1E}
		{E9200563-8BC0-3443-BB2A-2ED0CAE1963A} = {E9200563-8BC0-3443-BB2A-2ED0CAE1963A}
		{D5D21128-EDB1-904F-977F-CD57F6A78F40} = {D5D21128-EDB1-904F-977F-CD57F6A78F40}
		{D10EAA63-6295-3D44-AF01-4B1EC7C501EE} = {D10EAA63-6295-3D44-AF01-4B1EC7C501EE}
		{CAE99801-7F20-EE4D-9A9D-B984FA23406C} = {CAE99801-7F20-EE4D-9A9D-B984FA23406C}
		{0A6C32C3-B046-8E4E-99D0-98E373499FA6} = {0A6C32C3-B046-8E4E-99D0-98E373499FA6}
		{3D3895C4-DFFB-C045-B3E5-2EF9343BAD09} = {3D3895C4-DFFB-C045-B3E5-2EF9343BAD09}
		{B545FF25-A68B-474B-8887-3B7FDBB24A0F} = {B545FF25-A68B-474B-8887-3B7FDBB24A0F}
		{33DA7E35-AF5C-2141-AD19-3E4A8EBB850A} = {33DA7E35-AF5C-2141-AD19-3E4A8EBB850A}
		{CEC3B25B-9ADD-1F4F-9FB0-694D0F1DCB1D} = {CEC3B25B-9ADD-1F4F-9FB0-694D0F1DCB1D}
		{F1DB26CF-DF4C-7C49-BFC9-E90F32EEA297} = {F1DB26CF-DF4C-7C49-BFC9-E90F32EEA297}
		{5FA73662-EABD-B448-AF3E-4F4B9EF1347C} = {5FA73662-EABD-B448-AF3E-4F4B9EF1347C}
		{E2165CF2-84B0-AB4F-A9F6-B918B0357FEE} = {E2165CF2-84B0-AB4F-A9F6-B918B0357FEE}
		{F965A1F2-510D-5A44-B709-7BC1197E1C06} = {F965A1F2-510D-5A44-B709-7BC1197E1C06}
		{7F00489A-5CD8-AB41-AE23-9C26E1D916C4} = {7F00489A-5CD8-AB41-AE23-9C26E1D916C4}
		{4654E08C-68AB-8549-ACB9-1B24B709D7F2} = {4654E08C-68AB-8549-ACB9-1B24B709D7F2}
		{D7CCE387-297F-7D46-A768-B0F924B9BB26} = {D7CCE387-297F-7D46-A768-B0F924B9BB26}
	EndProjectSection
EndProject
Project("{8BC9CEB8-8B4A-11D0-8D11-00A0C91BC942}") = "OpenGL_Window", "OpenGL_Window.vcxproj", "{BF766D35-19FE-024E-8E9F-973DEB201C1E}"
EndProject
Project("{8BC9CEB8-8B4A-11D0-8D11-00A0C91BC942}") = "gwen", "gwen.vcxproj", "{2D1EC04D-A89C-0A4B-B67D-D7C94F899A59}"
EndProject
Project("{8BC9CEB8-8B4A-11D0-8D11-00A0C91BC942}") = "App_HelloWorld", "App_HelloWorld.vcxproj", "{F72A0C59-1835-B545-ABAD-7037AFD30678}"
	ProjectSection(ProjectDependencies) = postProject
		{3D3895C4-DFFB-C045-B3E5-2EF9343BAD09} = {3D3895C4-DFFB-C045-B3E5-2EF9343BAD09}
		{B545FF25-A68B-474B-8887-3B7FDBB24A0F} = {B545FF25-A68B-474B-8887-3B7FDBB24A0F}
		{33DA7E35-AF5C-2141-AD19-3E4A8EBB850A} = {33DA7E35-AF5C-2141-AD19-3E4A8EBB850A}
	EndProjectSection
EndProject
Project("{8BC9CEB8-8B4A-11D0-8D11-00A0C91BC942}") = "App_PhysicsServer_SharedMemory", "App_PhysicsServer_SharedMemory.vcxproj", "{C54C0F6E-6670-8647-A9BD-A8F0024C64AD}"
	ProjectSection(ProjectDependencies) = postProject
		{F1DB26CF-DF4C-7C49-BFC9-E90F32EEA297} = {F1DB26CF-DF4C-7C49-BFC9-E90F32EEA297}
		{CAE99801-7F20-EE4D-9A9D-B984FA23406C} = {CAE99801-7F20-EE4D-9A9D-B984FA23406C}
		{0A6C32C3-B046-8E4E-99D0-98E373499FA6} = {0A6C32C3-B046-8E4E-99D0-98E373499FA6}
		{3D3895C4-DFFB-C045-B3E5-2EF9343BAD09} = {3D3895C4-DFFB-C045-B3E5-2EF9343BAD09}
		{B545FF25-A68B-474B-8887-3B7FDBB24A0F} = {B545FF25-A68B-474B-8887-3B7FDBB24A0F}
		{33DA7E35-AF5C-2141-AD19-3E4A8EBB850A} = {33DA7E35-AF5C-2141-AD19-3E4A8EBB850A}
		{CEC3B25B-9ADD-1F4F-9FB0-694D0F1DCB1D} = {CEC3B25B-9ADD-1F4F-9FB0-694D0F1DCB1D}
	EndProjectSection
EndProject
Project("{8BC9CEB8-8B4A-11D0-8D11-00A0C91BC942}") = "App_PhysicsServer_SharedMemory_GUI", "App_PhysicsServer_SharedMemory_GUI.vcxproj", "{0C9A897D-1732-D74D-AFD9-A572B5A1D029}"
	ProjectSection(ProjectDependencies) = postProject
		{CAE99801-7F20-EE4D-9A9D-B984FA23406C} = {CAE99801-7F20-EE4D-9A9D-B984FA23406C}
		{0A6C32C3-B046-8E4E-99D0-98E373499FA6} = {0A6C32C3-B046-8E4E-99D0-98E373499FA6}
		{3D3895C4-DFFB-C045-B3E5-2EF9343BAD09} = {3D3895C4-DFFB-C045-B3E5-2EF9343BAD09}
		{B545FF25-A68B-474B-8887-3B7FDBB24A0F} = {B545FF25-A68B-474B-8887-3B7FDBB24A0F}
		{33DA7E35-AF5C-2141-AD19-3E4A8EBB850A} = {33DA7E35-AF5C-2141-AD19-3E4A8EBB850A}
		{BF766D35-19FE-024E-8E9F-973DEB201C1E} = {BF766D35-19FE-024E-8E9F-973DEB201C1E}
		{F1DB26CF-DF4C-7C49-BFC9-E90F32EEA297} = {F1DB26CF-DF4C-7C49-BFC9-E90F32EEA297}
		{CEC3B25B-9ADD-1F4F-9FB0-694D0F1DCB1D} = {CEC3B25B-9ADD-1F4F-9FB0-694D0F1DCB1D}
	EndProjectSection
EndProject
Project("{8BC9CEB8-8B4A-11D0-8D11-00A0C91BC942}") = "App_PhysicsServer_SharedMemory_VR", "App_PhysicsServer_SharedMemory_VR.vcxproj", "{DE6B3B97-2F27-434C-9414-DDC1386809F4}"
	ProjectSection(ProjectDependencies) = postProject
		{CAE99801-7F20-EE4D-9A9D-B984FA23406C} = {CAE99801-7F20-EE4D-9A9D-B984FA23406C}
		{0A6C32C3-B046-8E4E-99D0-98E373499FA6} = {0A6C32C3-B046-8E4E-99D0-98E373499FA6}
		{F1DB26CF-DF4C-7C49-BFC9-E90F32EEA297} = {F1DB26CF-DF4C-7C49-BFC9-E90F32EEA297}
		{3D3895C4-DFFB-C045-B3E5-2EF9343BAD09} = {3D3895C4-DFFB-C045-B3E5-2EF9343BAD09}
		{B545FF25-A68B-474B-8887-3B7FDBB24A0F} = {B545FF25-A68B-474B-8887-3B7FDBB24A0F}
		{33DA7E35-AF5C-2141-AD19-3E4A8EBB850A} = {33DA7E35-AF5C-2141-AD19-3E4A8EBB850A}
		{BF766D35-19FE-024E-8E9F-973DEB201C1E} = {BF766D35-19FE-024E-8E9F-973DEB201C1E}
		{CEC3B25B-9ADD-1F4F-9FB0-694D0F1DCB1D} = {CEC3B25B-9ADD-1F4F-9FB0-694D0F1DCB1D}
	EndProjectSection
EndProject
Project("{8BC9CEB8-8B4A-11D0-8D11-00A0C91BC942}") = "App_PhysicsServerSharedMemoryBridgeUDP", "App_PhysicsServerSharedMemoryBridgeUDP.vcxproj", "{9FDB26FE-403C-3B44-BEA5-FC87EC897332}"
	ProjectSection(ProjectDependencies) = postProject
		{4654E08C-68AB-8549-ACB9-1B24B709D7F2} = {4654E08C-68AB-8549-ACB9-1B24B709D7F2}
		{E9200563-8BC0-3443-BB2A-2ED0CAE1963A} = {E9200563-8BC0-3443-BB2A-2ED0CAE1963A}
		{F1DB26CF-DF4C-7C49-BFC9-E90F32EEA297} = {F1DB26CF-DF4C-7C49-BFC9-E90F32EEA297}
		{33DA7E35-AF5C-2141-AD19-3E4A8EBB850A} = {33DA7E35-AF5C-2141-AD19-3E4A8EBB850A}
	EndProjectSection
EndProject
Project("{8BC9CEB8-8B4A-11D0-8D11-00A0C91BC942}") = "App_PhysicsServerUDP", "App_PhysicsServerUDP.vcxproj", "{77D3BB9A-0F8E-EF41-ABA0-2B977B75B06A}"
	ProjectSection(ProjectDependencies) = postProject
		{4654E08C-68AB-8549-ACB9-1B24B709D7F2} = {4654E08C-68AB-8549-ACB9-1B24B709D7F2}
		{F1DB26CF-DF4C-7C49-BFC9-E90F32EEA297} = {F1DB26CF-DF4C-7C49-BFC9-E90F32EEA297}
		{CAE99801-7F20-EE4D-9A9D-B984FA23406C} = {CAE99801-7F20-EE4D-9A9D-B984FA23406C}
		{0A6C32C3-B046-8E4E-99D0-98E373499FA6} = {0A6C32C3-B046-8E4E-99D0-98E373499FA6}
		{3D3895C4-DFFB-C045-B3E5-2EF9343BAD09} = {3D3895C4-DFFB-C045-B3E5-2EF9343BAD09}
		{B545FF25-A68B-474B-8887-3B7FDBB24A0F} = {B545FF25-A68B-474B-8887-3B7FDBB24A0F}
		{33DA7E35-AF5C-2141-AD19-3E4A8EBB850A} = {33DA7E35-AF5C-2141-AD19-3E4A8EBB850A}
		{CEC3B25B-9ADD-1F4F-9FB0-694D0F1DCB1D} = {CEC3B25B-9ADD-1F4F-9FB0-694D0F1DCB1D}
	EndProjectSection
EndProject
Project("{8BC9CEB8-8B4A-11D0-8D11-00A0C91BC942}") = "App_PhysicsServerSharedMemoryBridgeTCP", "App_PhysicsServerSharedMemoryBridgeTCP.vcxproj", "{3DFC5F1F-C1DC-C34E-B354-31BE552FF078}"
	ProjectSection(ProjectDependencies) = postProject
		{D7CCE387-297F-7D46-A768-B0F924B9BB26} = {D7CCE387-297F-7D46-A768-B0F924B9BB26}
		{E9200563-8BC0-3443-BB2A-2ED0CAE1963A} = {E9200563-8BC0-3443-BB2A-2ED0CAE1963A}
		{F1DB26CF-DF4C-7C49-BFC9-E90F32EEA297} = {F1DB26CF-DF4C-7C49-BFC9-E90F32EEA297}
		{33DA7E35-AF5C-2141-AD19-3E4A8EBB850A} = {33DA7E35-AF5C-2141-AD19-3E4A8EBB850A}
	EndProjectSection
EndProject
Project("{8BC9CEB8-8B4A-11D0-8D11-00A0C91BC942}") = "App_PhysicsServerTCP", "App_PhysicsServerTCP.vcxproj", "{B8782B9A-DB17-F346-A88D-3AC8A75D4C5E}"
	ProjectSection(ProjectDependencies) = postProject
		{D7CCE387-297F-7D46-A768-B0F924B9BB26} = {D7CCE387-297F-7D46-A768-B0F924B9BB26}
		{F1DB26CF-DF4C-7C49-BFC9-E90F32EEA297} = {F1DB26CF-DF4C-7C49-BFC9-E90F32EEA297}
		{CAE99801-7F20-EE4D-9A9D-B984FA23406C} = {CAE99801-7F20-EE4D-9A9D-B984FA23406C}
		{0A6C32C3-B046-8E4E-99D0-98E373499FA6} = {0A6C32C3-B046-8E4E-99D0-98E373499FA6}
		{3D3895C4-DFFB-C045-B3E5-2EF9343BAD09} = {3D3895C4-DFFB-C045-B3E5-2EF9343BAD09}
		{B545FF25-A68B-474B-8887-3B7FDBB24A0F} = {B545FF25-A68B-474B-8887-3B7FDBB24A0F}
		{33DA7E35-AF5C-2141-AD19-3E4A8EBB850A} = {33DA7E35-AF5C-2141-AD19-3E4A8EBB850A}
		{CEC3B25B-9ADD-1F4F-9FB0-694D0F1DCB1D} = {CEC3B25B-9ADD-1F4F-9FB0-694D0F1DCB1D}
	EndProjectSection
EndProject
Project("{8BC9CEB8-8B4A-11D0-8D11-00A0C91BC942}") = "BussIK", "BussIK.vcxproj", "{CEC3B25B-9ADD-1F4F-9FB0-694D0F1DCB1D}"
EndProject
Project("{8BC9CEB8-8B4A-11D0-8D11-00A0C91BC942}") = "pybullet", "pybullet.vcxproj", "{390DB130-B7A1-AE44-AA20-0FA8F542D9D0}"
	ProjectSection(ProjectDependencies) = postProject
		{A499E57A-CA90-194A-8E0D-FDCC2E3AC188} = {A499E57A-CA90-194A-8E0D-FDCC2E3AC188}
		{2D1EC04D-A89C-0A4B-B67D-D7C94F899A59} = {2D1EC04D-A89C-0A4B-B67D-D7C94F899A59}
		{E9200563-8BC0-3443-BB2A-2ED0CAE1963A} = {E9200563-8BC0-3443-BB2A-2ED0CAE1963A}
		{D5D21128-EDB1-904F-977F-CD57F6A78F40} = {D5D21128-EDB1-904F-977F-CD57F6A78F40}
		{BF766D35-19FE-024E-8E9F-973DEB201C1E} = {BF766D35-19FE-024E-8E9F-973DEB201C1E}
		{D10EAA63-6295-3D44-AF01-4B1EC7C501EE} = {D10EAA63-6295-3D44-AF01-4B1EC7C501EE}
		{CAE99801-7F20-EE4D-9A9D-B984FA23406C} = {CAE99801-7F20-EE4D-9A9D-B984FA23406C}
		{0A6C32C3-B046-8E4E-99D0-98E373499FA6} = {0A6C32C3-B046-8E4E-99D0-98E373499FA6}
		{3D3895C4-DFFB-C045-B3E5-2EF9343BAD09} = {3D3895C4-DFFB-C045-B3E5-2EF9343BAD09}
		{B545FF25-A68B-474B-8887-3B7FDBB24A0F} = {B545FF25-A68B-474B-8887-3B7FDBB24A0F}
		{33DA7E35-AF5C-2141-AD19-3E4A8EBB850A} = {33DA7E35-AF5C-2141-AD19-3E4A8EBB850A}
		{CEC3B25B-9ADD-1F4F-9FB0-694D0F1DCB1D} = {CEC3B25B-9ADD-1F4F-9FB0-694D0F1DCB1D}
		{F1DB26CF-DF4C-7C49-BFC9-E90F32EEA297} = {F1DB26CF-DF4C-7C49-BFC9-E90F32EEA297}
		{5FA73662-EABD-B448-AF3E-4F4B9EF1347C} = {5FA73662-EABD-B448-AF3E-4F4B9EF1347C}
		{E2165CF2-84B0-AB4F-A9F6-B918B0357FEE} = {E2165CF2-84B0-AB4F-A9F6-B918B0357FEE}
		{F965A1F2-510D-5A44-B709-7BC1197E1C06} = {F965A1F2-510D-5A44-B709-7BC1197E1C06}
		{7F00489A-5CD8-AB41-AE23-9C26E1D916C4} = {7F00489A-5CD8-AB41-AE23-9C26E1D916C4}
		{4654E08C-68AB-8549-ACB9-1B24B709D7F2} = {4654E08C-68AB-8549-ACB9-1B24B709D7F2}
		{D7CCE387-297F-7D46-A768-B0F924B9BB26} = {D7CCE387-297F-7D46-A768-B0F924B9BB26}
	EndProjectSection
EndProject
Project("{8BC9CEB8-8B4A-11D0-8D11-00A0C91BC942}") = "Test_SharedMemoryPhysicsClient", "Test_SharedMemoryPhysicsClient.vcxproj", "{A9DC9685-88C1-EE48-A76A-2EF00ACA2784}"
	ProjectSection(ProjectDependencies) = postProject
		{E9200563-8BC0-3443-BB2A-2ED0CAE1963A} = {E9200563-8BC0-3443-BB2A-2ED0CAE1963A}
		{F1DB26CF-DF4C-7C49-BFC9-E90F32EEA297} = {F1DB26CF-DF4C-7C49-BFC9-E90F32EEA297}
		{33DA7E35-AF5C-2141-AD19-3E4A8EBB850A} = {33DA7E35-AF5C-2141-AD19-3E4A8EBB850A}
	EndProjectSection
EndProject
Project("{8BC9CEB8-8B4A-11D0-8D11-00A0C91BC942}") = "Test_PhysicsClientUDP", "Test_PhysicsClientUDP.vcxproj", "{5E67015C-717F-E345-8CFB-24381F68E06A}"
	ProjectSection(ProjectDependencies) = postProject
		{4654E08C-68AB-8549-ACB9-1B24B709D7F2} = {4654E08C-68AB-8549-ACB9-1B24B709D7F2}
		{E9200563-8BC0-3443-BB2A-2ED0CAE1963A} = {E9200563-8BC0-3443-BB2A-2ED0CAE1963A}
		{F1DB26CF-DF4C-7C49-BFC9-E90F32EEA297} = {F1DB26CF-DF4C-7C49-BFC9-E90F32EEA297}
		{33DA7E35-AF5C-2141-AD19-3E4A8EBB850A} = {33DA7E35-AF5C-2141-AD19-3E4A8EBB850A}
	EndProjectSection
EndProject
Project("{8BC9CEB8-8B4A-11D0-8D11-00A0C91BC942}") = "Test_PhysicsClientTCP", "Test_PhysicsClientTCP.vcxproj", "{4C2A2EC0-17A5-5742-B026-2554E07EF9F8}"
	ProjectSection(ProjectDependencies) = postProject
		{D7CCE387-297F-7D46-A768-B0F924B9BB26} = {D7CCE387-297F-7D46-A768-B0F924B9BB26}
		{E9200563-8BC0-3443-BB2A-2ED0CAE1963A} = {E9200563-8BC0-3443-BB2A-2ED0CAE1963A}
		{F1DB26CF-DF4C-7C49-BFC9-E90F32EEA297} = {F1DB26CF-DF4C-7C49-BFC9-E90F32EEA297}
		{33DA7E35-AF5C-2141-AD19-3E4A8EBB850A} = {33DA7E35-AF5C-2141-AD19-3E4A8EBB850A}
	EndProjectSection
EndProject
Project("{8BC9CEB8-8B4A-11D0-8D11-00A0C91BC942}") = "Test_PhysicsServerLoopBack", "Test_PhysicsServerLoopBack.vcxproj", "{BE908F2E-DB96-AC4C-BAC3-A2A65E950687}"
	ProjectSection(ProjectDependencies) = postProject
		{CAE99801-7F20-EE4D-9A9D-B984FA23406C} = {CAE99801-7F20-EE4D-9A9D-B984FA23406C}
		{0A6C32C3-B046-8E4E-99D0-98E373499FA6} = {0A6C32C3-B046-8E4E-99D0-98E373499FA6}
		{E9200563-8BC0-3443-BB2A-2ED0CAE1963A} = {E9200563-8BC0-3443-BB2A-2ED0CAE1963A}
		{D5D21128-EDB1-904F-977F-CD57F6A78F40} = {D5D21128-EDB1-904F-977F-CD57F6A78F40}
		{F1DB26CF-DF4C-7C49-BFC9-E90F32EEA297} = {F1DB26CF-DF4C-7C49-BFC9-E90F32EEA297}
		{3D3895C4-DFFB-C045-B3E5-2EF9343BAD09} = {3D3895C4-DFFB-C045-B3E5-2EF9343BAD09}
		{B545FF25-A68B-474B-8887-3B7FDBB24A0F} = {B545FF25-A68B-474B-8887-3B7FDBB24A0F}
		{CEC3B25B-9ADD-1F4F-9FB0-694D0F1DCB1D} = {CEC3B25B-9ADD-1F4F-9FB0-694D0F1DCB1D}
		{33DA7E35-AF5C-2141-AD19-3E4A8EBB850A} = {33DA7E35-AF5C-2141-AD19-3E4A8EBB850A}
	EndProjectSection
EndProject
Project("{8BC9CEB8-8B4A-11D0-8D11-00A0C91BC942}") = "Test_PhysicsServerDirect", "Test_PhysicsServerDirect.vcxproj", "{3BEDA3C8-0BEA-644E-ADAE-A668F1278EEB}"
	ProjectSection(ProjectDependencies) = postProject
		{CAE99801-7F20-EE4D-9A9D-B984FA23406C} = {CAE99801-7F20-EE4D-9A9D-B984FA23406C}
		{0A6C32C3-B046-8E4E-99D0-98E373499FA6} = {0A6C32C3-B046-8E4E-99D0-98E373499FA6}
		{E9200563-8BC0-3443-BB2A-2ED0CAE1963A} = {E9200563-8BC0-3443-BB2A-2ED0CAE1963A}
		{D5D21128-EDB1-904F-977F-CD57F6A78F40} = {D5D21128-EDB1-904F-977F-CD57F6A78F40}
		{F1DB26CF-DF4C-7C49-BFC9-E90F32EEA297} = {F1DB26CF-DF4C-7C49-BFC9-E90F32EEA297}
		{3D3895C4-DFFB-C045-B3E5-2EF9343BAD09} = {3D3895C4-DFFB-C045-B3E5-2EF9343BAD09}
		{B545FF25-A68B-474B-8887-3B7FDBB24A0F} = {B545FF25-A68B-474B-8887-3B7FDBB24A0F}
		{CEC3B25B-9ADD-1F4F-9FB0-694D0F1DCB1D} = {CEC3B25B-9ADD-1F4F-9FB0-694D0F1DCB1D}
		{33DA7E35-AF5C-2141-AD19-3E4A8EBB850A} = {33DA7E35-AF5C-2141-AD19-3E4A8EBB850A}
	EndProjectSection
EndProject
Project("{8BC9CEB8-8B4A-11D0-8D11-00A0C91BC942}") = "Test_PhysicsServerInProcessExampleBrowser", "Test_PhysicsServerInProcessExampleBrowser.vcxproj", "{88DD4380-342F-9347-9EB0-54CA590036D6}"
	ProjectSection(ProjectDependencies) = postProject
		{A499E57A-CA90-194A-8E0D-FDCC2E3AC188} = {A499E57A-CA90-194A-8E0D-FDCC2E3AC188}
		{2D1EC04D-A89C-0A4B-B67D-D7C94F899A59} = {2D1EC04D-A89C-0A4B-B67D-D7C94F899A59}
		{BF766D35-19FE-024E-8E9F-973DEB201C1E} = {BF766D35-19FE-024E-8E9F-973DEB201C1E}
		{E9200563-8BC0-3443-BB2A-2ED0CAE1963A} = {E9200563-8BC0-3443-BB2A-2ED0CAE1963A}
		{D5D21128-EDB1-904F-977F-CD57F6A78F40} = {D5D21128-EDB1-904F-977F-CD57F6A78F40}
		{D10EAA63-6295-3D44-AF01-4B1EC7C501EE} = {D10EAA63-6295-3D44-AF01-4B1EC7C501EE}
		{CAE99801-7F20-EE4D-9A9D-B984FA23406C} = {CAE99801-7F20-EE4D-9A9D-B984FA23406C}
		{0A6C32C3-B046-8E4E-99D0-98E373499FA6} = {0A6C32C3-B046-8E4E-99D0-98E373499FA6}
		{3D3895C4-DFFB-C045-B3E5-2EF9343BAD09} = {3D3895C4-DFFB-C045-B3E5-2EF9343BAD09}
		{B545FF25-A68B-474B-8887-3B7FDBB24A0F} = {B545FF25-A68B-474B-8887-3B7FDBB24A0F}
		{33DA7E35-AF5C-2141-AD19-3E4A8EBB850A} = {33DA7E35-AF5C-2141-AD19-3E4A8EBB850A}
		{CEC3B25B-9ADD-1F4F-9FB0-694D0F1DCB1D} = {CEC3B25B-9ADD-1F4F-9FB0-694D0F1DCB1D}
		{F1DB26CF-DF4C-7C49-BFC9-E90F32EEA297} = {F1DB26CF-DF4C-7C49-BFC9-E90F32EEA297}
		{5FA73662-EABD-B448-AF3E-4F4B9EF1347C} = {5FA73662-EABD-B448-AF3E-4F4B9EF1347C}
		{E2165CF2-84B0-AB4F-A9F6-B918B0357FEE} = {E2165CF2-84B0-AB4F-A9F6-B918B0357FEE}
		{F965A1F2-510D-5A44-B709-7BC1197E1C06} = {F965A1F2-510D-5A44-B709-7BC1197E1C06}
		{7F00489A-5CD8-AB41-AE23-9C26E1D916C4} = {7F00489A-5CD8-AB41-AE23-9C26E1D916C4}
	EndProjectSection
EndProject
Project("{8BC9CEB8-8B4A-11D0-8D11-00A0C91BC942}") = "rtMidiTest", "rtMidiTest.vcxproj", "{FBBEDF2C-71D5-EE42-8456-103242189E02}"
EndProject
Project("{8BC9CEB8-8B4A-11D0-8D11-00A0C91BC942}") = "clsocket", "clsocket.vcxproj", "{D7CCE387-297F-7D46-A768-B0F924B9BB26}"
EndProject
Project("{8BC9CEB8-8B4A-11D0-8D11-00A0C91BC942}") = "Test_clsocket_EchoServer", "Test_clsocket_EchoServer.vcxproj", "{AEE24497-D40C-9C46-AFD5-D161CF2D49BF}"
	ProjectSection(ProjectDependencies) = postProject
		{D7CCE387-297F-7D46-A768-B0F924B9BB26} = {D7CCE387-297F-7D46-A768-B0F924B9BB26}
	EndProjectSection
EndProject
Project("{8BC9CEB8-8B4A-11D0-8D11-00A0C91BC942}") = "Test_clsocket_QueryDayTime", "Test_clsocket_QueryDayTime.vcxproj", "{C3C5C6D7-6A1C-6144-9AFD-F49AF3EE77A1}"
	ProjectSection(ProjectDependencies) = postProject
		{D7CCE387-297F-7D46-A768-B0F924B9BB26} = {D7CCE387-297F-7D46-A768-B0F924B9BB26}
	EndProjectSection
EndProject
Project("{8BC9CEB8-8B4A-11D0-8D11-00A0C91BC942}") = "enet", "enet.vcxproj", "{4654E08C-68AB-8549-ACB9-1B24B709D7F2}"
EndProject
Project("{8BC9CEB8-8B4A-11D0-8D11-00A0C91BC942}") = "Test_enet_nat_punchthrough_client", "Test_enet_nat_punchthrough_client.vcxproj", "{45C47A4E-065F-9542-8FDD-164440FF1FAA}"
	ProjectSection(ProjectDependencies) = postProject
		{4654E08C-68AB-8549-ACB9-1B24B709D7F2} = {4654E08C-68AB-8549-ACB9-1B24B709D7F2}
	EndProjectSection
EndProject
Project("{8BC9CEB8-8B4A-11D0-8D11-00A0C91BC942}") = "Test_enet_nat_punchthrough_server", "Test_enet_nat_punchthrough_server.vcxproj", "{FEB140C8-D735-4E4A-9D02-EFD5B6E53D71}"
	ProjectSection(ProjectDependencies) = postProject
		{4654E08C-68AB-8549-ACB9-1B24B709D7F2} = {4654E08C-68AB-8549-ACB9-1B24B709D7F2}
	EndProjectSection
EndProject
Project("{8BC9CEB8-8B4A-11D0-8D11-00A0C91BC942}") = "Test_enet_chat_client", "Test_enet_chat_client.vcxproj", "{1A41464A-3604-D74F-A63B-E6587DEA441D}"
	ProjectSection(ProjectDependencies) = postProject
		{4654E08C-68AB-8549-ACB9-1B24B709D7F2} = {4654E08C-68AB-8549-ACB9-1B24B709D7F2}
	EndProjectSection
EndProject
Project("{8BC9CEB8-8B4A-11D0-8D11-00A0C91BC942}") = "Test_enet_chat_server", "Test_enet_chat_server.vcxproj", "{0D8BB38C-EDDD-2741-849E-639532B5DAF1}"
	ProjectSection(ProjectDependencies) = postProject
		{4654E08C-68AB-8549-ACB9-1B24B709D7F2} = {4654E08C-68AB-8549-ACB9-1B24B709D7F2}
	EndProjectSection
EndProject
Project("{8BC9CEB8-8B4A-11D0-8D11-00A0C91BC942}") = "Bullet3Common", "Bullet3Common.vcxproj", "{F1DB26CF-DF4C-7C49-BFC9-E90F32EEA297}"
EndProject
Project("{8BC9CEB8-8B4A-11D0-8D11-00A0C91BC942}") = "Bullet3Geometry", "Bullet3Geometry.vcxproj", "{7F00489A-5CD8-AB41-AE23-9C26E1D916C4}"
EndProject
Project("{8BC9CEB8-8B4A-11D0-8D11-00A0C91BC942}") = "Bullet3Collision", "Bullet3Collision.vcxproj", "{F965A1F2-510D-5A44-B709-7BC1197E1C06}"
EndProject
Project("{8BC9CEB8-8B4A-11D0-8D11-00A0C91BC942}") = "Bullet3Dynamics", "Bullet3Dynamics.vcxproj", "{E2165CF2-84B0-AB4F-A9F6-B918B0357FEE}"
EndProject
Project("{8BC9CEB8-8B4A-11D0-8D11-00A0C91BC942}") = "Bullet3OpenCL_clew", "Bullet3OpenCL_clew.vcxproj", "{5FA73662-EABD-B448-AF3E-4F4B9EF1347C}"
EndProject
Project("{8BC9CEB8-8B4A-11D0-8D11-00A0C91BC942}") = "Bullet2FileLoader", "Bullet2FileLoader.vcxproj", "{2B70F3E9-36C5-574E-99E1-7E72F66357EB}"
EndProject
Project("{8BC9CEB8-8B4A-11D0-8D11-00A0C91BC942}") = "HACD", "HACD.vcxproj", "{135E394F-86B2-9340-A78E-E2DFB73640F3}"
EndProject
Project("{8BC9CEB8-8B4A-11D0-8D11-00A0C91BC942}") = "vhacd", "vhacd.vcxproj", "{DBC10B5A-7768-3C4F-8092-132E458063BC}"
EndProject
Project("{8BC9CEB8-8B4A-11D0-8D11-00A0C91BC942}") = "test_vhacd", "test_vhacd.vcxproj", "{2ABF0AB9-0666-9A43-A1F2-9906577AC545}"
	ProjectSection(ProjectDependencies) = postProject
		{DBC10B5A-7768-3C4F-8092-132E458063BC} = {DBC10B5A-7768-3C4F-8092-132E458063BC}
	EndProjectSection
EndProject
Project("{8BC9CEB8-8B4A-11D0-8D11-00A0C91BC942}") = "ConvexDecomposition", "ConvexDecomposition.vcxproj", "{2CF75071-EED7-4247-9D29-EE37DFD5FCA7}"
EndProject
Project("{8BC9CEB8-8B4A-11D0-8D11-00A0C91BC942}") = "BulletInverseDynamicsUtils", "BulletInverseDynamicsUtils.vcxproj", "{CAE99801-7F20-EE4D-9A9D-B984FA23406C}"
EndProject
Project("{8BC9CEB8-8B4A-11D0-8D11-00A0C91BC942}") = "BulletFileLoader", "BulletFileLoader.vcxproj", "{E9200563-8BC0-3443-BB2A-2ED0CAE1963A}"
EndProject
Project("{8BC9CEB8-8B4A-11D0-8D11-00A0C91BC942}") = "BulletWorldImporter", "BulletWorldImporter.vcxproj", "{D5D21128-EDB1-904F-977F-CD57F6A78F40}"
EndProject
Project("{8BC9CEB8-8B4A-11D0-8D11-00A0C91BC942}") = "BulletXmlWorldImporter", "BulletXmlWorldImporter.vcxproj", "{8C58E926-D78C-664C-8E97-903A9C6024BD}"
EndProject
Project("{8BC9CEB8-8B4A-11D0-8D11-00A0C91BC942}") = "App_obj2sdf", "App_obj2sdf.vcxproj", "{A6E91117-760E-9743-A39D-FB7873F7888F}"
	ProjectSection(ProjectDependencies) = postProject
		{F1DB26CF-DF4C-7C49-BFC9-E90F32EEA297} = {F1DB26CF-DF4C-7C49-BFC9-E90F32EEA297}
	EndProjectSection
EndProject
Project("{8BC9CEB8-8B4A-11D0-8D11-00A0C91BC942}") = "Test_LinearMath", "Test_LinearMath.vcxproj", "{90835C29-0154-3F45-9C42-3D8DC18DA49E}"
	ProjectSection(ProjectDependencies) = postProject
		{3D3895C4-DFFB-C045-B3E5-2EF9343BAD09} = {3D3895C4-DFFB-C045-B3E5-2EF9343BAD09}
		{B545FF25-A68B-474B-8887-3B7FDBB24A0F} = {B545FF25-A68B-474B-8887-3B7FDBB24A0F}
		{33DA7E35-AF5C-2141-AD19-3E4A8EBB850A} = {33DA7E35-AF5C-2141-AD19-3E4A8EBB850A}
	EndProjectSection
EndProject
Project("{8BC9CEB8-8B4A-11D0-8D11-00A0C91BC942}") = "gtest", "gtest.vcxproj", "{922C4AFC-F07A-7B4C-A69D-639D0A82C38D}"
EndProject
Project("{8BC9CEB8-8B4A-11D0-8D11-00A0C91BC942}") = "Test_BulletCollision", "Test_BulletCollision.vcxproj", "{11DF53FE-DAF9-5D4A-B906-56C999FA4F07}"
	ProjectSection(ProjectDependencies) = postProject
		{33DA7E35-AF5C-2141-AD19-3E4A8EBB850A} = {33DA7E35-AF5C-2141-AD19-3E4A8EBB850A}
		{922C4AFC-F07A-7B4C-A69D-639D0A82C38D} = {922C4AFC-F07A-7B4C-A69D-639D0A82C38D}
	EndProjectSection
EndProject
Project("{8BC9CEB8-8B4A-11D0-8D11-00A0C91BC942}") = "Test_BulletDynamics", "Test_BulletDynamics.vcxproj", "{1E0D6397-55C1-BC45-8206-84A7629BA628}"
	ProjectSection(ProjectDependencies) = postProject
		{3D3895C4-DFFB-C045-B3E5-2EF9343BAD09} = {3D3895C4-DFFB-C045-B3E5-2EF9343BAD09}
		{B545FF25-A68B-474B-8887-3B7FDBB24A0F} = {B545FF25-A68B-474B-8887-3B7FDBB24A0F}
		{33DA7E35-AF5C-2141-AD19-3E4A8EBB850A} = {33DA7E35-AF5C-2141-AD19-3E4A8EBB850A}
		{922C4AFC-F07A-7B4C-A69D-639D0A82C38D} = {922C4AFC-F07A-7B4C-A69D-639D0A82C38D}
	EndProjectSection
EndProject
Project("{8BC9CEB8-8B4A-11D0-8D11-00A0C91BC942}") = "Test_InverseDynamicsKinematics", "Test_InverseDynamicsKinematics.vcxproj", "{9F611897-FD7C-9641-BC55-2ACD0DCBE139}"
	ProjectSection(ProjectDependencies) = postProject
		{CAE99801-7F20-EE4D-9A9D-B984FA23406C} = {CAE99801-7F20-EE4D-9A9D-B984FA23406C}
		{0A6C32C3-B046-8E4E-99D0-98E373499FA6} = {0A6C32C3-B046-8E4E-99D0-98E373499FA6}
		{F1DB26CF-DF4C-7C49-BFC9-E90F32EEA297} = {F1DB26CF-DF4C-7C49-BFC9-E90F32EEA297}
		{33DA7E35-AF5C-2141-AD19-3E4A8EBB850A} = {33DA7E35-AF5C-2141-AD19-3E4A8EBB850A}
		{922C4AFC-F07A-7B4C-A69D-639D0A82C38D} = {922C4AFC-F07A-7B4C-A69D-639D0A82C38D}
	EndProjectSection
EndProject
Project("{8BC9CEB8-8B4A-11D0-8D11-00A0C91BC942}") = "Test_InverseDynamicsJacobian", "Test_InverseDynamicsJacobian.vcxproj", "{6F0EEA37-11C3-824E-9498-8519664EC2B0}"
	ProjectSection(ProjectDependencies) = postProject
		{CAE99801-7F20-EE4D-9A9D-B984FA23406C} = {CAE99801-7F20-EE4D-9A9D-B984FA23406C}
		{0A6C32C3-B046-8E4E-99D0-98E373499FA6} = {0A6C32C3-B046-8E4E-99D0-98E373499FA6}
		{F1DB26CF-DF4C-7C49-BFC9-E90F32EEA297} = {F1DB26CF-DF4C-7C49-BFC9-E90F32EEA297}
		{33DA7E35-AF5C-2141-AD19-3E4A8EBB850A} = {33DA7E35-AF5C-2141-AD19-3E4A8EBB850A}
		{922C4AFC-F07A-7B4C-A69D-639D0A82C38D} = {922C4AFC-F07A-7B4C-A69D-639D0A82C38D}
	EndProjectSection
EndProject
Project("{8BC9CEB8-8B4A-11D0-8D11-00A0C91BC942}") = "Test_InverseForwardDynamics", "Test_InverseForwardDynamics.vcxproj", "{C6EB731D-00D7-F34C-9D1C-E1F48D405F29}"
	ProjectSection(ProjectDependencies) = postProject
		{3D3895C4-DFFB-C045-B3E5-2EF9343BAD09} = {3D3895C4-DFFB-C045-B3E5-2EF9343BAD09}
		{B545FF25-A68B-474B-8887-3B7FDBB24A0F} = {B545FF25-A68B-474B-8887-3B7FDBB24A0F}
		{CAE99801-7F20-EE4D-9A9D-B984FA23406C} = {CAE99801-7F20-EE4D-9A9D-B984FA23406C}
		{0A6C32C3-B046-8E4E-99D0-98E373499FA6} = {0A6C32C3-B046-8E4E-99D0-98E373499FA6}
		{F1DB26CF-DF4C-7C49-BFC9-E90F32EEA297} = {F1DB26CF-DF4C-7C49-BFC9-E90F32EEA297}
		{33DA7E35-AF5C-2141-AD19-3E4A8EBB850A} = {33DA7E35-AF5C-2141-AD19-3E4A8EBB850A}
		{922C4AFC-F07A-7B4C-A69D-639D0A82C38D} = {922C4AFC-F07A-7B4C-A69D-639D0A82C38D}
	EndProjectSection
EndProject
Project("{8BC9CEB8-8B4A-11D0-8D11-00A0C91BC942}") = "Test_OpenCL_Bullet3", "Test_OpenCL_Bullet3.vcxproj", "{8495C329-B5C9-BC46-B530-58402AD42E99}"
	ProjectSection(ProjectDependencies) = postProject
		{922C4AFC-F07A-7B4C-A69D-639D0A82C38D} = {922C4AFC-F07A-7B4C-A69D-639D0A82C38D}
		{5FA73662-EABD-B448-AF3E-4F4B9EF1347C} = {5FA73662-EABD-B448-AF3E-4F4B9EF1347C}
		{F1DB26CF-DF4C-7C49-BFC9-E90F32EEA297} = {F1DB26CF-DF4C-7C49-BFC9-E90F32EEA297}
	EndProjectSection
EndProject
Project("{8BC9CEB8-8B4A-11D0-8D11-00A0C91BC942}") = "Test_Gwen_OpenGL", "Test_Gwen_OpenGL.vcxproj", "{4A503387-08B5-EC4D-8213-EEA7D23D52E1}"
	ProjectSection(ProjectDependencies) = postProject
		{2D1EC04D-A89C-0A4B-B67D-D7C94F899A59} = {2D1EC04D-A89C-0A4B-B67D-D7C94F899A59}
	EndProjectSection
EndProject
Project("{8BC9CEB8-8B4A-11D0-8D11-00A0C91BC942}") = "BulletInverseDynamics", "BulletInverseDynamics.vcxproj", "{0A6C32C3-B046-8E4E-99D0-98E373499FA6}"
EndProject
Project("{8BC9CEB8-8B4A-11D0-8D11-00A0C91BC942}") = "BulletSoftBody", "BulletSoftBody.vcxproj", "{D10EAA63-6295-3D44-AF01-4B1EC7C501EE}"
EndProject
Project("{8BC9CEB8-8B4A-11D0-8D11-00A0C91BC942}") = "BulletDynamics", "BulletDynamics.vcxproj", "{3D3895C4-DFFB-C045-B3E5-2EF9343BAD09}"
EndProject
Project("{8BC9CEB8-8B4A-11D0-8D11-00A0C91BC942}") = "BulletCollision", "BulletCollision.vcxproj", "{B545FF25-A68B-474B-8887-3B7FDBB24A0F}"
EndProject
Project("{8BC9CEB8-8B4A-11D0-8D11-00A0C91BC942}") = "LinearMath", "LinearMath.vcxproj", "{33DA7E35-AF5C-2141-AD19-3E4A8EBB850A}"
EndProject
Global
	GlobalSection(SolutionConfigurationPlatforms) = preSolution
		Release|Win32 = Release|Win32
		Release|x64 = Release|x64
		Debug|Win32 = Debug|Win32
		Debug|x64 = Debug|x64
	EndGlobalSection
	GlobalSection(ProjectConfigurationPlatforms) = postSolution
		{03D3684B-406C-4148-9B24-4BB65F1C5EE2}.Release|Win32.ActiveCfg = Release|Win32
		{03D3684B-406C-4148-9B24-4BB65F1C5EE2}.Release|Win32.Build.0 = Release|Win32
		{03D3684B-406C-4148-9B24-4BB65F1C5EE2}.Release|x64.ActiveCfg = Release|x64
		{03D3684B-406C-4148-9B24-4BB65F1C5EE2}.Release|x64.Build.0 = Release|x64
		{03D3684B-406C-4148-9B24-4BB65F1C5EE2}.Debug|Win32.ActiveCfg = Debug|Win32
		{03D3684B-406C-4148-9B24-4BB65F1C5EE2}.Debug|Win32.Build.0 = Debug|Win32
		{03D3684B-406C-4148-9B24-4BB65F1C5EE2}.Debug|x64.ActiveCfg = Debug|x64
		{03D3684B-406C-4148-9B24-4BB65F1C5EE2}.Debug|x64.Build.0 = Debug|x64
		{A499E57A-CA90-194A-8E0D-FDCC2E3AC188}.Release|Win32.ActiveCfg = Release|Win32
		{A499E57A-CA90-194A-8E0D-FDCC2E3AC188}.Release|Win32.Build.0 = Release|Win32
		{A499E57A-CA90-194A-8E0D-FDCC2E3AC188}.Release|x64.ActiveCfg = Release|x64
		{A499E57A-CA90-194A-8E0D-FDCC2E3AC188}.Release|x64.Build.0 = Release|x64
		{A499E57A-CA90-194A-8E0D-FDCC2E3AC188}.Debug|Win32.ActiveCfg = Debug|Win32
		{A499E57A-CA90-194A-8E0D-FDCC2E3AC188}.Debug|Win32.Build.0 = Debug|Win32
		{A499E57A-CA90-194A-8E0D-FDCC2E3AC188}.Debug|x64.ActiveCfg = Debug|x64
		{A499E57A-CA90-194A-8E0D-FDCC2E3AC188}.Debug|x64.Build.0 = Debug|x64
		{468C0D39-B8AD-0A42-BEEB-42A8CE68B326}.Release|Win32.ActiveCfg = Release|Win32
		{468C0D39-B8AD-0A42-BEEB-42A8CE68B326}.Release|Win32.Build.0 = Release|Win32
		{468C0D39-B8AD-0A42-BEEB-42A8CE68B326}.Release|x64.ActiveCfg = Release|x64
		{468C0D39-B8AD-0A42-BEEB-42A8CE68B326}.Release|x64.Build.0 = Release|x64
		{468C0D39-B8AD-0A42-BEEB-42A8CE68B326}.Debug|Win32.ActiveCfg = Debug|Win32
		{468C0D39-B8AD-0A42-BEEB-42A8CE68B326}.Debug|Win32.Build.0 = Debug|Win32
		{468C0D39-B8AD-0A42-BEEB-42A8CE68B326}.Debug|x64.ActiveCfg = Debug|x64
		{468C0D39-B8AD-0A42-BEEB-42A8CE68B326}.Debug|x64.Build.0 = Debug|x64
		{BF766D35-19FE-024E-8E9F-973DEB201C1E}.Release|Win32.ActiveCfg = Release|Win32
		{BF766D35-19FE-024E-8E9F-973DEB201C1E}.Release|Win32.Build.0 = Release|Win32
		{BF766D35-19FE-024E-8E9F-973DEB201C1E}.Release|x64.ActiveCfg = Release|x64
		{BF766D35-19FE-024E-8E9F-973DEB201C1E}.Release|x64.Build.0 = Release|x64
		{BF766D35-19FE-024E-8E9F-973DEB201C1E}.Debug|Win32.ActiveCfg = Debug|Win32
		{BF766D35-19FE-024E-8E9F-973DEB201C1E}.Debug|Win32.Build.0 = Debug|Win32
		{BF766D35-19FE-024E-8E9F-973DEB201C1E}.Debug|x64.ActiveCfg = Debug|x64
		{BF766D35-19FE-024E-8E9F-973DEB201C1E}.Debug|x64.Build.0 = Debug|x64
		{2D1EC04D-A89C-0A4B-B67D-D7C94F899A59}.Release|Win32.ActiveCfg = Release|Win32
		{2D1EC04D-A89C-0A4B-B67D-D7C94F899A59}.Release|Win32.Build.0 = Release|Win32
		{2D1EC04D-A89C-0A4B-B67D-D7C94F899A59}.Release|x64.ActiveCfg = Release|x64
		{2D1EC04D-A89C-0A4B-B67D-D7C94F899A59}.Release|x64.Build.0 = Release|x64
		{2D1EC04D-A89C-0A4B-B67D-D7C94F899A59}.Debug|Win32.ActiveCfg = Debug|Win32
		{2D1EC04D-A89C-0A4B-B67D-D7C94F899A59}.Debug|Win32.Build.0 = Debug|Win32
		{2D1EC04D-A89C-0A4B-B67D-D7C94F899A59}.Debug|x64.ActiveCfg = Debug|x64
		{2D1EC04D-A89C-0A4B-B67D-D7C94F899A59}.Debug|x64.Build.0 = Debug|x64
		{F72A0C59-1835-B545-ABAD-7037AFD30678}.Release|Win32.ActiveCfg = Release|Win32
		{F72A0C59-1835-B545-ABAD-7037AFD30678}.Release|Win32.Build.0 = Release|Win32
		{F72A0C59-1835-B545-ABAD-7037AFD30678}.Release|x64.ActiveCfg = Release|x64
		{F72A0C59-1835-B545-ABAD-7037AFD30678}.Release|x64.Build.0 = Release|x64
		{F72A0C59-1835-B545-ABAD-7037AFD30678}.Debug|Win32.ActiveCfg = Debug|Win32
		{F72A0C59-1835-B545-ABAD-7037AFD30678}.Debug|Win32.Build.0 = Debug|Win32
		{F72A0C59-1835-B545-ABAD-7037AFD30678}.Debug|x64.ActiveCfg = Debug|x64
		{F72A0C59-1835-B545-ABAD-7037AFD30678}.Debug|x64.Build.0 = Debug|x64
		{C54C0F6E-6670-8647-A9BD-A8F0024C64AD}.Release|Win32.ActiveCfg = Release|Win32
		{C54C0F6E-6670-8647-A9BD-A8F0024C64AD}.Release|Win32.Build.0 = Release|Win32
		{C54C0F6E-6670-8647-A9BD-A8F0024C64AD}.Release|x64.ActiveCfg = Release|x64
		{C54C0F6E-6670-8647-A9BD-A8F0024C64AD}.Release|x64.Build.0 = Release|x64
		{C54C0F6E-6670-8647-A9BD-A8F0024C64AD}.Debug|Win32.ActiveCfg = Debug|Win32
		{C54C0F6E-6670-8647-A9BD-A8F0024C64AD}.Debug|Win32.Build.0 = Debug|Win32
		{C54C0F6E-6670-8647-A9BD-A8F0024C64AD}.Debug|x64.ActiveCfg = Debug|x64
		{C54C0F6E-6670-8647-A9BD-A8F0024C64AD}.Debug|x64.Build.0 = Debug|x64
		{0C9A897D-1732-D74D-AFD9-A572B5A1D029}.Release|Win32.ActiveCfg = Release|Win32
		{0C9A897D-1732-D74D-AFD9-A572B5A1D029}.Release|Win32.Build.0 = Release|Win32
		{0C9A897D-1732-D74D-AFD9-A572B5A1D029}.Release|x64.ActiveCfg = Release|x64
		{0C9A897D-1732-D74D-AFD9-A572B5A1D029}.Release|x64.Build.0 = Release|x64
		{0C9A897D-1732-D74D-AFD9-A572B5A1D029}.Debug|Win32.ActiveCfg = Debug|Win32
		{0C9A897D-1732-D74D-AFD9-A572B5A1D029}.Debug|Win32.Build.0 = Debug|Win32
		{0C9A897D-1732-D74D-AFD9-A572B5A1D029}.Debug|x64.ActiveCfg = Debug|x64
		{0C9A897D-1732-D74D-AFD9-A572B5A1D029}.Debug|x64.Build.0 = Debug|x64
		{DE6B3B97-2F27-434C-9414-DDC1386809F4}.Release|Win32.ActiveCfg = Release|Win32
		{DE6B3B97-2F27-434C-9414-DDC1386809F4}.Release|Win32.Build.0 = Release|Win32
		{DE6B3B97-2F27-434C-9414-DDC1386809F4}.Release|x64.ActiveCfg = Release|x64
		{DE6B3B97-2F27-434C-9414-DDC1386809F4}.Release|x64.Build.0 = Release|x64
		{DE6B3B97-2F27-434C-9414-DDC1386809F4}.Debug|Win32.ActiveCfg = Debug|Win32
		{DE6B3B97-2F27-434C-9414-DDC1386809F4}.Debug|Win32.Build.0 = Debug|Win32
		{DE6B3B97-2F27-434C-9414-DDC1386809F4}.Debug|x64.ActiveCfg = Debug|x64
		{DE6B3B97-2F27-434C-9414-DDC1386809F4}.Debug|x64.Build.0 = Debug|x64
		{9FDB26FE-403C-3B44-BEA5-FC87EC897332}.Release|Win32.ActiveCfg = Release|Win32
		{9FDB26FE-403C-3B44-BEA5-FC87EC897332}.Release|Win32.Build.0 = Release|Win32
		{9FDB26FE-403C-3B44-BEA5-FC87EC897332}.Release|x64.ActiveCfg = Release|x64
		{9FDB26FE-403C-3B44-BEA5-FC87EC897332}.Release|x64.Build.0 = Release|x64
		{9FDB26FE-403C-3B44-BEA5-FC87EC897332}.Debug|Win32.ActiveCfg = Debug|Win32
		{9FDB26FE-403C-3B44-BEA5-FC87EC897332}.Debug|Win32.Build.0 = Debug|Win32
		{9FDB26FE-403C-3B44-BEA5-FC87EC897332}.Debug|x64.ActiveCfg = Debug|x64
		{9FDB26FE-403C-3B44-BEA5-FC87EC897332}.Debug|x64.Build.0 = Debug|x64
		{77D3BB9A-0F8E-EF41-ABA0-2B977B75B06A}.Release|Win32.ActiveCfg = Release|Win32
		{77D3BB9A-0F8E-EF41-ABA0-2B977B75B06A}.Release|Win32.Build.0 = Release|Win32
		{77D3BB9A-0F8E-EF41-ABA0-2B977B75B06A}.Release|x64.ActiveCfg = Release|x64
		{77D3BB9A-0F8E-EF41-ABA0-2B977B75B06A}.Release|x64.Build.0 = Release|x64
		{77D3BB9A-0F8E-EF41-ABA0-2B977B75B06A}.Debug|Win32.ActiveCfg = Debug|Win32
		{77D3BB9A-0F8E-EF41-ABA0-2B977B75B06A}.Debug|Win32.Build.0 = Debug|Win32
		{77D3BB9A-0F8E-EF41-ABA0-2B977B75B06A}.Debug|x64.ActiveCfg = Debug|x64
		{77D3BB9A-0F8E-EF41-ABA0-2B977B75B06A}.Debug|x64.Build.0 = Debug|x64
		{3DFC5F1F-C1DC-C34E-B354-31BE552FF078}.Release|Win32.ActiveCfg = Release|Win32
		{3DFC5F1F-C1DC-C34E-B354-31BE552FF078}.Release|Win32.Build.0 = Release|Win32
		{3DFC5F1F-C1DC-C34E-B354-31BE552FF078}.Release|x64.ActiveCfg = Release|x64
		{3DFC5F1F-C1DC-C34E-B354-31BE552FF078}.Release|x64.Build.0 = Release|x64
		{3DFC5F1F-C1DC-C34E-B354-31BE552FF078}.Debug|Win32.ActiveCfg = Debug|Win32
		{3DFC5F1F-C1DC-C34E-B354-31BE552FF078}.Debug|Win32.Build.0 = Debug|Win32
		{3DFC5F1F-C1DC-C34E-B354-31BE552FF078}.Debug|x64.ActiveCfg = Debug|x64
		{3DFC5F1F-C1DC-C34E-B354-31BE552FF078}.Debug|x64.Build.0 = Debug|x64
		{B8782B9A-DB17-F346-A88D-3AC8A75D4C5E}.Release|Win32.ActiveCfg = Release|Win32
		{B8782B9A-DB17-F346-A88D-3AC8A75D4C5E}.Release|Win32.Build.0 = Release|Win32
		{B8782B9A-DB17-F346-A88D-3AC8A75D4C5E}.Release|x64.ActiveCfg = Release|x64
		{B8782B9A-DB17-F346-A88D-3AC8A75D4C5E}.Release|x64.Build.0 = Release|x64
		{B8782B9A-DB17-F346-A88D-3AC8A75D4C5E}.Debug|Win32.ActiveCfg = Debug|Win32
		{B8782B9A-DB17-F346-A88D-3AC8A75D4C5E}.Debug|Win32.Build.0 = Debug|Win32
		{B8782B9A-DB17-F346-A88D-3AC8A75D4C5E}.Debug|x64.ActiveCfg = Debug|x64
		{B8782B9A-DB17-F346-A88D-3AC8A75D4C5E}.Debug|x64.Build.0 = Debug|x64
		{CEC3B25B-9ADD-1F4F-9FB0-694D0F1DCB1D}.Release|Win32.ActiveCfg = Release|Win32
		{CEC3B25B-9ADD-1F4F-9FB0-694D0F1DCB1D}.Release|Win32.Build.0 = Release|Win32
		{CEC3B25B-9ADD-1F4F-9FB0-694D0F1DCB1D}.Release|x64.ActiveCfg = Release|x64
		{CEC3B25B-9ADD-1F4F-9FB0-694D0F1DCB1D}.Release|x64.Build.0 = Release|x64
		{CEC3B25B-9ADD-1F4F-9FB0-694D0F1DCB1D}.Debug|Win32.ActiveCfg = Debug|Win32
		{CEC3B25B-9ADD-1F4F-9FB0-694D0F1DCB1D}.Debug|Win32.Build.0 = Debug|Win32
		{CEC3B25B-9ADD-1F4F-9FB0-694D0F1DCB1D}.Debug|x64.ActiveCfg = Debug|x64
		{CEC3B25B-9ADD-1F4F-9FB0-694D0F1DCB1D}.Debug|x64.Build.0 = Debug|x64
		{390DB130-B7A1-AE44-AA20-0FA8F542D9D0}.Release|Win32.ActiveCfg = Release|Win32
		{390DB130-B7A1-AE44-AA20-0FA8F542D9D0}.Release|Win32.Build.0 = Release|Win32
		{390DB130-B7A1-AE44-AA20-0FA8F542D9D0}.Release|x64.ActiveCfg = Release|x64
		{390DB130-B7A1-AE44-AA20-0FA8F542D9D0}.Release|x64.Build.0 = Release|x64
		{390DB130-B7A1-AE44-AA20-0FA8F542D9D0}.Debug|Win32.ActiveCfg = Debug|Win32
		{390DB130-B7A1-AE44-AA20-0FA8F542D9D0}.Debug|Win32.Build.0 = Debug|Win32
		{390DB130-B7A1-AE44-AA20-0FA8F542D9D0}.Debug|x64.ActiveCfg = Debug|x64
		{390DB130-B7A1-AE44-AA20-0FA8F542D9D0}.Debug|x64.Build.0 = Debug|x64
		{A9DC9685-88C1-EE48-A76A-2EF00ACA2784}.Release|Win32.ActiveCfg = Release|Win32
		{A9DC9685-88C1-EE48-A76A-2EF00ACA2784}.Release|Win32.Build.0 = Release|Win32
		{A9DC9685-88C1-EE48-A76A-2EF00ACA2784}.Release|x64.ActiveCfg = Release|x64
		{A9DC9685-88C1-EE48-A76A-2EF00ACA2784}.Release|x64.Build.0 = Release|x64
		{A9DC9685-88C1-EE48-A76A-2EF00ACA2784}.Debug|Win32.ActiveCfg = Debug|Win32
		{A9DC9685-88C1-EE48-A76A-2EF00ACA2784}.Debug|Win32.Build.0 = Debug|Win32
		{A9DC9685-88C1-EE48-A76A-2EF00ACA2784}.Debug|x64.ActiveCfg = Debug|x64
		{A9DC9685-88C1-EE48-A76A-2EF00ACA2784}.Debug|x64.Build.0 = Debug|x64
		{5E67015C-717F-E345-8CFB-24381F68E06A}.Release|Win32.ActiveCfg = Release|Win32
		{5E67015C-717F-E345-8CFB-24381F68E06A}.Release|Win32.Build.0 = Release|Win32
		{5E67015C-717F-E345-8CFB-24381F68E06A}.Release|x64.ActiveCfg = Release|x64
		{5E67015C-717F-E345-8CFB-24381F68E06A}.Release|x64.Build.0 = Release|x64
		{5E67015C-717F-E345-8CFB-24381F68E06A}.Debug|Win32.ActiveCfg = Debug|Win32
		{5E67015C-717F-E345-8CFB-24381F68E06A}.Debug|Win32.Build.0 = Debug|Win32
		{5E67015C-717F-E345-8CFB-24381F68E06A}.Debug|x64.ActiveCfg = Debug|x64
		{5E67015C-717F-E345-8CFB-24381F68E06A}.Debug|x64.Build.0 = Debug|x64
		{4C2A2EC0-17A5-5742-B026-2554E07EF9F8}.Release|Win32.ActiveCfg = Release|Win32
		{4C2A2EC0-17A5-5742-B026-2554E07EF9F8}.Release|Win32.Build.0 = Release|Win32
		{4C2A2EC0-17A5-5742-B026-2554E07EF9F8}.Release|x64.ActiveCfg = Release|x64
		{4C2A2EC0-17A5-5742-B026-2554E07EF9F8}.Release|x64.Build.0 = Release|x64
		{4C2A2EC0-17A5-5742-B026-2554E07EF9F8}.Debug|Win32.ActiveCfg = Debug|Win32
		{4C2A2EC0-17A5-5742-B026-2554E07EF9F8}.Debug|Win32.Build.0 = Debug|Win32
		{4C2A2EC0-17A5-5742-B026-2554E07EF9F8}.Debug|x64.ActiveCfg = Debug|x64
		{4C2A2EC0-17A5-5742-B026-2554E07EF9F8}.Debug|x64.Build.0 = Debug|x64
		{BE908F2E-DB96-AC4C-BAC3-A2A65E950687}.Release|Win32.ActiveCfg = Release|Win32
		{BE908F2E-DB96-AC4C-BAC3-A2A65E950687}.Release|Win32.Build.0 = Release|Win32
		{BE908F2E-DB96-AC4C-BAC3-A2A65E950687}.Release|x64.ActiveCfg = Release|x64
		{BE908F2E-DB96-AC4C-BAC3-A2A65E950687}.Release|x64.Build.0 = Release|x64
		{BE908F2E-DB96-AC4C-BAC3-A2A65E950687}.Debug|Win32.ActiveCfg = Debug|Win32
		{BE908F2E-DB96-AC4C-BAC3-A2A65E950687}.Debug|Win32.Build.0 = Debug|Win32
		{BE908F2E-DB96-AC4C-BAC3-A2A65E950687}.Debug|x64.ActiveCfg = Debug|x64
		{BE908F2E-DB96-AC4C-BAC3-A2A65E950687}.Debug|x64.Build.0 = Debug|x64
		{3BEDA3C8-0BEA-644E-ADAE-A668F1278EEB}.Release|Win32.ActiveCfg = Release|Win32
		{3BEDA3C8-0BEA-644E-ADAE-A668F1278EEB}.Release|Win32.Build.0 = Release|Win32
		{3BEDA3C8-0BEA-644E-ADAE-A668F1278EEB}.Release|x64.ActiveCfg = Release|x64
		{3BEDA3C8-0BEA-644E-ADAE-A668F1278EEB}.Release|x64.Build.0 = Release|x64
		{3BEDA3C8-0BEA-644E-ADAE-A668F1278EEB}.Debug|Win32.ActiveCfg = Debug|Win32
		{3BEDA3C8-0BEA-644E-ADAE-A668F1278EEB}.Debug|Win32.Build.0 = Debug|Win32
		{3BEDA3C8-0BEA-644E-ADAE-A668F1278EEB}.Debug|x64.ActiveCfg = Debug|x64
		{3BEDA3C8-0BEA-644E-ADAE-A668F1278EEB}.Debug|x64.Build.0 = Debug|x64
		{88DD4380-342F-9347-9EB0-54CA590036D6}.Release|Win32.ActiveCfg = Release|Win32
		{88DD4380-342F-9347-9EB0-54CA590036D6}.Release|Win32.Build.0 = Release|Win32
		{88DD4380-342F-9347-9EB0-54CA590036D6}.Release|x64.ActiveCfg = Release|x64
		{88DD4380-342F-9347-9EB0-54CA590036D6}.Release|x64.Build.0 = Release|x64
		{88DD4380-342F-9347-9EB0-54CA590036D6}.Debug|Win32.ActiveCfg = Debug|Win32
		{88DD4380-342F-9347-9EB0-54CA590036D6}.Debug|Win32.Build.0 = Debug|Win32
		{88DD4380-342F-9347-9EB0-54CA590036D6}.Debug|x64.ActiveCfg = Debug|x64
		{88DD4380-342F-9347-9EB0-54CA590036D6}.Debug|x64.Build.0 = Debug|x64
		{FBBEDF2C-71D5-EE42-8456-103242189E02}.Release|Win32.ActiveCfg = Release|Win32
		{FBBEDF2C-71D5-EE42-8456-103242189E02}.Release|Win32.Build.0 = Release|Win32
		{FBBEDF2C-71D5-EE42-8456-103242189E02}.Release|x64.ActiveCfg = Release|x64
		{FBBEDF2C-71D5-EE42-8456-103242189E02}.Release|x64.Build.0 = Release|x64
		{FBBEDF2C-71D5-EE42-8456-103242189E02}.Debug|Win32.ActiveCfg = Debug|Win32
		{FBBEDF2C-71D5-EE42-8456-103242189E02}.Debug|Win32.Build.0 = Debug|Win32
		{FBBEDF2C-71D5-EE42-8456-103242189E02}.Debug|x64.ActiveCfg = Debug|x64
		{FBBEDF2C-71D5-EE42-8456-103242189E02}.Debug|x64.Build.0 = Debug|x64
		{D7CCE387-297F-7D46-A768-B0F924B9BB26}.Release|Win32.ActiveCfg = Release|Win32
		{D7CCE387-297F-7D46-A768-B0F924B9BB26}.Release|Win32.Build.0 = Release|Win32
		{D7CCE387-297F-7D46-A768-B0F924B9BB26}.Release|x64.ActiveCfg = Release|x64
		{D7CCE387-297F-7D46-A768-B0F924B9BB26}.Release|x64.Build.0 = Release|x64
		{D7CCE387-297F-7D46-A768-B0F924B9BB26}.Debug|Win32.ActiveCfg = Debug|Win32
		{D7CCE387-297F-7D46-A768-B0F924B9BB26}.Debug|Win32.Build.0 = Debug|Win32
		{D7CCE387-297F-7D46-A768-B0F924B9BB26}.Debug|x64.ActiveCfg = Debug|x64
		{D7CCE387-297F-7D46-A768-B0F924B9BB26}.Debug|x64.Build.0 = Debug|x64
		{AEE24497-D40C-9C46-AFD5-D161CF2D49BF}.Release|Win32.ActiveCfg = Release|Win32
		{AEE24497-D40C-9C46-AFD5-D161CF2D49BF}.Release|Win32.Build.0 = Release|Win32
		{AEE24497-D40C-9C46-AFD5-D161CF2D49BF}.Release|x64.ActiveCfg = Release|x64
		{AEE24497-D40C-9C46-AFD5-D161CF2D49BF}.Release|x64.Build.0 = Release|x64
		{AEE24497-D40C-9C46-AFD5-D161CF2D49BF}.Debug|Win32.ActiveCfg = Debug|Win32
		{AEE24497-D40C-9C46-AFD5-D161CF2D49BF}.Debug|Win32.Build.0 = Debug|Win32
		{AEE24497-D40C-9C46-AFD5-D161CF2D49BF}.Debug|x64.ActiveCfg = Debug|x64
		{AEE24497-D40C-9C46-AFD5-D161CF2D49BF}.Debug|x64.Build.0 = Debug|x64
		{C3C5C6D7-6A1C-6144-9AFD-F49AF3EE77A1}.Release|Win32.ActiveCfg = Release|Win32
		{C3C5C6D7-6A1C-6144-9AFD-F49AF3EE77A1}.Release|Win32.Build.0 = Release|Win32
		{C3C5C6D7-6A1C-6144-9AFD-F49AF3EE77A1}.Release|x64.ActiveCfg = Release|x64
		{C3C5C6D7-6A1C-6144-9AFD-F49AF3EE77A1}.Release|x64.Build.0 = Release|x64
		{C3C5C6D7-6A1C-6144-9AFD-F49AF3EE77A1}.Debug|Win32.ActiveCfg = Debug|Win32
		{C3C5C6D7-6A1C-6144-9AFD-F49AF3EE77A1}.Debug|Win32.Build.0 = Debug|Win32
		{C3C5C6D7-6A1C-6144-9AFD-F49AF3EE77A1}.Debug|x64.ActiveCfg = Debug|x64
		{C3C5C6D7-6A1C-6144-9AFD-F49AF3EE77A1}.Debug|x64.Build.0 = Debug|x64
		{4654E08C-68AB-8549-ACB9-1B24B709D7F2}.Release|Win32.ActiveCfg = Release|Win32
		{4654E08C-68AB-8549-ACB9-1B24B709D7F2}.Release|Win32.Build.0 = Release|Win32
		{4654E08C-68AB-8549-ACB9-1B24B709D7F2}.Release|x64.ActiveCfg = Release|x64
		{4654E08C-68AB-8549-ACB9-1B24B709D7F2}.Release|x64.Build.0 = Release|x64
		{4654E08C-68AB-8549-ACB9-1B24B709D7F2}.Debug|Win32.ActiveCfg = Debug|Win32
		{4654E08C-68AB-8549-ACB9-1B24B709D7F2}.Debug|Win32.Build.0 = Debug|Win32
		{4654E08C-68AB-8549-ACB9-1B24B709D7F2}.Debug|x64.ActiveCfg = Debug|x64
		{4654E08C-68AB-8549-ACB9-1B24B709D7F2}.Debug|x64.Build.0 = Debug|x64
		{45C47A4E-065F-9542-8FDD-164440FF1FAA}.Release|Win32.ActiveCfg = Release|Win32
		{45C47A4E-065F-9542-8FDD-164440FF1FAA}.Release|Win32.Build.0 = Release|Win32
		{45C47A4E-065F-9542-8FDD-164440FF1FAA}.Release|x64.ActiveCfg = Release|x64
		{45C47A4E-065F-9542-8FDD-164440FF1FAA}.Release|x64.Build.0 = Release|x64
		{45C47A4E-065F-9542-8FDD-164440FF1FAA}.Debug|Win32.ActiveCfg = Debug|Win32
		{45C47A4E-065F-9542-8FDD-164440FF1FAA}.Debug|Win32.Build.0 = Debug|Win32
		{45C47A4E-065F-9542-8FDD-164440FF1FAA}.Debug|x64.ActiveCfg = Debug|x64
		{45C47A4E-065F-9542-8FDD-164440FF1FAA}.Debug|x64.Build.0 = Debug|x64
		{FEB140C8-D735-4E4A-9D02-EFD5B6E53D71}.Release|Win32.ActiveCfg = Release|Win32
		{FEB140C8-D735-4E4A-9D02-EFD5B6E53D71}.Release|Win32.Build.0 = Release|Win32
		{FEB140C8-D735-4E4A-9D02-EFD5B6E53D71}.Release|x64.ActiveCfg = Release|x64
		{FEB140C8-D735-4E4A-9D02-EFD5B6E53D71}.Release|x64.Build.0 = Release|x64
		{FEB140C8-D735-4E4A-9D02-EFD5B6E53D71}.Debug|Win32.ActiveCfg = Debug|Win32
		{FEB140C8-D735-4E4A-9D02-EFD5B6E53D71}.Debug|Win32.Build.0 = Debug|Win32
		{FEB140C8-D735-4E4A-9D02-EFD5B6E53D71}.Debug|x64.ActiveCfg = Debug|x64
		{FEB140C8-D735-4E4A-9D02-EFD5B6E53D71}.Debug|x64.Build.0 = Debug|x64
		{1A41464A-3604-D74F-A63B-E6587DEA441D}.Release|Win32.ActiveCfg = Release|Win32
		{1A41464A-3604-D74F-A63B-E6587DEA441D}.Release|Win32.Build.0 = Release|Win32
		{1A41464A-3604-D74F-A63B-E6587DEA441D}.Release|x64.ActiveCfg = Release|x64
		{1A41464A-3604-D74F-A63B-E6587DEA441D}.Release|x64.Build.0 = Release|x64
		{1A41464A-3604-D74F-A63B-E6587DEA441D}.Debug|Win32.ActiveCfg = Debug|Win32
		{1A41464A-3604-D74F-A63B-E6587DEA441D}.Debug|Win32.Build.0 = Debug|Win32
		{1A41464A-3604-D74F-A63B-E6587DEA441D}.Debug|x64.ActiveCfg = Debug|x64
		{1A41464A-3604-D74F-A63B-E6587DEA441D}.Debug|x64.Build.0 = Debug|x64
		{0D8BB38C-EDDD-2741-849E-639532B5DAF1}.Release|Win32.ActiveCfg = Release|Win32
		{0D8BB38C-EDDD-2741-849E-639532B5DAF1}.Release|Win32.Build.0 = Release|Win32
		{0D8BB38C-EDDD-2741-849E-639532B5DAF1}.Release|x64.ActiveCfg = Release|x64
		{0D8BB38C-EDDD-2741-849E-639532B5DAF1}.Release|x64.Build.0 = Release|x64
		{0D8BB38C-EDDD-2741-849E-639532B5DAF1}.Debug|Win32.ActiveCfg = Debug|Win32
		{0D8BB38C-EDDD-2741-849E-639532B5DAF1}.Debug|Win32.Build.0 = Debug|Win32
		{0D8BB38C-EDDD-2741-849E-639532B5DAF1}.Debug|x64.ActiveCfg = Debug|x64
		{0D8BB38C-EDDD-2741-849E-639532B5DAF1}.Debug|x64.Build.0 = Debug|x64
		{F1DB26CF-DF4C-7C49-BFC9-E90F32EEA297}.Release|Win32.ActiveCfg = Release|Win32
		{F1DB26CF-DF4C-7C49-BFC9-E90F32EEA297}.Release|Win32.Build.0 = Release|Win32
		{F1DB26CF-DF4C-7C49-BFC9-E90F32EEA297}.Release|x64.ActiveCfg = Release|x64
		{F1DB26CF-DF4C-7C49-BFC9-E90F32EEA297}.Release|x64.Build.0 = Release|x64
		{F1DB26CF-DF4C-7C49-BFC9-E90F32EEA297}.Debug|Win32.ActiveCfg = Debug|Win32
		{F1DB26CF-DF4C-7C49-BFC9-E90F32EEA297}.Debug|Win32.Build.0 = Debug|Win32
		{F1DB26CF-DF4C-7C49-BFC9-E90F32EEA297}.Debug|x64.ActiveCfg = Debug|x64
		{F1DB26CF-DF4C-7C49-BFC9-E90F32EEA297}.Debug|x64.Build.0 = Debug|x64
		{7F00489A-5CD8-AB41-AE23-9C26E1D916C4}.Release|Win32.ActiveCfg = Release|Win32
		{7F00489A-5CD8-AB41-AE23-9C26E1D916C4}.Release|Win32.Build.0 = Release|Win32
		{7F00489A-5CD8-AB41-AE23-9C26E1D916C4}.Release|x64.ActiveCfg = Release|x64
		{7F00489A-5CD8-AB41-AE23-9C26E1D916C4}.Release|x64.Build.0 = Release|x64
		{7F00489A-5CD8-AB41-AE23-9C26E1D916C4}.Debug|Win32.ActiveCfg = Debug|Win32
		{7F00489A-5CD8-AB41-AE23-9C26E1D916C4}.Debug|Win32.Build.0 = Debug|Win32
		{7F00489A-5CD8-AB41-AE23-9C26E1D916C4}.Debug|x64.ActiveCfg = Debug|x64
		{7F00489A-5CD8-AB41-AE23-9C26E1D916C4}.Debug|x64.Build.0 = Debug|x64
		{F965A1F2-510D-5A44-B709-7BC1197E1C06}.Release|Win32.ActiveCfg = Release|Win32
		{F965A1F2-510D-5A44-B709-7BC1197E1C06}.Release|Win32.Build.0 = Release|Win32
		{F965A1F2-510D-5A44-B709-7BC1197E1C06}.Release|x64.ActiveCfg = Release|x64
		{F965A1F2-510D-5A44-B709-7BC1197E1C06}.Release|x64.Build.0 = Release|x64
		{F965A1F2-510D-5A44-B709-7BC1197E1C06}.Debug|Win32.ActiveCfg = Debug|Win32
		{F965A1F2-510D-5A44-B709-7BC1197E1C06}.Debug|Win32.Build.0 = Debug|Win32
		{F965A1F2-510D-5A44-B709-7BC1197E1C06}.Debug|x64.ActiveCfg = Debug|x64
		{F965A1F2-510D-5A44-B709-7BC1197E1C06}.Debug|x64.Build.0 = Debug|x64
		{E2165CF2-84B0-AB4F-A9F6-B918B0357FEE}.Release|Win32.ActiveCfg = Release|Win32
		{E2165CF2-84B0-AB4F-A9F6-B918B0357FEE}.Release|Win32.Build.0 = Release|Win32
		{E2165CF2-84B0-AB4F-A9F6-B918B0357FEE}.Release|x64.ActiveCfg = Release|x64
		{E2165CF2-84B0-AB4F-A9F6-B918B0357FEE}.Release|x64.Build.0 = Release|x64
		{E2165CF2-84B0-AB4F-A9F6-B918B0357FEE}.Debug|Win32.ActiveCfg = Debug|Win32
		{E2165CF2-84B0-AB4F-A9F6-B918B0357FEE}.Debug|Win32.Build.0 = Debug|Win32
		{E2165CF2-84B0-AB4F-A9F6-B918B0357FEE}.Debug|x64.ActiveCfg = Debug|x64
		{E2165CF2-84B0-AB4F-A9F6-B918B0357FEE}.Debug|x64.Build.0 = Debug|x64
		{5FA73662-EABD-B448-AF3E-4F4B9EF1347C}.Release|Win32.ActiveCfg = Release|Win32
		{5FA73662-EABD-B448-AF3E-4F4B9EF1347C}.Release|Win32.Build.0 = Release|Win32
		{5FA73662-EABD-B448-AF3E-4F4B9EF1347C}.Release|x64.ActiveCfg = Release|x64
		{5FA73662-EABD-B448-AF3E-4F4B9EF1347C}.Release|x64.Build.0 = Release|x64
		{5FA73662-EABD-B448-AF3E-4F4B9EF1347C}.Debug|Win32.ActiveCfg = Debug|Win32
		{5FA73662-EABD-B448-AF3E-4F4B9EF1347C}.Debug|Win32.Build.0 = Debug|Win32
		{5FA73662-EABD-B448-AF3E-4F4B9EF1347C}.Debug|x64.ActiveCfg = Debug|x64
		{5FA73662-EABD-B448-AF3E-4F4B9EF1347C}.Debug|x64.Build.0 = Debug|x64
		{2B70F3E9-36C5-574E-99E1-7E72F66357EB}.Release|Win32.ActiveCfg = Release|Win32
		{2B70F3E9-36C5-574E-99E1-7E72F66357EB}.Release|Win32.Build.0 = Release|Win32
		{2B70F3E9-36C5-574E-99E1-7E72F66357EB}.Release|x64.ActiveCfg = Release|x64
		{2B70F3E9-36C5-574E-99E1-7E72F66357EB}.Release|x64.Build.0 = Release|x64
		{2B70F3E9-36C5-574E-99E1-7E72F66357EB}.Debug|Win32.ActiveCfg = Debug|Win32
		{2B70F3E9-36C5-574E-99E1-7E72F66357EB}.Debug|Win32.Build.0 = Debug|Win32
		{2B70F3E9-36C5-574E-99E1-7E72F66357EB}.Debug|x64.ActiveCfg = Debug|x64
		{2B70F3E9-36C5-574E-99E1-7E72F66357EB}.Debug|x64.Build.0 = Debug|x64
		{135E394F-86B2-9340-A78E-E2DFB73640F3}.Release|Win32.ActiveCfg = Release|Win32
		{135E394F-86B2-9340-A78E-E2DFB73640F3}.Release|Win32.Build.0 = Release|Win32
		{135E394F-86B2-9340-A78E-E2DFB73640F3}.Release|x64.ActiveCfg = Release|x64
		{135E394F-86B2-9340-A78E-E2DFB73640F3}.Release|x64.Build.0 = Release|x64
		{135E394F-86B2-9340-A78E-E2DFB73640F3}.Debug|Win32.ActiveCfg = Debug|Win32
		{135E394F-86B2-9340-A78E-E2DFB73640F3}.Debug|Win32.Build.0 = Debug|Win32
		{135E394F-86B2-9340-A78E-E2DFB73640F3}.Debug|x64.ActiveCfg = Debug|x64
		{135E394F-86B2-9340-A78E-E2DFB73640F3}.Debug|x64.Build.0 = Debug|x64
		{DBC10B5A-7768-3C4F-8092-132E458063BC}.Release|Win32.ActiveCfg = Release|Win32
		{DBC10B5A-7768-3C4F-8092-132E458063BC}.Release|Win32.Build.0 = Release|Win32
		{DBC10B5A-7768-3C4F-8092-132E458063BC}.Release|x64.ActiveCfg = Release|x64
		{DBC10B5A-7768-3C4F-8092-132E458063BC}.Release|x64.Build.0 = Release|x64
		{DBC10B5A-7768-3C4F-8092-132E458063BC}.Debug|Win32.ActiveCfg = Debug|Win32
		{DBC10B5A-7768-3C4F-8092-132E458063BC}.Debug|Win32.Build.0 = Debug|Win32
		{DBC10B5A-7768-3C4F-8092-132E458063BC}.Debug|x64.ActiveCfg = Debug|x64
		{DBC10B5A-7768-3C4F-8092-132E458063BC}.Debug|x64.Build.0 = Debug|x64
		{2ABF0AB9-0666-9A43-A1F2-9906577AC545}.Release|Win32.ActiveCfg = Release|Win32
		{2ABF0AB9-0666-9A43-A1F2-9906577AC545}.Release|Win32.Build.0 = Release|Win32
		{2ABF0AB9-0666-9A43-A1F2-9906577AC545}.Release|x64.ActiveCfg = Release|x64
		{2ABF0AB9-0666-9A43-A1F2-9906577AC545}.Release|x64.Build.0 = Release|x64
		{2ABF0AB9-0666-9A43-A1F2-9906577AC545}.Debug|Win32.ActiveCfg = Debug|Win32
		{2ABF0AB9-0666-9A43-A1F2-9906577AC545}.Debug|Win32.Build.0 = Debug|Win32
		{2ABF0AB9-0666-9A43-A1F2-9906577AC545}.Debug|x64.ActiveCfg = Debug|x64
		{2ABF0AB9-0666-9A43-A1F2-9906577AC545}.Debug|x64.Build.0 = Debug|x64
		{2CF75071-EED7-4247-9D29-EE37DFD5FCA7}.Release|Win32.ActiveCfg = Release|Win32
		{2CF75071-EED7-4247-9D29-EE37DFD5FCA7}.Release|Win32.Build.0 = Release|Win32
		{2CF75071-EED7-4247-9D29-EE37DFD5FCA7}.Release|x64.ActiveCfg = Release|x64
		{2CF75071-EED7-4247-9D29-EE37DFD5FCA7}.Release|x64.Build.0 = Release|x64
		{2CF75071-EED7-4247-9D29-EE37DFD5FCA7}.Debug|Win32.ActiveCfg = Debug|Win32
		{2CF75071-EED7-4247-9D29-EE37DFD5FCA7}.Debug|Win32.Build.0 = Debug|Win32
		{2CF75071-EED7-4247-9D29-EE37DFD5FCA7}.Debug|x64.ActiveCfg = Debug|x64
		{2CF75071-EED7-4247-9D29-EE37DFD5FCA7}.Debug|x64.Build.0 = Debug|x64
		{CAE99801-7F20-EE4D-9A9D-B984FA23406C}.Release|Win32.ActiveCfg = Release|Win32
		{CAE99801-7F20-EE4D-9A9D-B984FA23406C}.Release|Win32.Build.0 = Release|Win32
		{CAE99801-7F20-EE4D-9A9D-B984FA23406C}.Release|x64.ActiveCfg = Release|x64
		{CAE99801-7F20-EE4D-9A9D-B984FA23406C}.Release|x64.Build.0 = Release|x64
		{CAE99801-7F20-EE4D-9A9D-B984FA23406C}.Debug|Win32.ActiveCfg = Debug|Win32
		{CAE99801-7F20-EE4D-9A9D-B984FA23406C}.Debug|Win32.Build.0 = Debug|Win32
		{CAE99801-7F20-EE4D-9A9D-B984FA23406C}.Debug|x64.ActiveCfg = Debug|x64
		{CAE99801-7F20-EE4D-9A9D-B984FA23406C}.Debug|x64.Build.0 = Debug|x64
		{E9200563-8BC0-3443-BB2A-2ED0CAE1963A}.Release|Win32.ActiveCfg = Release|Win32
		{E9200563-8BC0-3443-BB2A-2ED0CAE1963A}.Release|Win32.Build.0 = Release|Win32
		{E9200563-8BC0-3443-BB2A-2ED0CAE1963A}.Release|x64.ActiveCfg = Release|x64
		{E9200563-8BC0-3443-BB2A-2ED0CAE1963A}.Release|x64.Build.0 = Release|x64
		{E9200563-8BC0-3443-BB2A-2ED0CAE1963A}.Debug|Win32.ActiveCfg = Debug|Win32
		{E9200563-8BC0-3443-BB2A-2ED0CAE1963A}.Debug|Win32.Build.0 = Debug|Win32
		{E9200563-8BC0-3443-BB2A-2ED0CAE1963A}.Debug|x64.ActiveCfg = Debug|x64
		{E9200563-8BC0-3443-BB2A-2ED0CAE1963A}.Debug|x64.Build.0 = Debug|x64
		{D5D21128-EDB1-904F-977F-CD57F6A78F40}.Release|Win32.ActiveCfg = Release|Win32
		{D5D21128-EDB1-904F-977F-CD57F6A78F40}.Release|Win32.Build.0 = Release|Win32
		{D5D21128-EDB1-904F-977F-CD57F6A78F40}.Release|x64.ActiveCfg = Release|x64
		{D5D21128-EDB1-904F-977F-CD57F6A78F40}.Release|x64.Build.0 = Release|x64
		{D5D21128-EDB1-904F-977F-CD57F6A78F40}.Debug|Win32.ActiveCfg = Debug|Win32
		{D5D21128-EDB1-904F-977F-CD57F6A78F40}.Debug|Win32.Build.0 = Debug|Win32
		{D5D21128-EDB1-904F-977F-CD57F6A78F40}.Debug|x64.ActiveCfg = Debug|x64
		{D5D21128-EDB1-904F-977F-CD57F6A78F40}.Debug|x64.Build.0 = Debug|x64
		{8C58E926-D78C-664C-8E97-903A9C6024BD}.Release|Win32.ActiveCfg = Release|Win32
		{8C58E926-D78C-664C-8E97-903A9C6024BD}.Release|Win32.Build.0 = Release|Win32
		{8C58E926-D78C-664C-8E97-903A9C6024BD}.Release|x64.ActiveCfg = Release|x64
		{8C58E926-D78C-664C-8E97-903A9C6024BD}.Release|x64.Build.0 = Release|x64
		{8C58E926-D78C-664C-8E97-903A9C6024BD}.Debug|Win32.ActiveCfg = Debug|Win32
		{8C58E926-D78C-664C-8E97-903A9C6024BD}.Debug|Win32.Build.0 = Debug|Win32
		{8C58E926-D78C-664C-8E97-903A9C6024BD}.Debug|x64.ActiveCfg = Debug|x64
		{8C58E926-D78C-664C-8E97-903A9C6024BD}.Debug|x64.Build.0 = Debug|x64
		{A6E91117-760E-9743-A39D-FB7873F7888F}.Release|Win32.ActiveCfg = Release|Win32
		{A6E91117-760E-9743-A39D-FB7873F7888F}.Release|Win32.Build.0 = Release|Win32
		{A6E91117-760E-9743-A39D-FB7873F7888F}.Release|x64.ActiveCfg = Release|x64
		{A6E91117-760E-9743-A39D-FB7873F7888F}.Release|x64.Build.0 = Release|x64
		{A6E91117-760E-9743-A39D-FB7873F7888F}.Debug|Win32.ActiveCfg = Debug|Win32
		{A6E91117-760E-9743-A39D-FB7873F7888F}.Debug|Win32.Build.0 = Debug|Win32
		{A6E91117-760E-9743-A39D-FB7873F7888F}.Debug|x64.ActiveCfg = Debug|x64
		{A6E91117-760E-9743-A39D-FB7873F7888F}.Debug|x64.Build.0 = Debug|x64
		{90835C29-0154-3F45-9C42-3D8DC18DA49E}.Release|Win32.ActiveCfg = Release|Win32
		{90835C29-0154-3F45-9C42-3D8DC18DA49E}.Release|Win32.Build.0 = Release|Win32
		{90835C29-0154-3F45-9C42-3D8DC18DA49E}.Release|x64.ActiveCfg = Release|x64
		{90835C29-0154-3F45-9C42-3D8DC18DA49E}.Release|x64.Build.0 = Release|x64
		{90835C29-0154-3F45-9C42-3D8DC18DA49E}.Debug|Win32.ActiveCfg = Debug|Win32
		{90835C29-0154-3F45-9C42-3D8DC18DA49E}.Debug|Win32.Build.0 = Debug|Win32
		{90835C29-0154-3F45-9C42-3D8DC18DA49E}.Debug|x64.ActiveCfg = Debug|x64
		{90835C29-0154-3F45-9C42-3D8DC18DA49E}.Debug|x64.Build.0 = Debug|x64
		{922C4AFC-F07A-7B4C-A69D-639D0A82C38D}.Release|Win32.ActiveCfg = Release|Win32
		{922C4AFC-F07A-7B4C-A69D-639D0A82C38D}.Release|Win32.Build.0 = Release|Win32
		{922C4AFC-F07A-7B4C-A69D-639D0A82C38D}.Release|x64.ActiveCfg = Release|x64
		{922C4AFC-F07A-7B4C-A69D-639D0A82C38D}.Release|x64.Build.0 = Release|x64
		{922C4AFC-F07A-7B4C-A69D-639D0A82C38D}.Debug|Win32.ActiveCfg = Debug|Win32
		{922C4AFC-F07A-7B4C-A69D-639D0A82C38D}.Debug|Win32.Build.0 = Debug|Win32
		{922C4AFC-F07A-7B4C-A69D-639D0A82C38D}.Debug|x64.ActiveCfg = Debug|x64
		{922C4AFC-F07A-7B4C-A69D-639D0A82C38D}.Debug|x64.Build.0 = Debug|x64
		{11DF53FE-DAF9-5D4A-B906-56C999FA4F07}.Release|Win32.ActiveCfg = Release|Win32
		{11DF53FE-DAF9-5D4A-B906-56C999FA4F07}.Release|Win32.Build.0 = Release|Win32
		{11DF53FE-DAF9-5D4A-B906-56C999FA4F07}.Release|x64.ActiveCfg = Release|x64
		{11DF53FE-DAF9-5D4A-B906-56C999FA4F07}.Release|x64.Build.0 = Release|x64
		{11DF53FE-DAF9-5D4A-B906-56C999FA4F07}.Debug|Win32.ActiveCfg = Debug|Win32
		{11DF53FE-DAF9-5D4A-B906-56C999FA4F07}.Debug|Win32.Build.0 = Debug|Win32
		{11DF53FE-DAF9-5D4A-B906-56C999FA4F07}.Debug|x64.ActiveCfg = Debug|x64
		{11DF53FE-DAF9-5D4A-B906-56C999FA4F07}.Debug|x64.Build.0 = Debug|x64
		{1E0D6397-55C1-BC45-8206-84A7629BA628}.Release|Win32.ActiveCfg = Release|Win32
		{1E0D6397-55C1-BC45-8206-84A7629BA628}.Release|Win32.Build.0 = Release|Win32
		{1E0D6397-55C1-BC45-8206-84A7629BA628}.Release|x64.ActiveCfg = Release|x64
		{1E0D6397-55C1-BC45-8206-84A7629BA628}.Release|x64.Build.0 = Release|x64
		{1E0D6397-55C1-BC45-8206-84A7629BA628}.Debug|Win32.ActiveCfg = Debug|Win32
		{1E0D6397-55C1-BC45-8206-84A7629BA628}.Debug|Win32.Build.0 = Debug|Win32
		{1E0D6397-55C1-BC45-8206-84A7629BA628}.Debug|x64.ActiveCfg = Debug|x64
		{1E0D6397-55C1-BC45-8206-84A7629BA628}.Debug|x64.Build.0 = Debug|x64
		{9F611897-FD7C-9641-BC55-2ACD0DCBE139}.Release|Win32.ActiveCfg = Release|Win32
		{9F611897-FD7C-9641-BC55-2ACD0DCBE139}.Release|Win32.Build.0 = Release|Win32
		{9F611897-FD7C-9641-BC55-2ACD0DCBE139}.Release|x64.ActiveCfg = Release|x64
		{9F611897-FD7C-9641-BC55-2ACD0DCBE139}.Release|x64.Build.0 = Release|x64
		{9F611897-FD7C-9641-BC55-2ACD0DCBE139}.Debug|Win32.ActiveCfg = Debug|Win32
		{9F611897-FD7C-9641-BC55-2ACD0DCBE139}.Debug|Win32.Build.0 = Debug|Win32
		{9F611897-FD7C-9641-BC55-2ACD0DCBE139}.Debug|x64.ActiveCfg = Debug|x64
		{9F611897-FD7C-9641-BC55-2ACD0DCBE139}.Debug|x64.Build.0 = Debug|x64
		{6F0EEA37-11C3-824E-9498-8519664EC2B0}.Release|Win32.ActiveCfg = Release|Win32
		{6F0EEA37-11C3-824E-9498-8519664EC2B0}.Release|Win32.Build.0 = Release|Win32
		{6F0EEA37-11C3-824E-9498-8519664EC2B0}.Release|x64.ActiveCfg = Release|x64
		{6F0EEA37-11C3-824E-9498-8519664EC2B0}.Release|x64.Build.0 = Release|x64
		{6F0EEA37-11C3-824E-9498-8519664EC2B0}.Debug|Win32.ActiveCfg = Debug|Win32
		{6F0EEA37-11C3-824E-9498-8519664EC2B0}.Debug|Win32.Build.0 = Debug|Win32
		{6F0EEA37-11C3-824E-9498-8519664EC2B0}.Debug|x64.ActiveCfg = Debug|x64
		{6F0EEA37-11C3-824E-9498-8519664EC2B0}.Debug|x64.Build.0 = Debug|x64
		{C6EB731D-00D7-F34C-9D1C-E1F48D405F29}.Release|Win32.ActiveCfg = Release|Win32
		{C6EB731D-00D7-F34C-9D1C-E1F48D405F29}.Release|Win32.Build.0 = Release|Win32
		{C6EB731D-00D7-F34C-9D1C-E1F48D405F29}.Release|x64.ActiveCfg = Release|x64
		{C6EB731D-00D7-F34C-9D1C-E1F48D405F29}.Release|x64.Build.0 = Release|x64
		{C6EB731D-00D7-F34C-9D1C-E1F48D405F29}.Debug|Win32.ActiveCfg = Debug|Win32
		{C6EB731D-00D7-F34C-9D1C-E1F48D405F29}.Debug|Win32.Build.0 = Debug|Win32
		{C6EB731D-00D7-F34C-9D1C-E1F48D405F29}.Debug|x64.ActiveCfg = Debug|x64
		{C6EB731D-00D7-F34C-9D1C-E1F48D405F29}.Debug|x64.Build.0 = Debug|x64
		{8495C329-B5C9-BC46-B530-58402AD42E99}.Release|Win32.ActiveCfg = Release|Win32
		{8495C329-B5C9-BC46-B530-58402AD42E99}.Release|Win32.Build.0 = Release|Win32
		{8495C329-B5C9-BC46-B530-58402AD42E99}.Release|x64.ActiveCfg = Release|x64
		{8495C329-B5C9-BC46-B530-58402AD42E99}.Release|x64.Build.0 = Release|x64
		{8495C329-B5C9-BC46-B530-58402AD42E99}.Debug|Win32.ActiveCfg = Debug|Win32
		{8495C329-B5C9-BC46-B530-58402AD42E99}.Debug|Win32.Build.0 = Debug|Win32
		{8495C329-B5C9-BC46-B530-58402AD42E99}.Debug|x64.ActiveCfg = Debug|x64
		{8495C329-B5C9-BC46-B530-58402AD42E99}.Debug|x64.Build.0 = Debug|x64
		{4A503387-08B5-EC4D-8213-EEA7D23D52E1}.Release|Win32.ActiveCfg = Release|Win32
		{4A503387-08B5-EC4D-8213-EEA7D23D52E1}.Release|Win32.Build.0 = Release|Win32
		{4A503387-08B5-EC4D-8213-EEA7D23D52E1}.Release|x64.ActiveCfg = Release|x64
		{4A503387-08B5-EC4D-8213-EEA7D23D52E1}.Release|x64.Build.0 = Release|x64
		{4A503387-08B5-EC4D-8213-EEA7D23D52E1}.Debug|Win32.ActiveCfg = Debug|Win32
		{4A503387-08B5-EC4D-8213-EEA7D23D52E1}.Debug|Win32.Build.0 = Debug|Win32
		{4A503387-08B5-EC4D-8213-EEA7D23D52E1}.Debug|x64.ActiveCfg = Debug|x64
		{4A503387-08B5-EC4D-8213-EEA7D23D52E1}.Debug|x64.Build.0 = Debug|x64
		{0A6C32C3-B046-8E4E-99D0-98E373499FA6}.Release|Win32.ActiveCfg = Release|Win32
		{0A6C32C3-B046-8E4E-99D0-98E373499FA6}.Release|Win32.Build.0 = Release|Win32
		{0A6C32C3-B046-8E4E-99D0-98E373499FA6}.Release|x64.ActiveCfg = Release|x64
		{0A6C32C3-B046-8E4E-99D0-98E373499FA6}.Release|x64.Build.0 = Release|x64
		{0A6C32C3-B046-8E4E-99D0-98E373499FA6}.Debug|Win32.ActiveCfg = Debug|Win32
		{0A6C32C3-B046-8E4E-99D0-98E373499FA6}.Debug|Win32.Build.0 = Debug|Win32
		{0A6C32C3-B046-8E4E-99D0-98E373499FA6}.Debug|x64.ActiveCfg = Debug|x64
		{0A6C32C3-B046-8E4E-99D0-98E373499FA6}.Debug|x64.Build.0 = Debug|x64
		{D10EAA63-6295-3D44-AF01-4B1EC7C501EE}.Release|Win32.ActiveCfg = Release|Win32
		{D10EAA63-6295-3D44-AF01-4B1EC7C501EE}.Release|Win32.Build.0 = Release|Win32
		{D10EAA63-6295-3D44-AF01-4B1EC7C501EE}.Release|x64.ActiveCfg = Release|x64
		{D10EAA63-6295-3D44-AF01-4B1EC7C501EE}.Release|x64.Build.0 = Release|x64
		{D10EAA63-6295-3D44-AF01-4B1EC7C501EE}.Debug|Win32.ActiveCfg = Debug|Win32
		{D10EAA63-6295-3D44-AF01-4B1EC7C501EE}.Debug|Win32.Build.0 = Debug|Win32
		{D10EAA63-6295-3D44-AF01-4B1EC7C501EE}.Debug|x64.ActiveCfg = Debug|x64
		{D10EAA63-6295-3D44-AF01-4B1EC7C501EE}.Debug|x64.Build.0 = Debug|x64
		{3D3895C4-DFFB-C045-B3E5-2EF9343BAD09}.Release|Win32.ActiveCfg = Release|Win32
		{3D3895C4-DFFB-C045-B3E5-2EF9343BAD09}.Release|Win32.Build.0 = Release|Win32
		{3D3895C4-DFFB-C045-B3E5-2EF9343BAD09}.Release|x64.ActiveCfg = Release|x64
		{3D3895C4-DFFB-C045-B3E5-2EF9343BAD09}.Release|x64.Build.0 = Release|x64
		{3D3895C4-DFFB-C045-B3E5-2EF9343BAD09}.Debug|Win32.ActiveCfg = Debug|Win32
		{3D3895C4-DFFB-C045-B3E5-2EF9343BAD09}.Debug|Win32.Build.0 = Debug|Win32
		{3D3895C4-DFFB-C045-B3E5-2EF9343BAD09}.Debug|x64.ActiveCfg = Debug|x64
		{3D3895C4-DFFB-C045-B3E5-2EF9343BAD09}.Debug|x64.Build.0 = Debug|x64
		{B545FF25-A68B-474B-8887-3B7FDBB24A0F}.Release|Win32.ActiveCfg = Release|Win32
		{B545FF25-A68B-474B-8887-3B7FDBB24A0F}.Release|Win32.Build.0 = Release|Win32
		{B545FF25-A68B-474B-8887-3B7FDBB24A0F}.Release|x64.ActiveCfg = Release|x64
		{B545FF25-A68B-474B-8887-3B7FDBB24A0F}.Release|x64.Build.0 = Release|x64
		{B545FF25-A68B-474B-8887-3B7FDBB24A0F}.Debug|Win32.ActiveCfg = Debug|Win32
		{B545FF25-A68B-474B-8887-3B7FDBB24A0F}.Debug|Win32.Build.0 = Debug|Win32
		{B545FF25-A68B-474B-8887-3B7FDBB24A0F}.Debug|x64.ActiveCfg = Debug|x64
		{B545FF25-A68B-474B-8887-3B7FDBB24A0F}.Debug|x64.Build.0 = Debug|x64
		{33DA7E35-AF5C-2141-AD19-3E4A8EBB850A}.Release|Win32.ActiveCfg = Release|Win32
		{33DA7E35-AF5C-2141-AD19-3E4A8EBB850A}.Release|Win32.Build.0 = Release|Win32
		{33DA7E35-AF5C-2141-AD19-3E4A8EBB850A}.Release|x64.ActiveCfg = Release|x64
		{33DA7E35-AF5C-2141-AD19-3E4A8EBB850A}.Release|x64.Build.0 = Release|x64
		{33DA7E35-AF5C-2141-AD19-3E4A8EBB850A}.Debug|Win32.ActiveCfg = Debug|Win32
		{33DA7E35-AF5C-2141-AD19-3E4A8EBB850A}.Debug|Win32.Build.0 = Debug|Win32
		{33DA7E35-AF5C-2141-AD19-3E4A8EBB850A}.Debug|x64.ActiveCfg = Debug|x64
		{33DA7E35-AF5C-2141-AD19-3E4A8EBB850A}.Debug|x64.Build.0 = Debug|x64
	EndGlobalSection
	GlobalSection(SolutionProperties) = preSolution
		HideSolutionNode = FALSE
	EndGlobalSection
EndGlobal
