<?xml version="1.0" encoding="UTF-8"?>
<Project ToolsVersion="14.0" xmlns="http://schemas.microsoft.com/developer/msbuild/2003">
  <ItemGroup>
    <ClCompile Include="C:\Users\Joonas\ClionProjects\OpenGL\lib\bullet\Extras\InverseDynamics\CloneTreeCreator.cpp">
      <Filter>Source Files</Filter>
    </ClCompile>
    <ClCompile Include="C:\Users\Joonas\ClionProjects\OpenGL\lib\bullet\Extras\InverseDynamics\CoilCreator.cpp">
      <Filter>Source Files</Filter>
    </ClCompile>
    <ClCompile Include="C:\Users\Joonas\ClionProjects\OpenGL\lib\bullet\Extras\InverseDynamics\MultiBodyTreeCreator.cpp">
      <Filter>Source Files</Filter>
    </ClCompile>
    <ClCompile Include="C:\Users\Joonas\ClionProjects\OpenGL\lib\bullet\Extras\InverseDynamics\btMultiBodyTreeCreator.cpp">
      <Filter>Source Files</Filter>
    </ClCompile>
    <ClCompile Include="C:\Users\Joonas\ClionProjects\OpenGL\lib\bullet\Extras\InverseDynamics\DillCreator.cpp">
      <Filter>Source Files</Filter>
    </ClCompile>
    <ClCompile Include="C:\Users\Joonas\ClionProjects\OpenGL\lib\bullet\Extras\InverseDynamics\MultiBodyTreeDebugGraph.cpp">
      <Filter>Source Files</Filter>
    </ClCompile>
    <ClCompile Include="C:\Users\Joonas\ClionProjects\OpenGL\lib\bullet\Extras\InverseDynamics\invdyn_bullet_comparison.cpp">
      <Filter>Source Files</Filter>
    </ClCompile>
    <ClCompile Include="C:\Users\Joonas\ClionProjects\OpenGL\lib\bullet\Extras\InverseDynamics\IDRandomUtil.cpp">
      <Filter>Source Files</Filter>
    </ClCompile>
    <ClCompile Include="C:\Users\Joonas\ClionProjects\OpenGL\lib\bullet\Extras\InverseDynamics\RandomTreeCreator.cpp">
      <Filter>Source Files</Filter>
    </ClCompile>
    <ClCompile Include="C:\Users\Joonas\ClionProjects\OpenGL\lib\bullet\Extras\InverseDynamics\SimpleTreeCreator.cpp">
      <Filter>Source Files</Filter>
    </ClCompile>
    <ClCompile Include="C:\Users\Joonas\ClionProjects\OpenGL\lib\bullet\Extras\InverseDynamics\MultiBodyNameMap.cpp">
      <Filter>Source Files</Filter>
    </ClCompile>
    <ClCompile Include="C:\Users\Joonas\ClionProjects\OpenGL\lib\bullet\Extras\InverseDynamics\User2InternalIndex.cpp">
      <Filter>Source Files</Filter>
    </ClCompile>
  </ItemGroup>
  <ItemGroup>
    <CustomBuild Include="C:\Users\Joonas\ClionProjects\OpenGL\lib\bullet\Extras\InverseDynamics\CMakeLists.txt" />
  </ItemGroup>
  <ItemGroup>
    <Filter Include="Source Files">
      <UniqueIdentifier>{855549C3-E1EE-33D5-8A9F-FF8B71A132A7}</UniqueIdentifier>
    </Filter>
  </ItemGroup>
</Project>
