Microsoft Visual Studio Solution File, Format Version 12.00
# Visual Studio 14
Project("{8BC9CEB8-8B4A-11D0-8D11-00A0C91BC942}") = "ALL_BUILD", "ALL_BUILD.vcxproj", "{CA14B9E0-5414-3DBC-8E0C-A7EC829977ED}"
	ProjectSection(ProjectDependencies) = postProject
		{1C1FBF97-3645-3639-B4FB-93C61C78EFEB} = {1C1FBF97-3645-3639-B4FB-93C61C78EFEB}
		{925AB424-19AC-393F-A386-CBA8A6F58082} = {925AB424-19AC-393F-A386-CBA8A6F58082}
		{A43182EC-DA35-3607-99D8-EAAA08C962BC} = {A43182EC-DA35-3607-99D8-EAAA08C962BC}
		{65E68915-A697-3ADC-A9D1-0F489ADCB437} = {65E68915-A697-3ADC-A9D1-0F489ADCB437}
		{8D088028-7CC0-3ADC-9067-E5D92F9C994B} = {8D088028-7CC0-3ADC-9067-E5D92F9C994B}
		{2EDA58E4-61D2-3F18-BD28-24DB075919C2} = {2EDA58E4-61D2-3F18-BD28-24DB075919C2}
		{B4CD4C19-46D8-35EF-89C2-A7178660CD63} = {B4CD4C19-46D8-35EF-89C2-A7178660CD63}
		{CE08335B-7816-3CE0-B576-BBACD5235C01} = {CE08335B-7816-3CE0-B576-BBACD5235C01}
		{9D14FFD4-A9E1-33D7-9E98-0DF60F9FFB1B} = {9D14FFD4-A9E1-33D7-9E98-0DF60F9FFB1B}
		{0DDF05BA-1E42-3A50-9E75-7B1ADAC90BAD} = {0DDF05BA-1E42-3A50-9E75-7B1ADAC90BAD}
		{57818890-EDF8-362D-A5AB-84D5DF3ECB03} = {57818890-EDF8-362D-A5AB-84D5DF3ECB03}
		{3DA5C8F0-D689-395B-BE33-C3C89B0F11BC} = {3DA5C8F0-D689-395B-BE33-C3C89B0F11BC}
		{1DF30B99-301C-3B74-AD95-8F6C44C1B581} = {1DF30B99-301C-3B74-AD95-8F6C44C1B581}
		{422A724D-B2EB-39E2-A0FC-74125845AD20} = {422A724D-B2EB-39E2-A0FC-74125845AD20}
		{D7816510-0592-3A73-AADF-DBD28DF871A6} = {D7816510-0592-3A73-AADF-DBD28DF871A6}
		{5E5983A7-9D35-396D-93AB-CFB0BE766565} = {5E5983A7-9D35-396D-93AB-CFB0BE766565}
		{7864590D-7319-3CF9-9EB5-8FCED028F065} = {7864590D-7319-3CF9-9EB5-8FCED028F065}
		{C0F387CB-F98C-3AEC-9891-D9793693A30E} = {C0F387CB-F98C-3AEC-9891-D9793693A30E}
		{6B5E1F6E-B2A9-3E6D-8221-0997584988D6} = {6B5E1F6E-B2A9-3E6D-8221-0997584988D6}
		{9A66C8E7-376E-325D-887F-1CD1F83A1687} = {9A66C8E7-376E-325D-887F-1CD1F83A1687}
		{B3525391-173B-374F-8386-F29C51C48BB1} = {B3525391-173B-374F-8386-F29C51C48BB1}
		{12A4F7E1-3ECB-3A52-8AC6-F8326B14ADEB} = {12A4F7E1-3ECB-3A52-8AC6-F8326B14ADEB}
		{CB2A34A1-14FC-3B4B-89D9-E5092BDB54E0} = {CB2A34A1-14FC-3B4B-89D9-E5092BDB54E0}
		{882655EA-EB76-3AD1-8EAB-3ADA7417BD4F} = {882655EA-EB76-3AD1-8EAB-3ADA7417BD4F}
		{9542A3D9-8E86-3A00-A561-1DB4CABD1EFE} = {9542A3D9-8E86-3A00-A561-1DB4CABD1EFE}
		{06186903-ACEF-32B1-B860-C31231C992CF} = {06186903-ACEF-32B1-B860-C31231C992CF}
		{4DFE3DAE-F18D-34E1-A0F2-8EC26FA5517E} = {4DFE3DAE-F18D-34E1-A0F2-8EC26FA5517E}
		{3CB54CD6-E509-31B9-AA09-13CDC3A880F8} = {3CB54CD6-E509-31B9-AA09-13CDC3A880F8}
		{44109FD7-C9B7-3CE7-9B3C-4AE111810187} = {44109FD7-C9B7-3CE7-9B3C-4AE111810187}
		{B7FEF640-B230-3EE8-BCBA-2DBA851C97E8} = {B7FEF640-B230-3EE8-BCBA-2DBA851C97E8}
		{D6536BDA-17F8-3C1E-873E-FD11BE029CA2} = {D6536BDA-17F8-3C1E-873E-FD11BE029CA2}
		{A6E7844C-7FDB-3875-BC36-E47B0ED2EFD6} = {A6E7844C-7FDB-3875-BC36-E47B0ED2EFD6}
		{DA1EA42D-5670-3507-8DA6-AD176AF0DA25} = {DA1EA42D-5670-3507-8DA6-AD176AF0DA25}
		{40D7F8FB-E6FB-3AA1-80EA-D031CAAF8FF7} = {40D7F8FB-E6FB-3AA1-80EA-D031CAAF8FF7}
		{DBB940CB-98C8-39FB-97E3-076C70C4CAE0} = {DBB940CB-98C8-39FB-97E3-076C70C4CAE0}
		{B92D4029-14CE-3D20-95B6-EB91B5D71F0C} = {B92D4029-14CE-3D20-95B6-EB91B5D71F0C}
		{4B5F5DE3-355B-32E2-B473-ED706D61EEDB} = {4B5F5DE3-355B-32E2-B473-ED706D61EEDB}
		{38D976F4-C548-33D3-BA13-774612D53105} = {38D976F4-C548-33D3-BA13-774612D53105}
		{D5828879-0C4C-30A6-AC81-FD5F069369DB} = {D5828879-0C4C-30A6-AC81-FD5F069369DB}
		{1584BDA7-CACE-3C4F-9B61-AB4689787B99} = {1584BDA7-CACE-3C4F-9B61-AB4689787B99}
		{A4D6D993-65D4-3B3A-94AE-40555F355BB8} = {A4D6D993-65D4-3B3A-94AE-40555F355BB8}
	EndProjectSection
EndProject
Project("{8BC9CEB8-8B4A-11D0-8D11-00A0C91BC942}") = "AppBasicExampleGui", "examples\BasicDemo\AppBasicExampleGui.vcxproj", "{1C1FBF97-3645-3639-B4FB-93C61C78EFEB}"
	ProjectSection(ProjectDependencies) = postProject
		{3DA5C8F0-D689-395B-BE33-C3C89B0F11BC} = {3DA5C8F0-D689-395B-BE33-C3C89B0F11BC}
		{5E5983A7-9D35-396D-93AB-CFB0BE766565} = {5E5983A7-9D35-396D-93AB-CFB0BE766565}
		{7864590D-7319-3CF9-9EB5-8FCED028F065} = {7864590D-7319-3CF9-9EB5-8FCED028F065}
		{44109FD7-C9B7-3CE7-9B3C-4AE111810187} = {44109FD7-C9B7-3CE7-9B3C-4AE111810187}
		{B7FEF640-B230-3EE8-BCBA-2DBA851C97E8} = {B7FEF640-B230-3EE8-BCBA-2DBA851C97E8}
		{4B5F5DE3-355B-32E2-B473-ED706D61EEDB} = {4B5F5DE3-355B-32E2-B473-ED706D61EEDB}
	EndProjectSection
EndProject
Project("{8BC9CEB8-8B4A-11D0-8D11-00A0C91BC942}") = "App_BasicExample", "examples\BasicDemo\App_BasicExample.vcxproj", "{925AB424-19AC-393F-A386-CBA8A6F58082}"
	ProjectSection(ProjectDependencies) = postProject
		{5E5983A7-9D35-396D-93AB-CFB0BE766565} = {5E5983A7-9D35-396D-93AB-CFB0BE766565}
		{7864590D-7319-3CF9-9EB5-8FCED028F065} = {7864590D-7319-3CF9-9EB5-8FCED028F065}
		{44109FD7-C9B7-3CE7-9B3C-4AE111810187} = {44109FD7-C9B7-3CE7-9B3C-4AE111810187}
		{4B5F5DE3-355B-32E2-B473-ED706D61EEDB} = {4B5F5DE3-355B-32E2-B473-ED706D61EEDB}
	EndProjectSection
EndProject
Project("{8BC9CEB8-8B4A-11D0-8D11-00A0C91BC942}") = "App_ExampleBrowser", "examples\ExampleBrowser\App_ExampleBrowser.vcxproj", "{A43182EC-DA35-3607-99D8-EAAA08C962BC}"
	ProjectSection(ProjectDependencies) = postProject
		{3DA5C8F0-D689-395B-BE33-C3C89B0F11BC} = {3DA5C8F0-D689-395B-BE33-C3C89B0F11BC}
		{5E5983A7-9D35-396D-93AB-CFB0BE766565} = {5E5983A7-9D35-396D-93AB-CFB0BE766565}
		{7864590D-7319-3CF9-9EB5-8FCED028F065} = {7864590D-7319-3CF9-9EB5-8FCED028F065}
		{C0F387CB-F98C-3AEC-9891-D9793693A30E} = {C0F387CB-F98C-3AEC-9891-D9793693A30E}
		{9A66C8E7-376E-325D-887F-1CD1F83A1687} = {9A66C8E7-376E-325D-887F-1CD1F83A1687}
		{B3525391-173B-374F-8386-F29C51C48BB1} = {B3525391-173B-374F-8386-F29C51C48BB1}
		{12A4F7E1-3ECB-3A52-8AC6-F8326B14ADEB} = {12A4F7E1-3ECB-3A52-8AC6-F8326B14ADEB}
		{9542A3D9-8E86-3A00-A561-1DB4CABD1EFE} = {9542A3D9-8E86-3A00-A561-1DB4CABD1EFE}
		{44109FD7-C9B7-3CE7-9B3C-4AE111810187} = {44109FD7-C9B7-3CE7-9B3C-4AE111810187}
		{B7FEF640-B230-3EE8-BCBA-2DBA851C97E8} = {B7FEF640-B230-3EE8-BCBA-2DBA851C97E8}
		{4B5F5DE3-355B-32E2-B473-ED706D61EEDB} = {4B5F5DE3-355B-32E2-B473-ED706D61EEDB}
		{1584BDA7-CACE-3C4F-9B61-AB4689787B99} = {1584BDA7-CACE-3C4F-9B61-AB4689787B99}
	EndProjectSection
EndProject
Project("{8BC9CEB8-8B4A-11D0-8D11-00A0C91BC942}") = "App_HelloWorld", "examples\HelloWorld\App_HelloWorld.vcxproj", "{65E68915-A697-3ADC-A9D1-0F489ADCB437}"
	ProjectSection(ProjectDependencies) = postProject
		{5E5983A7-9D35-396D-93AB-CFB0BE766565} = {5E5983A7-9D35-396D-93AB-CFB0BE766565}
		{7864590D-7319-3CF9-9EB5-8FCED028F065} = {7864590D-7319-3CF9-9EB5-8FCED028F065}
		{44109FD7-C9B7-3CE7-9B3C-4AE111810187} = {44109FD7-C9B7-3CE7-9B3C-4AE111810187}
		{4B5F5DE3-355B-32E2-B473-ED706D61EEDB} = {4B5F5DE3-355B-32E2-B473-ED706D61EEDB}
	EndProjectSection
EndProject
Project("{8BC9CEB8-8B4A-11D0-8D11-00A0C91BC942}") = "App_PhysicsServer_SharedMemory", "examples\SharedMemory\App_PhysicsServer_SharedMemory.vcxproj", "{8D088028-7CC0-3ADC-9067-E5D92F9C994B}"
	ProjectSection(ProjectDependencies) = postProject
		{3DA5C8F0-D689-395B-BE33-C3C89B0F11BC} = {3DA5C8F0-D689-395B-BE33-C3C89B0F11BC}
		{5E5983A7-9D35-396D-93AB-CFB0BE766565} = {5E5983A7-9D35-396D-93AB-CFB0BE766565}
		{7864590D-7319-3CF9-9EB5-8FCED028F065} = {7864590D-7319-3CF9-9EB5-8FCED028F065}
		{6B5E1F6E-B2A9-3E6D-8221-0997584988D6} = {6B5E1F6E-B2A9-3E6D-8221-0997584988D6}
		{9A66C8E7-376E-325D-887F-1CD1F83A1687} = {9A66C8E7-376E-325D-887F-1CD1F83A1687}
		{B3525391-173B-374F-8386-F29C51C48BB1} = {B3525391-173B-374F-8386-F29C51C48BB1}
		{CB2A34A1-14FC-3B4B-89D9-E5092BDB54E0} = {CB2A34A1-14FC-3B4B-89D9-E5092BDB54E0}
		{9542A3D9-8E86-3A00-A561-1DB4CABD1EFE} = {9542A3D9-8E86-3A00-A561-1DB4CABD1EFE}
		{44109FD7-C9B7-3CE7-9B3C-4AE111810187} = {44109FD7-C9B7-3CE7-9B3C-4AE111810187}
		{4B5F5DE3-355B-32E2-B473-ED706D61EEDB} = {4B5F5DE3-355B-32E2-B473-ED706D61EEDB}
	EndProjectSection
EndProject
Project("{8BC9CEB8-8B4A-11D0-8D11-00A0C91BC942}") = "App_PhysicsServer_SharedMemory_GUI", "examples\SharedMemory\App_PhysicsServer_SharedMemory_GUI.vcxproj", "{2EDA58E4-61D2-3F18-BD28-24DB075919C2}"
	ProjectSection(ProjectDependencies) = postProject
		{3DA5C8F0-D689-395B-BE33-C3C89B0F11BC} = {3DA5C8F0-D689-395B-BE33-C3C89B0F11BC}
		{5E5983A7-9D35-396D-93AB-CFB0BE766565} = {5E5983A7-9D35-396D-93AB-CFB0BE766565}
		{7864590D-7319-3CF9-9EB5-8FCED028F065} = {7864590D-7319-3CF9-9EB5-8FCED028F065}
		{6B5E1F6E-B2A9-3E6D-8221-0997584988D6} = {6B5E1F6E-B2A9-3E6D-8221-0997584988D6}
		{9A66C8E7-376E-325D-887F-1CD1F83A1687} = {9A66C8E7-376E-325D-887F-1CD1F83A1687}
		{B3525391-173B-374F-8386-F29C51C48BB1} = {B3525391-173B-374F-8386-F29C51C48BB1}
		{CB2A34A1-14FC-3B4B-89D9-E5092BDB54E0} = {CB2A34A1-14FC-3B4B-89D9-E5092BDB54E0}
		{9542A3D9-8E86-3A00-A561-1DB4CABD1EFE} = {9542A3D9-8E86-3A00-A561-1DB4CABD1EFE}
		{44109FD7-C9B7-3CE7-9B3C-4AE111810187} = {44109FD7-C9B7-3CE7-9B3C-4AE111810187}
		{B7FEF640-B230-3EE8-BCBA-2DBA851C97E8} = {B7FEF640-B230-3EE8-BCBA-2DBA851C97E8}
		{4B5F5DE3-355B-32E2-B473-ED706D61EEDB} = {4B5F5DE3-355B-32E2-B473-ED706D61EEDB}
	EndProjectSection
EndProject
Project("{8BC9CEB8-8B4A-11D0-8D11-00A0C91BC942}") = "App_PhysicsServer_SharedMemory_VR", "examples\SharedMemory\App_PhysicsServer_SharedMemory_VR.vcxproj", "{B4CD4C19-46D8-35EF-89C2-A7178660CD63}"
	ProjectSection(ProjectDependencies) = postProject
		{3DA5C8F0-D689-395B-BE33-C3C89B0F11BC} = {3DA5C8F0-D689-395B-BE33-C3C89B0F11BC}
		{5E5983A7-9D35-396D-93AB-CFB0BE766565} = {5E5983A7-9D35-396D-93AB-CFB0BE766565}
		{7864590D-7319-3CF9-9EB5-8FCED028F065} = {7864590D-7319-3CF9-9EB5-8FCED028F065}
		{6B5E1F6E-B2A9-3E6D-8221-0997584988D6} = {6B5E1F6E-B2A9-3E6D-8221-0997584988D6}
		{9A66C8E7-376E-325D-887F-1CD1F83A1687} = {9A66C8E7-376E-325D-887F-1CD1F83A1687}
		{B3525391-173B-374F-8386-F29C51C48BB1} = {B3525391-173B-374F-8386-F29C51C48BB1}
		{CB2A34A1-14FC-3B4B-89D9-E5092BDB54E0} = {CB2A34A1-14FC-3B4B-89D9-E5092BDB54E0}
		{9542A3D9-8E86-3A00-A561-1DB4CABD1EFE} = {9542A3D9-8E86-3A00-A561-1DB4CABD1EFE}
		{44109FD7-C9B7-3CE7-9B3C-4AE111810187} = {44109FD7-C9B7-3CE7-9B3C-4AE111810187}
		{B7FEF640-B230-3EE8-BCBA-2DBA851C97E8} = {B7FEF640-B230-3EE8-BCBA-2DBA851C97E8}
		{4B5F5DE3-355B-32E2-B473-ED706D61EEDB} = {4B5F5DE3-355B-32E2-B473-ED706D61EEDB}
	EndProjectSection
EndProject
Project("{8BC9CEB8-8B4A-11D0-8D11-00A0C91BC942}") = "App_RobotSimulator", "examples\RobotSimulator\App_RobotSimulator.vcxproj", "{CE08335B-7816-3CE0-B576-BBACD5235C01}"
	ProjectSection(ProjectDependencies) = postProject
		{3DA5C8F0-D689-395B-BE33-C3C89B0F11BC} = {3DA5C8F0-D689-395B-BE33-C3C89B0F11BC}
		{5E5983A7-9D35-396D-93AB-CFB0BE766565} = {5E5983A7-9D35-396D-93AB-CFB0BE766565}
		{7864590D-7319-3CF9-9EB5-8FCED028F065} = {7864590D-7319-3CF9-9EB5-8FCED028F065}
		{C0F387CB-F98C-3AEC-9891-D9793693A30E} = {C0F387CB-F98C-3AEC-9891-D9793693A30E}
		{6B5E1F6E-B2A9-3E6D-8221-0997584988D6} = {6B5E1F6E-B2A9-3E6D-8221-0997584988D6}
		{9A66C8E7-376E-325D-887F-1CD1F83A1687} = {9A66C8E7-376E-325D-887F-1CD1F83A1687}
		{B3525391-173B-374F-8386-F29C51C48BB1} = {B3525391-173B-374F-8386-F29C51C48BB1}
		{12A4F7E1-3ECB-3A52-8AC6-F8326B14ADEB} = {12A4F7E1-3ECB-3A52-8AC6-F8326B14ADEB}
		{CB2A34A1-14FC-3B4B-89D9-E5092BDB54E0} = {CB2A34A1-14FC-3B4B-89D9-E5092BDB54E0}
		{9542A3D9-8E86-3A00-A561-1DB4CABD1EFE} = {9542A3D9-8E86-3A00-A561-1DB4CABD1EFE}
		{44109FD7-C9B7-3CE7-9B3C-4AE111810187} = {44109FD7-C9B7-3CE7-9B3C-4AE111810187}
		{B7FEF640-B230-3EE8-BCBA-2DBA851C97E8} = {B7FEF640-B230-3EE8-BCBA-2DBA851C97E8}
		{4B5F5DE3-355B-32E2-B473-ED706D61EEDB} = {4B5F5DE3-355B-32E2-B473-ED706D61EEDB}
		{1584BDA7-CACE-3C4F-9B61-AB4689787B99} = {1584BDA7-CACE-3C4F-9B61-AB4689787B99}
	EndProjectSection
EndProject
Project("{8BC9CEB8-8B4A-11D0-8D11-00A0C91BC942}") = "App_obj2sdf", "Extras\obj2sdf\App_obj2sdf.vcxproj", "{9D14FFD4-A9E1-33D7-9E98-0DF60F9FFB1B}"
	ProjectSection(ProjectDependencies) = postProject
		{3DA5C8F0-D689-395B-BE33-C3C89B0F11BC} = {3DA5C8F0-D689-395B-BE33-C3C89B0F11BC}
		{4B5F5DE3-355B-32E2-B473-ED706D61EEDB} = {4B5F5DE3-355B-32E2-B473-ED706D61EEDB}
	EndProjectSection
EndProject
Project("{8BC9CEB8-8B4A-11D0-8D11-00A0C91BC942}") = "Bullet2FileLoader", "src\Bullet3Serialize\Bullet2FileLoader\Bullet2FileLoader.vcxproj", "{0DDF05BA-1E42-3A50-9E75-7B1ADAC90BAD}"
	ProjectSection(ProjectDependencies) = postProject
		{4B5F5DE3-355B-32E2-B473-ED706D61EEDB} = {4B5F5DE3-355B-32E2-B473-ED706D61EEDB}
	EndProjectSection
EndProject
Project("{8BC9CEB8-8B4A-11D0-8D11-00A0C91BC942}") = "Bullet3Collision", "src\Bullet3Collision\Bullet3Collision.vcxproj", "{57818890-EDF8-362D-A5AB-84D5DF3ECB03}"
	ProjectSection(ProjectDependencies) = postProject
		{4B5F5DE3-355B-32E2-B473-ED706D61EEDB} = {4B5F5DE3-355B-32E2-B473-ED706D61EEDB}
	EndProjectSection
EndProject
Project("{8BC9CEB8-8B4A-11D0-8D11-00A0C91BC942}") = "Bullet3Common", "src\Bullet3Common\Bullet3Common.vcxproj", "{3DA5C8F0-D689-395B-BE33-C3C89B0F11BC}"
	ProjectSection(ProjectDependencies) = postProject
		{4B5F5DE3-355B-32E2-B473-ED706D61EEDB} = {4B5F5DE3-355B-32E2-B473-ED706D61EEDB}
	EndProjectSection
EndProject
Project("{8BC9CEB8-8B4A-11D0-8D11-00A0C91BC942}") = "Bullet3Dynamics", "src\Bullet3Dynamics\Bullet3Dynamics.vcxproj", "{1DF30B99-301C-3B74-AD95-8F6C44C1B581}"
	ProjectSection(ProjectDependencies) = postProject
		{4B5F5DE3-355B-32E2-B473-ED706D61EEDB} = {4B5F5DE3-355B-32E2-B473-ED706D61EEDB}
	EndProjectSection
EndProject
Project("{8BC9CEB8-8B4A-11D0-8D11-00A0C91BC942}") = "Bullet3Geometry", "src\Bullet3Geometry\Bullet3Geometry.vcxproj", "{422A724D-B2EB-39E2-A0FC-74125845AD20}"
	ProjectSection(ProjectDependencies) = postProject
		{4B5F5DE3-355B-32E2-B473-ED706D61EEDB} = {4B5F5DE3-355B-32E2-B473-ED706D61EEDB}
	EndProjectSection
EndProject
Project("{8BC9CEB8-8B4A-11D0-8D11-00A0C91BC942}") = "Bullet3OpenCL_clew", "src\Bullet3OpenCL\Bullet3OpenCL_clew.vcxproj", "{D7816510-0592-3A73-AADF-DBD28DF871A6}"
	ProjectSection(ProjectDependencies) = postProject
		{4B5F5DE3-355B-32E2-B473-ED706D61EEDB} = {4B5F5DE3-355B-32E2-B473-ED706D61EEDB}
	EndProjectSection
EndProject
Project("{8BC9CEB8-8B4A-11D0-8D11-00A0C91BC942}") = "BulletCollision", "src\BulletCollision\BulletCollision.vcxproj", "{5E5983A7-9D35-396D-93AB-CFB0BE766565}"
	ProjectSection(ProjectDependencies) = postProject
		{4B5F5DE3-355B-32E2-B473-ED706D61EEDB} = {4B5F5DE3-355B-32E2-B473-ED706D61EEDB}
	EndProjectSection
EndProject
Project("{8BC9CEB8-8B4A-11D0-8D11-00A0C91BC942}") = "BulletDynamics", "src\BulletDynamics\BulletDynamics.vcxproj", "{7864590D-7319-3CF9-9EB5-8FCED028F065}"
	ProjectSection(ProjectDependencies) = postProject
		{4B5F5DE3-355B-32E2-B473-ED706D61EEDB} = {4B5F5DE3-355B-32E2-B473-ED706D61EEDB}
	EndProjectSection
EndProject
Project("{8BC9CEB8-8B4A-11D0-8D11-00A0C91BC942}") = "BulletExampleBrowserLib", "examples\ExampleBrowser\BulletExampleBrowserLib.vcxproj", "{C0F387CB-F98C-3AEC-9891-D9793693A30E}"
	ProjectSection(ProjectDependencies) = postProject
		{4B5F5DE3-355B-32E2-B473-ED706D61EEDB} = {4B5F5DE3-355B-32E2-B473-ED706D61EEDB}
	EndProjectSection
EndProject
Project("{8BC9CEB8-8B4A-11D0-8D11-00A0C91BC942}") = "BulletFileLoader", "Extras\Serialize\BulletFileLoader\BulletFileLoader.vcxproj", "{6B5E1F6E-B2A9-3E6D-8221-0997584988D6}"
	ProjectSection(ProjectDependencies) = postProject
		{4B5F5DE3-355B-32E2-B473-ED706D61EEDB} = {4B5F5DE3-355B-32E2-B473-ED706D61EEDB}
	EndProjectSection
EndProject
Project("{8BC9CEB8-8B4A-11D0-8D11-00A0C91BC942}") = "BulletInverseDynamics", "src\BulletInverseDynamics\BulletInverseDynamics.vcxproj", "{9A66C8E7-376E-325D-887F-1CD1F83A1687}"
	ProjectSection(ProjectDependencies) = postProject
		{4B5F5DE3-355B-32E2-B473-ED706D61EEDB} = {4B5F5DE3-355B-32E2-B473-ED706D61EEDB}
	EndProjectSection
EndProject
Project("{8BC9CEB8-8B4A-11D0-8D11-00A0C91BC942}") = "BulletInverseDynamicsUtils", "Extras\InverseDynamics\BulletInverseDynamicsUtils.vcxproj", "{B3525391-173B-374F-8386-F29C51C48BB1}"
	ProjectSection(ProjectDependencies) = postProject
		{4B5F5DE3-355B-32E2-B473-ED706D61EEDB} = {4B5F5DE3-355B-32E2-B473-ED706D61EEDB}
	EndProjectSection
EndProject
Project("{8BC9CEB8-8B4A-11D0-8D11-00A0C91BC942}") = "BulletSoftBody", "src\BulletSoftBody\BulletSoftBody.vcxproj", "{12A4F7E1-3ECB-3A52-8AC6-F8326B14ADEB}"
	ProjectSection(ProjectDependencies) = postProject
		{4B5F5DE3-355B-32E2-B473-ED706D61EEDB} = {4B5F5DE3-355B-32E2-B473-ED706D61EEDB}
	EndProjectSection
EndProject
Project("{8BC9CEB8-8B4A-11D0-8D11-00A0C91BC942}") = "BulletWorldImporter", "Extras\Serialize\BulletWorldImporter\BulletWorldImporter.vcxproj", "{CB2A34A1-14FC-3B4B-89D9-E5092BDB54E0}"
	ProjectSection(ProjectDependencies) = postProject
		{4B5F5DE3-355B-32E2-B473-ED706D61EEDB} = {4B5F5DE3-355B-32E2-B473-ED706D61EEDB}
	EndProjectSection
EndProject
Project("{8BC9CEB8-8B4A-11D0-8D11-00A0C91BC942}") = "BulletXmlWorldImporter", "Extras\Serialize\BulletXmlWorldImporter\BulletXmlWorldImporter.vcxproj", "{882655EA-EB76-3AD1-8EAB-3ADA7417BD4F}"
	ProjectSection(ProjectDependencies) = postProject
		{4B5F5DE3-355B-32E2-B473-ED706D61EEDB} = {4B5F5DE3-355B-32E2-B473-ED706D61EEDB}
	EndProjectSection
EndProject
Project("{8BC9CEB8-8B4A-11D0-8D11-00A0C91BC942}") = "BussIK", "examples\ThirdPartyLibs\BussIK\BussIK.vcxproj", "{9542A3D9-8E86-3A00-A561-1DB4CABD1EFE}"
	ProjectSection(ProjectDependencies) = postProject
		{4B5F5DE3-355B-32E2-B473-ED706D61EEDB} = {4B5F5DE3-355B-32E2-B473-ED706D61EEDB}
	EndProjectSection
EndProject
Project("{8BC9CEB8-8B4A-11D0-8D11-00A0C91BC942}") = "ConvexDecomposition", "Extras\ConvexDecomposition\ConvexDecomposition.vcxproj", "{06186903-ACEF-32B1-B860-C31231C992CF}"
	ProjectSection(ProjectDependencies) = postProject
		{4B5F5DE3-355B-32E2-B473-ED706D61EEDB} = {4B5F5DE3-355B-32E2-B473-ED706D61EEDB}
	EndProjectSection
EndProject
Project("{8BC9CEB8-8B4A-11D0-8D11-00A0C91BC942}") = "GIMPACTUtils", "Extras\GIMPACTUtils\GIMPACTUtils.vcxproj", "{4DFE3DAE-F18D-34E1-A0F2-8EC26FA5517E}"
	ProjectSection(ProjectDependencies) = postProject
		{4B5F5DE3-355B-32E2-B473-ED706D61EEDB} = {4B5F5DE3-355B-32E2-B473-ED706D61EEDB}
	EndProjectSection
EndProject
Project("{8BC9CEB8-8B4A-11D0-8D11-00A0C91BC942}") = "HACD", "Extras\HACD\HACD.vcxproj", "{3CB54CD6-E509-31B9-AA09-13CDC3A880F8}"
	ProjectSection(ProjectDependencies) = postProject
		{4B5F5DE3-355B-32E2-B473-ED706D61EEDB} = {4B5F5DE3-355B-32E2-B473-ED706D61EEDB}
	EndProjectSection
EndProject
Project("{8BC9CEB8-8B4A-11D0-8D11-00A0C91BC942}") = "INSTALL", "INSTALL.vcxproj", "{016CB93E-2482-3FB3-92F8-A6F24B6FFDFA}"
	ProjectSection(ProjectDependencies) = postProject
		{CA14B9E0-5414-3DBC-8E0C-A7EC829977ED} = {CA14B9E0-5414-3DBC-8E0C-A7EC829977ED}
		{4B5F5DE3-355B-32E2-B473-ED706D61EEDB} = {4B5F5DE3-355B-32E2-B473-ED706D61EEDB}
	EndProjectSection
EndProject
Project("{8BC9CEB8-8B4A-11D0-8D11-00A0C91BC942}") = "LinearMath", "src\LinearMath\LinearMath.vcxproj", "{44109FD7-C9B7-3CE7-9B3C-4AE111810187}"
	ProjectSection(ProjectDependencies) = postProject
		{4B5F5DE3-355B-32E2-B473-ED706D61EEDB} = {4B5F5DE3-355B-32E2-B473-ED706D61EEDB}
	EndProjectSection
EndProject
Project("{8BC9CEB8-8B4A-11D0-8D11-00A0C91BC942}") = "OpenGLWindow", "examples\OpenGLWindow\OpenGLWindow.vcxproj", "{B7FEF640-B230-3EE8-BCBA-2DBA851C97E8}"
	ProjectSection(ProjectDependencies) = postProject
		{4B5F5DE3-355B-32E2-B473-ED706D61EEDB} = {4B5F5DE3-355B-32E2-B473-ED706D61EEDB}
	EndProjectSection
EndProject
Project("{8BC9CEB8-8B4A-11D0-8D11-00A0C91BC942}") = "RUN_TESTS", "RUN_TESTS.vcxproj", "{E08DCCE9-5161-3C9A-A787-D0BC01633541}"
	ProjectSection(ProjectDependencies) = postProject
		{4B5F5DE3-355B-32E2-B473-ED706D61EEDB} = {4B5F5DE3-355B-32E2-B473-ED706D61EEDB}
	EndProjectSection
EndProject
Project("{8BC9CEB8-8B4A-11D0-8D11-00A0C91BC942}") = "Test_BulletDynamics", "test\BulletDynamics\pendulum\Test_BulletDynamics.vcxproj", "{D6536BDA-17F8-3C1E-873E-FD11BE029CA2}"
	ProjectSection(ProjectDependencies) = postProject
		{5E5983A7-9D35-396D-93AB-CFB0BE766565} = {5E5983A7-9D35-396D-93AB-CFB0BE766565}
		{7864590D-7319-3CF9-9EB5-8FCED028F065} = {7864590D-7319-3CF9-9EB5-8FCED028F065}
		{44109FD7-C9B7-3CE7-9B3C-4AE111810187} = {44109FD7-C9B7-3CE7-9B3C-4AE111810187}
		{4B5F5DE3-355B-32E2-B473-ED706D61EEDB} = {4B5F5DE3-355B-32E2-B473-ED706D61EEDB}
		{D5828879-0C4C-30A6-AC81-FD5F069369DB} = {D5828879-0C4C-30A6-AC81-FD5F069369DB}
	EndProjectSection
EndProject
Project("{8BC9CEB8-8B4A-11D0-8D11-00A0C91BC942}") = "Test_BulletInverseDynamics", "test\InverseDynamics\Test_BulletInverseDynamics.vcxproj", "{A6E7844C-7FDB-3875-BC36-E47B0ED2EFD6}"
	ProjectSection(ProjectDependencies) = postProject
		{3DA5C8F0-D689-395B-BE33-C3C89B0F11BC} = {3DA5C8F0-D689-395B-BE33-C3C89B0F11BC}
		{5E5983A7-9D35-396D-93AB-CFB0BE766565} = {5E5983A7-9D35-396D-93AB-CFB0BE766565}
		{7864590D-7319-3CF9-9EB5-8FCED028F065} = {7864590D-7319-3CF9-9EB5-8FCED028F065}
		{9A66C8E7-376E-325D-887F-1CD1F83A1687} = {9A66C8E7-376E-325D-887F-1CD1F83A1687}
		{B3525391-173B-374F-8386-F29C51C48BB1} = {B3525391-173B-374F-8386-F29C51C48BB1}
		{44109FD7-C9B7-3CE7-9B3C-4AE111810187} = {44109FD7-C9B7-3CE7-9B3C-4AE111810187}
		{4B5F5DE3-355B-32E2-B473-ED706D61EEDB} = {4B5F5DE3-355B-32E2-B473-ED706D61EEDB}
		{D5828879-0C4C-30A6-AC81-FD5F069369DB} = {D5828879-0C4C-30A6-AC81-FD5F069369DB}
	EndProjectSection
EndProject
Project("{8BC9CEB8-8B4A-11D0-8D11-00A0C91BC942}") = "Test_BulletInverseDynamicsJacobian", "test\InverseDynamics\Test_BulletInverseDynamicsJacobian.vcxproj", "{DA1EA42D-5670-3507-8DA6-AD176AF0DA25}"
	ProjectSection(ProjectDependencies) = postProject
		{3DA5C8F0-D689-395B-BE33-C3C89B0F11BC} = {3DA5C8F0-D689-395B-BE33-C3C89B0F11BC}
		{9A66C8E7-376E-325D-887F-1CD1F83A1687} = {9A66C8E7-376E-325D-887F-1CD1F83A1687}
		{B3525391-173B-374F-8386-F29C51C48BB1} = {B3525391-173B-374F-8386-F29C51C48BB1}
		{44109FD7-C9B7-3CE7-9B3C-4AE111810187} = {44109FD7-C9B7-3CE7-9B3C-4AE111810187}
		{4B5F5DE3-355B-32E2-B473-ED706D61EEDB} = {4B5F5DE3-355B-32E2-B473-ED706D61EEDB}
		{D5828879-0C4C-30A6-AC81-FD5F069369DB} = {D5828879-0C4C-30A6-AC81-FD5F069369DB}
	EndProjectSection
EndProject
Project("{8BC9CEB8-8B4A-11D0-8D11-00A0C91BC942}") = "Test_BulletInverseForwardDynamics", "test\InverseDynamics\Test_BulletInverseForwardDynamics.vcxproj", "{40D7F8FB-E6FB-3AA1-80EA-D031CAAF8FF7}"
	ProjectSection(ProjectDependencies) = postProject
		{3DA5C8F0-D689-395B-BE33-C3C89B0F11BC} = {3DA5C8F0-D689-395B-BE33-C3C89B0F11BC}
		{5E5983A7-9D35-396D-93AB-CFB0BE766565} = {5E5983A7-9D35-396D-93AB-CFB0BE766565}
		{7864590D-7319-3CF9-9EB5-8FCED028F065} = {7864590D-7319-3CF9-9EB5-8FCED028F065}
		{9A66C8E7-376E-325D-887F-1CD1F83A1687} = {9A66C8E7-376E-325D-887F-1CD1F83A1687}
		{B3525391-173B-374F-8386-F29C51C48BB1} = {B3525391-173B-374F-8386-F29C51C48BB1}
		{44109FD7-C9B7-3CE7-9B3C-4AE111810187} = {44109FD7-C9B7-3CE7-9B3C-4AE111810187}
		{4B5F5DE3-355B-32E2-B473-ED706D61EEDB} = {4B5F5DE3-355B-32E2-B473-ED706D61EEDB}
		{D5828879-0C4C-30A6-AC81-FD5F069369DB} = {D5828879-0C4C-30A6-AC81-FD5F069369DB}
	EndProjectSection
EndProject
Project("{8BC9CEB8-8B4A-11D0-8D11-00A0C91BC942}") = "Test_Collision", "test\collision\Test_Collision.vcxproj", "{DBB940CB-98C8-39FB-97E3-076C70C4CAE0}"
	ProjectSection(ProjectDependencies) = postProject
		{44109FD7-C9B7-3CE7-9B3C-4AE111810187} = {44109FD7-C9B7-3CE7-9B3C-4AE111810187}
		{4B5F5DE3-355B-32E2-B473-ED706D61EEDB} = {4B5F5DE3-355B-32E2-B473-ED706D61EEDB}
		{D5828879-0C4C-30A6-AC81-FD5F069369DB} = {D5828879-0C4C-30A6-AC81-FD5F069369DB}
	EndProjectSection
EndProject
Project("{8BC9CEB8-8B4A-11D0-8D11-00A0C91BC942}") = "Test_PhysicsClientServer", "test\SharedMemory\Test_PhysicsClientServer.vcxproj", "{B92D4029-14CE-3D20-95B6-EB91B5D71F0C}"
	ProjectSection(ProjectDependencies) = postProject
		{3DA5C8F0-D689-395B-BE33-C3C89B0F11BC} = {3DA5C8F0-D689-395B-BE33-C3C89B0F11BC}
		{5E5983A7-9D35-396D-93AB-CFB0BE766565} = {5E5983A7-9D35-396D-93AB-CFB0BE766565}
		{7864590D-7319-3CF9-9EB5-8FCED028F065} = {7864590D-7319-3CF9-9EB5-8FCED028F065}
		{6B5E1F6E-B2A9-3E6D-8221-0997584988D6} = {6B5E1F6E-B2A9-3E6D-8221-0997584988D6}
		{9A66C8E7-376E-325D-887F-1CD1F83A1687} = {9A66C8E7-376E-325D-887F-1CD1F83A1687}
		{B3525391-173B-374F-8386-F29C51C48BB1} = {B3525391-173B-374F-8386-F29C51C48BB1}
		{CB2A34A1-14FC-3B4B-89D9-E5092BDB54E0} = {CB2A34A1-14FC-3B4B-89D9-E5092BDB54E0}
		{9542A3D9-8E86-3A00-A561-1DB4CABD1EFE} = {9542A3D9-8E86-3A00-A561-1DB4CABD1EFE}
		{44109FD7-C9B7-3CE7-9B3C-4AE111810187} = {44109FD7-C9B7-3CE7-9B3C-4AE111810187}
		{4B5F5DE3-355B-32E2-B473-ED706D61EEDB} = {4B5F5DE3-355B-32E2-B473-ED706D61EEDB}
		{D5828879-0C4C-30A6-AC81-FD5F069369DB} = {D5828879-0C4C-30A6-AC81-FD5F069369DB}
	EndProjectSection
EndProject
Project("{8BC9CEB8-8B4A-11D0-8D11-00A0C91BC942}") = "ZERO_CHECK", "ZERO_CHECK.vcxproj", "{4B5F5DE3-355B-32E2-B473-ED706D61EEDB}"
	ProjectSection(ProjectDependencies) = postProject
	EndProjectSection
EndProject
Project("{8BC9CEB8-8B4A-11D0-8D11-00A0C91BC942}") = "clsocket", "examples\ThirdPartyLibs\clsocket\clsocket.vcxproj", "{38D976F4-C548-33D3-BA13-774612D53105}"
	ProjectSection(ProjectDependencies) = postProject
		{4B5F5DE3-355B-32E2-B473-ED706D61EEDB} = {4B5F5DE3-355B-32E2-B473-ED706D61EEDB}
	EndProjectSection
EndProject
Project("{8BC9CEB8-8B4A-11D0-8D11-00A0C91BC942}") = "gtest", "test\gtest-1.7.0\gtest.vcxproj", "{D5828879-0C4C-30A6-AC81-FD5F069369DB}"
	ProjectSection(ProjectDependencies) = postProject
		{4B5F5DE3-355B-32E2-B473-ED706D61EEDB} = {4B5F5DE3-355B-32E2-B473-ED706D61EEDB}
	EndProjectSection
EndProject
Project("{8BC9CEB8-8B4A-11D0-8D11-00A0C91BC942}") = "gwen", "examples\ThirdPartyLibs\Gwen\gwen.vcxproj", "{1584BDA7-CACE-3C4F-9B61-AB4689787B99}"
	ProjectSection(ProjectDependencies) = postProject
		{4B5F5DE3-355B-32E2-B473-ED706D61EEDB} = {4B5F5DE3-355B-32E2-B473-ED706D61EEDB}
	EndProjectSection
EndProject
Project("{8BC9CEB8-8B4A-11D0-8D11-00A0C91BC942}") = "pybullet", "examples\pybullet\pybullet.vcxproj", "{A4D6D993-65D4-3B3A-94AE-40555F355BB8}"
	ProjectSection(ProjectDependencies) = postProject
		{3DA5C8F0-D689-395B-BE33-C3C89B0F11BC} = {3DA5C8F0-D689-395B-BE33-C3C89B0F11BC}
		{5E5983A7-9D35-396D-93AB-CFB0BE766565} = {5E5983A7-9D35-396D-93AB-CFB0BE766565}
		{7864590D-7319-3CF9-9EB5-8FCED028F065} = {7864590D-7319-3CF9-9EB5-8FCED028F065}
		{C0F387CB-F98C-3AEC-9891-D9793693A30E} = {C0F387CB-F98C-3AEC-9891-D9793693A30E}
		{6B5E1F6E-B2A9-3E6D-8221-0997584988D6} = {6B5E1F6E-B2A9-3E6D-8221-0997584988D6}
		{9A66C8E7-376E-325D-887F-1CD1F83A1687} = {9A66C8E7-376E-325D-887F-1CD1F83A1687}
		{B3525391-173B-374F-8386-F29C51C48BB1} = {B3525391-173B-374F-8386-F29C51C48BB1}
		{12A4F7E1-3ECB-3A52-8AC6-F8326B14ADEB} = {12A4F7E1-3ECB-3A52-8AC6-F8326B14ADEB}
		{CB2A34A1-14FC-3B4B-89D9-E5092BDB54E0} = {CB2A34A1-14FC-3B4B-89D9-E5092BDB54E0}
		{9542A3D9-8E86-3A00-A561-1DB4CABD1EFE} = {9542A3D9-8E86-3A00-A561-1DB4CABD1EFE}
		{44109FD7-C9B7-3CE7-9B3C-4AE111810187} = {44109FD7-C9B7-3CE7-9B3C-4AE111810187}
		{B7FEF640-B230-3EE8-BCBA-2DBA851C97E8} = {B7FEF640-B230-3EE8-BCBA-2DBA851C97E8}
		{4B5F5DE3-355B-32E2-B473-ED706D61EEDB} = {4B5F5DE3-355B-32E2-B473-ED706D61EEDB}
		{1584BDA7-CACE-3C4F-9B61-AB4689787B99} = {1584BDA7-CACE-3C4F-9B61-AB4689787B99}
	EndProjectSection
EndProject
Global
	GlobalSection(SolutionConfigurationPlatforms) = preSolution
		Debug|Win32 = Debug|Win32
		Release|Win32 = Release|Win32
		MinSizeRel|Win32 = MinSizeRel|Win32
		RelWithDebInfo|Win32 = RelWithDebInfo|Win32
	EndGlobalSection
	GlobalSection(ProjectConfigurationPlatforms) = postSolution
		{CA14B9E0-5414-3DBC-8E0C-A7EC829977ED}.Debug|Win32.ActiveCfg = Debug|Win32
		{CA14B9E0-5414-3DBC-8E0C-A7EC829977ED}.Debug|Win32.Build.0 = Debug|Win32
		{CA14B9E0-5414-3DBC-8E0C-A7EC829977ED}.Release|Win32.ActiveCfg = Release|Win32
		{CA14B9E0-5414-3DBC-8E0C-A7EC829977ED}.Release|Win32.Build.0 = Release|Win32
		{CA14B9E0-5414-3DBC-8E0C-A7EC829977ED}.MinSizeRel|Win32.ActiveCfg = MinSizeRel|Win32
		{CA14B9E0-5414-3DBC-8E0C-A7EC829977ED}.MinSizeRel|Win32.Build.0 = MinSizeRel|Win32
		{CA14B9E0-5414-3DBC-8E0C-A7EC829977ED}.RelWithDebInfo|Win32.ActiveCfg = RelWithDebInfo|Win32
		{CA14B9E0-5414-3DBC-8E0C-A7EC829977ED}.RelWithDebInfo|Win32.Build.0 = RelWithDebInfo|Win32
		{1C1FBF97-3645-3639-B4FB-93C61C78EFEB}.Debug|Win32.ActiveCfg = Debug|Win32
		{1C1FBF97-3645-3639-B4FB-93C61C78EFEB}.Debug|Win32.Build.0 = Debug|Win32
		{1C1FBF97-3645-3639-B4FB-93C61C78EFEB}.Release|Win32.ActiveCfg = Release|Win32
		{1C1FBF97-3645-3639-B4FB-93C61C78EFEB}.Release|Win32.Build.0 = Release|Win32
		{1C1FBF97-3645-3639-B4FB-93C61C78EFEB}.MinSizeRel|Win32.ActiveCfg = MinSizeRel|Win32
		{1C1FBF97-3645-3639-B4FB-93C61C78EFEB}.MinSizeRel|Win32.Build.0 = MinSizeRel|Win32
		{1C1FBF97-3645-3639-B4FB-93C61C78EFEB}.RelWithDebInfo|Win32.ActiveCfg = RelWithDebInfo|Win32
		{1C1FBF97-3645-3639-B4FB-93C61C78EFEB}.RelWithDebInfo|Win32.Build.0 = RelWithDebInfo|Win32
		{925AB424-19AC-393F-A386-CBA8A6F58082}.Debug|Win32.ActiveCfg = Debug|Win32
		{925AB424-19AC-393F-A386-CBA8A6F58082}.Debug|Win32.Build.0 = Debug|Win32
		{925AB424-19AC-393F-A386-CBA8A6F58082}.Release|Win32.ActiveCfg = Release|Win32
		{925AB424-19AC-393F-A386-CBA8A6F58082}.Release|Win32.Build.0 = Release|Win32
		{925AB424-19AC-393F-A386-CBA8A6F58082}.MinSizeRel|Win32.ActiveCfg = MinSizeRel|Win32
		{925AB424-19AC-393F-A386-CBA8A6F58082}.MinSizeRel|Win32.Build.0 = MinSizeRel|Win32
		{925AB424-19AC-393F-A386-CBA8A6F58082}.RelWithDebInfo|Win32.ActiveCfg = RelWithDebInfo|Win32
		{925AB424-19AC-393F-A386-CBA8A6F58082}.RelWithDebInfo|Win32.Build.0 = RelWithDebInfo|Win32
		{A43182EC-DA35-3607-99D8-EAAA08C962BC}.Debug|Win32.ActiveCfg = Debug|Win32
		{A43182EC-DA35-3607-99D8-EAAA08C962BC}.Debug|Win32.Build.0 = Debug|Win32
		{A43182EC-DA35-3607-99D8-EAAA08C962BC}.Release|Win32.ActiveCfg = Release|Win32
		{A43182EC-DA35-3607-99D8-EAAA08C962BC}.Release|Win32.Build.0 = Release|Win32
		{A43182EC-DA35-3607-99D8-EAAA08C962BC}.MinSizeRel|Win32.ActiveCfg = MinSizeRel|Win32
		{A43182EC-DA35-3607-99D8-EAAA08C962BC}.MinSizeRel|Win32.Build.0 = MinSizeRel|Win32
		{A43182EC-DA35-3607-99D8-EAAA08C962BC}.RelWithDebInfo|Win32.ActiveCfg = RelWithDebInfo|Win32
		{A43182EC-DA35-3607-99D8-EAAA08C962BC}.RelWithDebInfo|Win32.Build.0 = RelWithDebInfo|Win32
		{65E68915-A697-3ADC-A9D1-0F489ADCB437}.Debug|Win32.ActiveCfg = Debug|Win32
		{65E68915-A697-3ADC-A9D1-0F489ADCB437}.Debug|Win32.Build.0 = Debug|Win32
		{65E68915-A697-3ADC-A9D1-0F489ADCB437}.Release|Win32.ActiveCfg = Release|Win32
		{65E68915-A697-3ADC-A9D1-0F489ADCB437}.Release|Win32.Build.0 = Release|Win32
		{65E68915-A697-3ADC-A9D1-0F489ADCB437}.MinSizeRel|Win32.ActiveCfg = MinSizeRel|Win32
		{65E68915-A697-3ADC-A9D1-0F489ADCB437}.MinSizeRel|Win32.Build.0 = MinSizeRel|Win32
		{65E68915-A697-3ADC-A9D1-0F489ADCB437}.RelWithDebInfo|Win32.ActiveCfg = RelWithDebInfo|Win32
		{65E68915-A697-3ADC-A9D1-0F489ADCB437}.RelWithDebInfo|Win32.Build.0 = RelWithDebInfo|Win32
		{8D088028-7CC0-3ADC-9067-E5D92F9C994B}.Debug|Win32.ActiveCfg = Debug|Win32
		{8D088028-7CC0-3ADC-9067-E5D92F9C994B}.Debug|Win32.Build.0 = Debug|Win32
		{8D088028-7CC0-3ADC-9067-E5D92F9C994B}.Release|Win32.ActiveCfg = Release|Win32
		{8D088028-7CC0-3ADC-9067-E5D92F9C994B}.Release|Win32.Build.0 = Release|Win32
		{8D088028-7CC0-3ADC-9067-E5D92F9C994B}.MinSizeRel|Win32.ActiveCfg = MinSizeRel|Win32
		{8D088028-7CC0-3ADC-9067-E5D92F9C994B}.MinSizeRel|Win32.Build.0 = MinSizeRel|Win32
		{8D088028-7CC0-3ADC-9067-E5D92F9C994B}.RelWithDebInfo|Win32.ActiveCfg = RelWithDebInfo|Win32
		{8D088028-7CC0-3ADC-9067-E5D92F9C994B}.RelWithDebInfo|Win32.Build.0 = RelWithDebInfo|Win32
		{2EDA58E4-61D2-3F18-BD28-24DB075919C2}.Debug|Win32.ActiveCfg = Debug|Win32
		{2EDA58E4-61D2-3F18-BD28-24DB075919C2}.Debug|Win32.Build.0 = Debug|Win32
		{2EDA58E4-61D2-3F18-BD28-24DB075919C2}.Release|Win32.ActiveCfg = Release|Win32
		{2EDA58E4-61D2-3F18-BD28-24DB075919C2}.Release|Win32.Build.0 = Release|Win32
		{2EDA58E4-61D2-3F18-BD28-24DB075919C2}.MinSizeRel|Win32.ActiveCfg = MinSizeRel|Win32
		{2EDA58E4-61D2-3F18-BD28-24DB075919C2}.MinSizeRel|Win32.Build.0 = MinSizeRel|Win32
		{2EDA58E4-61D2-3F18-BD28-24DB075919C2}.RelWithDebInfo|Win32.ActiveCfg = RelWithDebInfo|Win32
		{2EDA58E4-61D2-3F18-BD28-24DB075919C2}.RelWithDebInfo|Win32.Build.0 = RelWithDebInfo|Win32
		{B4CD4C19-46D8-35EF-89C2-A7178660CD63}.Debug|Win32.ActiveCfg = Debug|Win32
		{B4CD4C19-46D8-35EF-89C2-A7178660CD63}.Debug|Win32.Build.0 = Debug|Win32
		{B4CD4C19-46D8-35EF-89C2-A7178660CD63}.Release|Win32.ActiveCfg = Release|Win32
		{B4CD4C19-46D8-35EF-89C2-A7178660CD63}.Release|Win32.Build.0 = Release|Win32
		{B4CD4C19-46D8-35EF-89C2-A7178660CD63}.MinSizeRel|Win32.ActiveCfg = MinSizeRel|Win32
		{B4CD4C19-46D8-35EF-89C2-A7178660CD63}.MinSizeRel|Win32.Build.0 = MinSizeRel|Win32
		{B4CD4C19-46D8-35EF-89C2-A7178660CD63}.RelWithDebInfo|Win32.ActiveCfg = RelWithDebInfo|Win32
		{B4CD4C19-46D8-35EF-89C2-A7178660CD63}.RelWithDebInfo|Win32.Build.0 = RelWithDebInfo|Win32
		{CE08335B-7816-3CE0-B576-BBACD5235C01}.Debug|Win32.ActiveCfg = Debug|Win32
		{CE08335B-7816-3CE0-B576-BBACD5235C01}.Debug|Win32.Build.0 = Debug|Win32
		{CE08335B-7816-3CE0-B576-BBACD5235C01}.Release|Win32.ActiveCfg = Release|Win32
		{CE08335B-7816-3CE0-B576-BBACD5235C01}.Release|Win32.Build.0 = Release|Win32
		{CE08335B-7816-3CE0-B576-BBACD5235C01}.MinSizeRel|Win32.ActiveCfg = MinSizeRel|Win32
		{CE08335B-7816-3CE0-B576-BBACD5235C01}.MinSizeRel|Win32.Build.0 = MinSizeRel|Win32
		{CE08335B-7816-3CE0-B576-BBACD5235C01}.RelWithDebInfo|Win32.ActiveCfg = RelWithDebInfo|Win32
		{CE08335B-7816-3CE0-B576-BBACD5235C01}.RelWithDebInfo|Win32.Build.0 = RelWithDebInfo|Win32
		{9D14FFD4-A9E1-33D7-9E98-0DF60F9FFB1B}.Debug|Win32.ActiveCfg = Debug|Win32
		{9D14FFD4-A9E1-33D7-9E98-0DF60F9FFB1B}.Debug|Win32.Build.0 = Debug|Win32
		{9D14FFD4-A9E1-33D7-9E98-0DF60F9FFB1B}.Release|Win32.ActiveCfg = Release|Win32
		{9D14FFD4-A9E1-33D7-9E98-0DF60F9FFB1B}.Release|Win32.Build.0 = Release|Win32
		{9D14FFD4-A9E1-33D7-9E98-0DF60F9FFB1B}.MinSizeRel|Win32.ActiveCfg = MinSizeRel|Win32
		{9D14FFD4-A9E1-33D7-9E98-0DF60F9FFB1B}.MinSizeRel|Win32.Build.0 = MinSizeRel|Win32
		{9D14FFD4-A9E1-33D7-9E98-0DF60F9FFB1B}.RelWithDebInfo|Win32.ActiveCfg = RelWithDebInfo|Win32
		{9D14FFD4-A9E1-33D7-9E98-0DF60F9FFB1B}.RelWithDebInfo|Win32.Build.0 = RelWithDebInfo|Win32
		{0DDF05BA-1E42-3A50-9E75-7B1ADAC90BAD}.Debug|Win32.ActiveCfg = Debug|Win32
		{0DDF05BA-1E42-3A50-9E75-7B1ADAC90BAD}.Debug|Win32.Build.0 = Debug|Win32
		{0DDF05BA-1E42-3A50-9E75-7B1ADAC90BAD}.Release|Win32.ActiveCfg = Release|Win32
		{0DDF05BA-1E42-3A50-9E75-7B1ADAC90BAD}.Release|Win32.Build.0 = Release|Win32
		{0DDF05BA-1E42-3A50-9E75-7B1ADAC90BAD}.MinSizeRel|Win32.ActiveCfg = MinSizeRel|Win32
		{0DDF05BA-1E42-3A50-9E75-7B1ADAC90BAD}.MinSizeRel|Win32.Build.0 = MinSizeRel|Win32
		{0DDF05BA-1E42-3A50-9E75-7B1ADAC90BAD}.RelWithDebInfo|Win32.ActiveCfg = RelWithDebInfo|Win32
		{0DDF05BA-1E42-3A50-9E75-7B1ADAC90BAD}.RelWithDebInfo|Win32.Build.0 = RelWithDebInfo|Win32
		{57818890-EDF8-362D-A5AB-84D5DF3ECB03}.Debug|Win32.ActiveCfg = Debug|Win32
		{57818890-EDF8-362D-A5AB-84D5DF3ECB03}.Debug|Win32.Build.0 = Debug|Win32
		{57818890-EDF8-362D-A5AB-84D5DF3ECB03}.Release|Win32.ActiveCfg = Release|Win32
		{57818890-EDF8-362D-A5AB-84D5DF3ECB03}.Release|Win32.Build.0 = Release|Win32
		{57818890-EDF8-362D-A5AB-84D5DF3ECB03}.MinSizeRel|Win32.ActiveCfg = MinSizeRel|Win32
		{57818890-EDF8-362D-A5AB-84D5DF3ECB03}.MinSizeRel|Win32.Build.0 = MinSizeRel|Win32
		{57818890-EDF8-362D-A5AB-84D5DF3ECB03}.RelWithDebInfo|Win32.ActiveCfg = RelWithDebInfo|Win32
		{57818890-EDF8-362D-A5AB-84D5DF3ECB03}.RelWithDebInfo|Win32.Build.0 = RelWithDebInfo|Win32
		{3DA5C8F0-D689-395B-BE33-C3C89B0F11BC}.Debug|Win32.ActiveCfg = Debug|Win32
		{3DA5C8F0-D689-395B-BE33-C3C89B0F11BC}.Debug|Win32.Build.0 = Debug|Win32
		{3DA5C8F0-D689-395B-BE33-C3C89B0F11BC}.Release|Win32.ActiveCfg = Release|Win32
		{3DA5C8F0-D689-395B-BE33-C3C89B0F11BC}.Release|Win32.Build.0 = Release|Win32
		{3DA5C8F0-D689-395B-BE33-C3C89B0F11BC}.MinSizeRel|Win32.ActiveCfg = MinSizeRel|Win32
		{3DA5C8F0-D689-395B-BE33-C3C89B0F11BC}.MinSizeRel|Win32.Build.0 = MinSizeRel|Win32
		{3DA5C8F0-D689-395B-BE33-C3C89B0F11BC}.RelWithDebInfo|Win32.ActiveCfg = RelWithDebInfo|Win32
		{3DA5C8F0-D689-395B-BE33-C3C89B0F11BC}.RelWithDebInfo|Win32.Build.0 = RelWithDebInfo|Win32
		{1DF30B99-301C-3B74-AD95-8F6C44C1B581}.Debug|Win32.ActiveCfg = Debug|Win32
		{1DF30B99-301C-3B74-AD95-8F6C44C1B581}.Debug|Win32.Build.0 = Debug|Win32
		{1DF30B99-301C-3B74-AD95-8F6C44C1B581}.Release|Win32.ActiveCfg = Release|Win32
		{1DF30B99-301C-3B74-AD95-8F6C44C1B581}.Release|Win32.Build.0 = Release|Win32
		{1DF30B99-301C-3B74-AD95-8F6C44C1B581}.MinSizeRel|Win32.ActiveCfg = MinSizeRel|Win32
		{1DF30B99-301C-3B74-AD95-8F6C44C1B581}.MinSizeRel|Win32.Build.0 = MinSizeRel|Win32
		{1DF30B99-301C-3B74-AD95-8F6C44C1B581}.RelWithDebInfo|Win32.ActiveCfg = RelWithDebInfo|Win32
		{1DF30B99-301C-3B74-AD95-8F6C44C1B581}.RelWithDebInfo|Win32.Build.0 = RelWithDebInfo|Win32
		{422A724D-B2EB-39E2-A0FC-74125845AD20}.Debug|Win32.ActiveCfg = Debug|Win32
		{422A724D-B2EB-39E2-A0FC-74125845AD20}.Debug|Win32.Build.0 = Debug|Win32
		{422A724D-B2EB-39E2-A0FC-74125845AD20}.Release|Win32.ActiveCfg = Release|Win32
		{422A724D-B2EB-39E2-A0FC-74125845AD20}.Release|Win32.Build.0 = Release|Win32
		{422A724D-B2EB-39E2-A0FC-74125845AD20}.MinSizeRel|Win32.ActiveCfg = MinSizeRel|Win32
		{422A724D-B2EB-39E2-A0FC-74125845AD20}.MinSizeRel|Win32.Build.0 = MinSizeRel|Win32
		{422A724D-B2EB-39E2-A0FC-74125845AD20}.RelWithDebInfo|Win32.ActiveCfg = RelWithDebInfo|Win32
		{422A724D-B2EB-39E2-A0FC-74125845AD20}.RelWithDebInfo|Win32.Build.0 = RelWithDebInfo|Win32
		{D7816510-0592-3A73-AADF-DBD28DF871A6}.Debug|Win32.ActiveCfg = Debug|Win32
		{D7816510-0592-3A73-AADF-DBD28DF871A6}.Debug|Win32.Build.0 = Debug|Win32
		{D7816510-0592-3A73-AADF-DBD28DF871A6}.Release|Win32.ActiveCfg = Release|Win32
		{D7816510-0592-3A73-AADF-DBD28DF871A6}.Release|Win32.Build.0 = Release|Win32
		{D7816510-0592-3A73-AADF-DBD28DF871A6}.MinSizeRel|Win32.ActiveCfg = MinSizeRel|Win32
		{D7816510-0592-3A73-AADF-DBD28DF871A6}.MinSizeRel|Win32.Build.0 = MinSizeRel|Win32
		{D7816510-0592-3A73-AADF-DBD28DF871A6}.RelWithDebInfo|Win32.ActiveCfg = RelWithDebInfo|Win32
		{D7816510-0592-3A73-AADF-DBD28DF871A6}.RelWithDebInfo|Win32.Build.0 = RelWithDebInfo|Win32
		{5E5983A7-9D35-396D-93AB-CFB0BE766565}.Debug|Win32.ActiveCfg = Debug|Win32
		{5E5983A7-9D35-396D-93AB-CFB0BE766565}.Debug|Win32.Build.0 = Debug|Win32
		{5E5983A7-9D35-396D-93AB-CFB0BE766565}.Release|Win32.ActiveCfg = Release|Win32
		{5E5983A7-9D35-396D-93AB-CFB0BE766565}.Release|Win32.Build.0 = Release|Win32
		{5E5983A7-9D35-396D-93AB-CFB0BE766565}.MinSizeRel|Win32.ActiveCfg = MinSizeRel|Win32
		{5E5983A7-9D35-396D-93AB-CFB0BE766565}.MinSizeRel|Win32.Build.0 = MinSizeRel|Win32
		{5E5983A7-9D35-396D-93AB-CFB0BE766565}.RelWithDebInfo|Win32.ActiveCfg = RelWithDebInfo|Win32
		{5E5983A7-9D35-396D-93AB-CFB0BE766565}.RelWithDebInfo|Win32.Build.0 = RelWithDebInfo|Win32
		{7864590D-7319-3CF9-9EB5-8FCED028F065}.Debug|Win32.ActiveCfg = Debug|Win32
		{7864590D-7319-3CF9-9EB5-8FCED028F065}.Debug|Win32.Build.0 = Debug|Win32
		{7864590D-7319-3CF9-9EB5-8FCED028F065}.Release|Win32.ActiveCfg = Release|Win32
		{7864590D-7319-3CF9-9EB5-8FCED028F065}.Release|Win32.Build.0 = Release|Win32
		{7864590D-7319-3CF9-9EB5-8FCED028F065}.MinSizeRel|Win32.ActiveCfg = MinSizeRel|Win32
		{7864590D-7319-3CF9-9EB5-8FCED028F065}.MinSizeRel|Win32.Build.0 = MinSizeRel|Win32
		{7864590D-7319-3CF9-9EB5-8FCED028F065}.RelWithDebInfo|Win32.ActiveCfg = RelWithDebInfo|Win32
		{7864590D-7319-3CF9-9EB5-8FCED028F065}.RelWithDebInfo|Win32.Build.0 = RelWithDebInfo|Win32
		{C0F387CB-F98C-3AEC-9891-D9793693A30E}.Debug|Win32.ActiveCfg = Debug|Win32
		{C0F387CB-F98C-3AEC-9891-D9793693A30E}.Debug|Win32.Build.0 = Debug|Win32
		{C0F387CB-F98C-3AEC-9891-D9793693A30E}.Release|Win32.ActiveCfg = Release|Win32
		{C0F387CB-F98C-3AEC-9891-D9793693A30E}.Release|Win32.Build.0 = Release|Win32
		{C0F387CB-F98C-3AEC-9891-D9793693A30E}.MinSizeRel|Win32.ActiveCfg = MinSizeRel|Win32
		{C0F387CB-F98C-3AEC-9891-D9793693A30E}.MinSizeRel|Win32.Build.0 = MinSizeRel|Win32
		{C0F387CB-F98C-3AEC-9891-D9793693A30E}.RelWithDebInfo|Win32.ActiveCfg = RelWithDebInfo|Win32
		{C0F387CB-F98C-3AEC-9891-D9793693A30E}.RelWithDebInfo|Win32.Build.0 = RelWithDebInfo|Win32
		{6B5E1F6E-B2A9-3E6D-8221-0997584988D6}.Debug|Win32.ActiveCfg = Debug|Win32
		{6B5E1F6E-B2A9-3E6D-8221-0997584988D6}.Debug|Win32.Build.0 = Debug|Win32
		{6B5E1F6E-B2A9-3E6D-8221-0997584988D6}.Release|Win32.ActiveCfg = Release|Win32
		{6B5E1F6E-B2A9-3E6D-8221-0997584988D6}.Release|Win32.Build.0 = Release|Win32
		{6B5E1F6E-B2A9-3E6D-8221-0997584988D6}.MinSizeRel|Win32.ActiveCfg = MinSizeRel|Win32
		{6B5E1F6E-B2A9-3E6D-8221-0997584988D6}.MinSizeRel|Win32.Build.0 = MinSizeRel|Win32
		{6B5E1F6E-B2A9-3E6D-8221-0997584988D6}.RelWithDebInfo|Win32.ActiveCfg = RelWithDebInfo|Win32
		{6B5E1F6E-B2A9-3E6D-8221-0997584988D6}.RelWithDebInfo|Win32.Build.0 = RelWithDebInfo|Win32
		{9A66C8E7-376E-325D-887F-1CD1F83A1687}.Debug|Win32.ActiveCfg = Debug|Win32
		{9A66C8E7-376E-325D-887F-1CD1F83A1687}.Debug|Win32.Build.0 = Debug|Win32
		{9A66C8E7-376E-325D-887F-1CD1F83A1687}.Release|Win32.ActiveCfg = Release|Win32
		{9A66C8E7-376E-325D-887F-1CD1F83A1687}.Release|Win32.Build.0 = Release|Win32
		{9A66C8E7-376E-325D-887F-1CD1F83A1687}.MinSizeRel|Win32.ActiveCfg = MinSizeRel|Win32
		{9A66C8E7-376E-325D-887F-1CD1F83A1687}.MinSizeRel|Win32.Build.0 = MinSizeRel|Win32
		{9A66C8E7-376E-325D-887F-1CD1F83A1687}.RelWithDebInfo|Win32.ActiveCfg = RelWithDebInfo|Win32
		{9A66C8E7-376E-325D-887F-1CD1F83A1687}.RelWithDebInfo|Win32.Build.0 = RelWithDebInfo|Win32
		{B3525391-173B-374F-8386-F29C51C48BB1}.Debug|Win32.ActiveCfg = Debug|Win32
		{B3525391-173B-374F-8386-F29C51C48BB1}.Debug|Win32.Build.0 = Debug|Win32
		{B3525391-173B-374F-8386-F29C51C48BB1}.Release|Win32.ActiveCfg = Release|Win32
		{B3525391-173B-374F-8386-F29C51C48BB1}.Release|Win32.Build.0 = Release|Win32
		{B3525391-173B-374F-8386-F29C51C48BB1}.MinSizeRel|Win32.ActiveCfg = MinSizeRel|Win32
		{B3525391-173B-374F-8386-F29C51C48BB1}.MinSizeRel|Win32.Build.0 = MinSizeRel|Win32
		{B3525391-173B-374F-8386-F29C51C48BB1}.RelWithDebInfo|Win32.ActiveCfg = RelWithDebInfo|Win32
		{B3525391-173B-374F-8386-F29C51C48BB1}.RelWithDebInfo|Win32.Build.0 = RelWithDebInfo|Win32
		{12A4F7E1-3ECB-3A52-8AC6-F8326B14ADEB}.Debug|Win32.ActiveCfg = Debug|Win32
		{12A4F7E1-3ECB-3A52-8AC6-F8326B14ADEB}.Debug|Win32.Build.0 = Debug|Win32
		{12A4F7E1-3ECB-3A52-8AC6-F8326B14ADEB}.Release|Win32.ActiveCfg = Release|Win32
		{12A4F7E1-3ECB-3A52-8AC6-F8326B14ADEB}.Release|Win32.Build.0 = Release|Win32
		{12A4F7E1-3ECB-3A52-8AC6-F8326B14ADEB}.MinSizeRel|Win32.ActiveCfg = MinSizeRel|Win32
		{12A4F7E1-3ECB-3A52-8AC6-F8326B14ADEB}.MinSizeRel|Win32.Build.0 = MinSizeRel|Win32
		{12A4F7E1-3ECB-3A52-8AC6-F8326B14ADEB}.RelWithDebInfo|Win32.ActiveCfg = RelWithDebInfo|Win32
		{12A4F7E1-3ECB-3A52-8AC6-F8326B14ADEB}.RelWithDebInfo|Win32.Build.0 = RelWithDebInfo|Win32
		{CB2A34A1-14FC-3B4B-89D9-E5092BDB54E0}.Debug|Win32.ActiveCfg = Debug|Win32
		{CB2A34A1-14FC-3B4B-89D9-E5092BDB54E0}.Debug|Win32.Build.0 = Debug|Win32
		{CB2A34A1-14FC-3B4B-89D9-E5092BDB54E0}.Release|Win32.ActiveCfg = Release|Win32
		{CB2A34A1-14FC-3B4B-89D9-E5092BDB54E0}.Release|Win32.Build.0 = Release|Win32
		{CB2A34A1-14FC-3B4B-89D9-E5092BDB54E0}.MinSizeRel|Win32.ActiveCfg = MinSizeRel|Win32
		{CB2A34A1-14FC-3B4B-89D9-E5092BDB54E0}.MinSizeRel|Win32.Build.0 = MinSizeRel|Win32
		{CB2A34A1-14FC-3B4B-89D9-E5092BDB54E0}.RelWithDebInfo|Win32.ActiveCfg = RelWithDebInfo|Win32
		{CB2A34A1-14FC-3B4B-89D9-E5092BDB54E0}.RelWithDebInfo|Win32.Build.0 = RelWithDebInfo|Win32
		{882655EA-EB76-3AD1-8EAB-3ADA7417BD4F}.Debug|Win32.ActiveCfg = Debug|Win32
		{882655EA-EB76-3AD1-8EAB-3ADA7417BD4F}.Debug|Win32.Build.0 = Debug|Win32
		{882655EA-EB76-3AD1-8EAB-3ADA7417BD4F}.Release|Win32.ActiveCfg = Release|Win32
		{882655EA-EB76-3AD1-8EAB-3ADA7417BD4F}.Release|Win32.Build.0 = Release|Win32
		{882655EA-EB76-3AD1-8EAB-3ADA7417BD4F}.MinSizeRel|Win32.ActiveCfg = MinSizeRel|Win32
		{882655EA-EB76-3AD1-8EAB-3ADA7417BD4F}.MinSizeRel|Win32.Build.0 = MinSizeRel|Win32
		{882655EA-EB76-3AD1-8EAB-3ADA7417BD4F}.RelWithDebInfo|Win32.ActiveCfg = RelWithDebInfo|Win32
		{882655EA-EB76-3AD1-8EAB-3ADA7417BD4F}.RelWithDebInfo|Win32.Build.0 = RelWithDebInfo|Win32
		{9542A3D9-8E86-3A00-A561-1DB4CABD1EFE}.Debug|Win32.ActiveCfg = Debug|Win32
		{9542A3D9-8E86-3A00-A561-1DB4CABD1EFE}.Debug|Win32.Build.0 = Debug|Win32
		{9542A3D9-8E86-3A00-A561-1DB4CABD1EFE}.Release|Win32.ActiveCfg = Release|Win32
		{9542A3D9-8E86-3A00-A561-1DB4CABD1EFE}.Release|Win32.Build.0 = Release|Win32
		{9542A3D9-8E86-3A00-A561-1DB4CABD1EFE}.MinSizeRel|Win32.ActiveCfg = MinSizeRel|Win32
		{9542A3D9-8E86-3A00-A561-1DB4CABD1EFE}.MinSizeRel|Win32.Build.0 = MinSizeRel|Win32
		{9542A3D9-8E86-3A00-A561-1DB4CABD1EFE}.RelWithDebInfo|Win32.ActiveCfg = RelWithDebInfo|Win32
		{9542A3D9-8E86-3A00-A561-1DB4CABD1EFE}.RelWithDebInfo|Win32.Build.0 = RelWithDebInfo|Win32
		{06186903-ACEF-32B1-B860-C31231C992CF}.Debug|Win32.ActiveCfg = Debug|Win32
		{06186903-ACEF-32B1-B860-C31231C992CF}.Debug|Win32.Build.0 = Debug|Win32
		{06186903-ACEF-32B1-B860-C31231C992CF}.Release|Win32.ActiveCfg = Release|Win32
		{06186903-ACEF-32B1-B860-C31231C992CF}.Release|Win32.Build.0 = Release|Win32
		{06186903-ACEF-32B1-B860-C31231C992CF}.MinSizeRel|Win32.ActiveCfg = MinSizeRel|Win32
		{06186903-ACEF-32B1-B860-C31231C992CF}.MinSizeRel|Win32.Build.0 = MinSizeRel|Win32
		{06186903-ACEF-32B1-B860-C31231C992CF}.RelWithDebInfo|Win32.ActiveCfg = RelWithDebInfo|Win32
		{06186903-ACEF-32B1-B860-C31231C992CF}.RelWithDebInfo|Win32.Build.0 = RelWithDebInfo|Win32
		{4DFE3DAE-F18D-34E1-A0F2-8EC26FA5517E}.Debug|Win32.ActiveCfg = Debug|Win32
		{4DFE3DAE-F18D-34E1-A0F2-8EC26FA5517E}.Debug|Win32.Build.0 = Debug|Win32
		{4DFE3DAE-F18D-34E1-A0F2-8EC26FA5517E}.Release|Win32.ActiveCfg = Release|Win32
		{4DFE3DAE-F18D-34E1-A0F2-8EC26FA5517E}.Release|Win32.Build.0 = Release|Win32
		{4DFE3DAE-F18D-34E1-A0F2-8EC26FA5517E}.MinSizeRel|Win32.ActiveCfg = MinSizeRel|Win32
		{4DFE3DAE-F18D-34E1-A0F2-8EC26FA5517E}.MinSizeRel|Win32.Build.0 = MinSizeRel|Win32
		{4DFE3DAE-F18D-34E1-A0F2-8EC26FA5517E}.RelWithDebInfo|Win32.ActiveCfg = RelWithDebInfo|Win32
		{4DFE3DAE-F18D-34E1-A0F2-8EC26FA5517E}.RelWithDebInfo|Win32.Build.0 = RelWithDebInfo|Win32
		{3CB54CD6-E509-31B9-AA09-13CDC3A880F8}.Debug|Win32.ActiveCfg = Debug|Win32
		{3CB54CD6-E509-31B9-AA09-13CDC3A880F8}.Debug|Win32.Build.0 = Debug|Win32
		{3CB54CD6-E509-31B9-AA09-13CDC3A880F8}.Release|Win32.ActiveCfg = Release|Win32
		{3CB54CD6-E509-31B9-AA09-13CDC3A880F8}.Release|Win32.Build.0 = Release|Win32
		{3CB54CD6-E509-31B9-AA09-13CDC3A880F8}.MinSizeRel|Win32.ActiveCfg = MinSizeRel|Win32
		{3CB54CD6-E509-31B9-AA09-13CDC3A880F8}.MinSizeRel|Win32.Build.0 = MinSizeRel|Win32
		{3CB54CD6-E509-31B9-AA09-13CDC3A880F8}.RelWithDebInfo|Win32.ActiveCfg = RelWithDebInfo|Win32
		{3CB54CD6-E509-31B9-AA09-13CDC3A880F8}.RelWithDebInfo|Win32.Build.0 = RelWithDebInfo|Win32
		{016CB93E-2482-3FB3-92F8-A6F24B6FFDFA}.Debug|Win32.ActiveCfg = Debug|Win32
		{016CB93E-2482-3FB3-92F8-A6F24B6FFDFA}.Release|Win32.ActiveCfg = Release|Win32
		{016CB93E-2482-3FB3-92F8-A6F24B6FFDFA}.MinSizeRel|Win32.ActiveCfg = MinSizeRel|Win32
		{016CB93E-2482-3FB3-92F8-A6F24B6FFDFA}.RelWithDebInfo|Win32.ActiveCfg = RelWithDebInfo|Win32
		{44109FD7-C9B7-3CE7-9B3C-4AE111810187}.Debug|Win32.ActiveCfg = Debug|Win32
		{44109FD7-C9B7-3CE7-9B3C-4AE111810187}.Debug|Win32.Build.0 = Debug|Win32
		{44109FD7-C9B7-3CE7-9B3C-4AE111810187}.Release|Win32.ActiveCfg = Release|Win32
		{44109FD7-C9B7-3CE7-9B3C-4AE111810187}.Release|Win32.Build.0 = Release|Win32
		{44109FD7-C9B7-3CE7-9B3C-4AE111810187}.MinSizeRel|Win32.ActiveCfg = MinSizeRel|Win32
		{44109FD7-C9B7-3CE7-9B3C-4AE111810187}.MinSizeRel|Win32.Build.0 = MinSizeRel|Win32
		{44109FD7-C9B7-3CE7-9B3C-4AE111810187}.RelWithDebInfo|Win32.ActiveCfg = RelWithDebInfo|Win32
		{44109FD7-C9B7-3CE7-9B3C-4AE111810187}.RelWithDebInfo|Win32.Build.0 = RelWithDebInfo|Win32
		{B7FEF640-B230-3EE8-BCBA-2DBA851C97E8}.Debug|Win32.ActiveCfg = Debug|Win32
		{B7FEF640-B230-3EE8-BCBA-2DBA851C97E8}.Debug|Win32.Build.0 = Debug|Win32
		{B7FEF640-B230-3EE8-BCBA-2DBA851C97E8}.Release|Win32.ActiveCfg = Release|Win32
		{B7FEF640-B230-3EE8-BCBA-2DBA851C97E8}.Release|Win32.Build.0 = Release|Win32
		{B7FEF640-B230-3EE8-BCBA-2DBA851C97E8}.MinSizeRel|Win32.ActiveCfg = MinSizeRel|Win32
		{B7FEF640-B230-3EE8-BCBA-2DBA851C97E8}.MinSizeRel|Win32.Build.0 = MinSizeRel|Win32
		{B7FEF640-B230-3EE8-BCBA-2DBA851C97E8}.RelWithDebInfo|Win32.ActiveCfg = RelWithDebInfo|Win32
		{B7FEF640-B230-3EE8-BCBA-2DBA851C97E8}.RelWithDebInfo|Win32.Build.0 = RelWithDebInfo|Win32
		{E08DCCE9-5161-3C9A-A787-D0BC01633541}.Debug|Win32.ActiveCfg = Debug|Win32
		{E08DCCE9-5161-3C9A-A787-D0BC01633541}.Release|Win32.ActiveCfg = Release|Win32
		{E08DCCE9-5161-3C9A-A787-D0BC01633541}.MinSizeRel|Win32.ActiveCfg = MinSizeRel|Win32
		{E08DCCE9-5161-3C9A-A787-D0BC01633541}.RelWithDebInfo|Win32.ActiveCfg = RelWithDebInfo|Win32
		{D6536BDA-17F8-3C1E-873E-FD11BE029CA2}.Debug|Win32.ActiveCfg = Debug|Win32
		{D6536BDA-17F8-3C1E-873E-FD11BE029CA2}.Debug|Win32.Build.0 = Debug|Win32
		{D6536BDA-17F8-3C1E-873E-FD11BE029CA2}.Release|Win32.ActiveCfg = Release|Win32
		{D6536BDA-17F8-3C1E-873E-FD11BE029CA2}.Release|Win32.Build.0 = Release|Win32
		{D6536BDA-17F8-3C1E-873E-FD11BE029CA2}.MinSizeRel|Win32.ActiveCfg = MinSizeRel|Win32
		{D6536BDA-17F8-3C1E-873E-FD11BE029CA2}.MinSizeRel|Win32.Build.0 = MinSizeRel|Win32
		{D6536BDA-17F8-3C1E-873E-FD11BE029CA2}.RelWithDebInfo|Win32.ActiveCfg = RelWithDebInfo|Win32
		{D6536BDA-17F8-3C1E-873E-FD11BE029CA2}.RelWithDebInfo|Win32.Build.0 = RelWithDebInfo|Win32
		{A6E7844C-7FDB-3875-BC36-E47B0ED2EFD6}.Debug|Win32.ActiveCfg = Debug|Win32
		{A6E7844C-7FDB-3875-BC36-E47B0ED2EFD6}.Debug|Win32.Build.0 = Debug|Win32
		{A6E7844C-7FDB-3875-BC36-E47B0ED2EFD6}.Release|Win32.ActiveCfg = Release|Win32
		{A6E7844C-7FDB-3875-BC36-E47B0ED2EFD6}.Release|Win32.Build.0 = Release|Win32
		{A6E7844C-7FDB-3875-BC36-E47B0ED2EFD6}.MinSizeRel|Win32.ActiveCfg = MinSizeRel|Win32
		{A6E7844C-7FDB-3875-BC36-E47B0ED2EFD6}.MinSizeRel|Win32.Build.0 = MinSizeRel|Win32
		{A6E7844C-7FDB-3875-BC36-E47B0ED2EFD6}.RelWithDebInfo|Win32.ActiveCfg = RelWithDebInfo|Win32
		{A6E7844C-7FDB-3875-BC36-E47B0ED2EFD6}.RelWithDebInfo|Win32.Build.0 = RelWithDebInfo|Win32
		{DA1EA42D-5670-3507-8DA6-AD176AF0DA25}.Debug|Win32.ActiveCfg = Debug|Win32
		{DA1EA42D-5670-3507-8DA6-AD176AF0DA25}.Debug|Win32.Build.0 = Debug|Win32
		{DA1EA42D-5670-3507-8DA6-AD176AF0DA25}.Release|Win32.ActiveCfg = Release|Win32
		{DA1EA42D-5670-3507-8DA6-AD176AF0DA25}.Release|Win32.Build.0 = Release|Win32
		{DA1EA42D-5670-3507-8DA6-AD176AF0DA25}.MinSizeRel|Win32.ActiveCfg = MinSizeRel|Win32
		{DA1EA42D-5670-3507-8DA6-AD176AF0DA25}.MinSizeRel|Win32.Build.0 = MinSizeRel|Win32
		{DA1EA42D-5670-3507-8DA6-AD176AF0DA25}.RelWithDebInfo|Win32.ActiveCfg = RelWithDebInfo|Win32
		{DA1EA42D-5670-3507-8DA6-AD176AF0DA25}.RelWithDebInfo|Win32.Build.0 = RelWithDebInfo|Win32
		{40D7F8FB-E6FB-3AA1-80EA-D031CAAF8FF7}.Debug|Win32.ActiveCfg = Debug|Win32
		{40D7F8FB-E6FB-3AA1-80EA-D031CAAF8FF7}.Debug|Win32.Build.0 = Debug|Win32
		{40D7F8FB-E6FB-3AA1-80EA-D031CAAF8FF7}.Release|Win32.ActiveCfg = Release|Win32
		{40D7F8FB-E6FB-3AA1-80EA-D031CAAF8FF7}.Release|Win32.Build.0 = Release|Win32
		{40D7F8FB-E6FB-3AA1-80EA-D031CAAF8FF7}.MinSizeRel|Win32.ActiveCfg = MinSizeRel|Win32
		{40D7F8FB-E6FB-3AA1-80EA-D031CAAF8FF7}.MinSizeRel|Win32.Build.0 = MinSizeRel|Win32
		{40D7F8FB-E6FB-3AA1-80EA-D031CAAF8FF7}.RelWithDebInfo|Win32.ActiveCfg = RelWithDebInfo|Win32
		{40D7F8FB-E6FB-3AA1-80EA-D031CAAF8FF7}.RelWithDebInfo|Win32.Build.0 = RelWithDebInfo|Win32
		{DBB940CB-98C8-39FB-97E3-076C70C4CAE0}.Debug|Win32.ActiveCfg = Debug|Win32
		{DBB940CB-98C8-39FB-97E3-076C70C4CAE0}.Debug|Win32.Build.0 = Debug|Win32
		{DBB940CB-98C8-39FB-97E3-076C70C4CAE0}.Release|Win32.ActiveCfg = Release|Win32
		{DBB940CB-98C8-39FB-97E3-076C70C4CAE0}.Release|Win32.Build.0 = Release|Win32
		{DBB940CB-98C8-39FB-97E3-076C70C4CAE0}.MinSizeRel|Win32.ActiveCfg = MinSizeRel|Win32
		{DBB940CB-98C8-39FB-97E3-076C70C4CAE0}.MinSizeRel|Win32.Build.0 = MinSizeRel|Win32
		{DBB940CB-98C8-39FB-97E3-076C70C4CAE0}.RelWithDebInfo|Win32.ActiveCfg = RelWithDebInfo|Win32
		{DBB940CB-98C8-39FB-97E3-076C70C4CAE0}.RelWithDebInfo|Win32.Build.0 = RelWithDebInfo|Win32
		{B92D4029-14CE-3D20-95B6-EB91B5D71F0C}.Debug|Win32.ActiveCfg = Debug|Win32
		{B92D4029-14CE-3D20-95B6-EB91B5D71F0C}.Debug|Win32.Build.0 = Debug|Win32
		{B92D4029-14CE-3D20-95B6-EB91B5D71F0C}.Release|Win32.ActiveCfg = Release|Win32
		{B92D4029-14CE-3D20-95B6-EB91B5D71F0C}.Release|Win32.Build.0 = Release|Win32
		{B92D4029-14CE-3D20-95B6-EB91B5D71F0C}.MinSizeRel|Win32.ActiveCfg = MinSizeRel|Win32
		{B92D4029-14CE-3D20-95B6-EB91B5D71F0C}.MinSizeRel|Win32.Build.0 = MinSizeRel|Win32
		{B92D4029-14CE-3D20-95B6-EB91B5D71F0C}.RelWithDebInfo|Win32.ActiveCfg = RelWithDebInfo|Win32
		{B92D4029-14CE-3D20-95B6-EB91B5D71F0C}.RelWithDebInfo|Win32.Build.0 = RelWithDebInfo|Win32
		{4B5F5DE3-355B-32E2-B473-ED706D61EEDB}.Debug|Win32.ActiveCfg = Debug|Win32
		{4B5F5DE3-355B-32E2-B473-ED706D61EEDB}.Debug|Win32.Build.0 = Debug|Win32
		{4B5F5DE3-355B-32E2-B473-ED706D61EEDB}.Release|Win32.ActiveCfg = Release|Win32
		{4B5F5DE3-355B-32E2-B473-ED706D61EEDB}.Release|Win32.Build.0 = Release|Win32
		{4B5F5DE3-355B-32E2-B473-ED706D61EEDB}.MinSizeRel|Win32.ActiveCfg = MinSizeRel|Win32
		{4B5F5DE3-355B-32E2-B473-ED706D61EEDB}.MinSizeRel|Win32.Build.0 = MinSizeRel|Win32
		{4B5F5DE3-355B-32E2-B473-ED706D61EEDB}.RelWithDebInfo|Win32.ActiveCfg = RelWithDebInfo|Win32
		{4B5F5DE3-355B-32E2-B473-ED706D61EEDB}.RelWithDebInfo|Win32.Build.0 = RelWithDebInfo|Win32
		{38D976F4-C548-33D3-BA13-774612D53105}.Debug|Win32.ActiveCfg = Debug|Win32
		{38D976F4-C548-33D3-BA13-774612D53105}.Debug|Win32.Build.0 = Debug|Win32
		{38D976F4-C548-33D3-BA13-774612D53105}.Release|Win32.ActiveCfg = Release|Win32
		{38D976F4-C548-33D3-BA13-774612D53105}.Release|Win32.Build.0 = Release|Win32
		{38D976F4-C548-33D3-BA13-774612D53105}.MinSizeRel|Win32.ActiveCfg = MinSizeRel|Win32
		{38D976F4-C548-33D3-BA13-774612D53105}.MinSizeRel|Win32.Build.0 = MinSizeRel|Win32
		{38D976F4-C548-33D3-BA13-774612D53105}.RelWithDebInfo|Win32.ActiveCfg = RelWithDebInfo|Win32
		{38D976F4-C548-33D3-BA13-774612D53105}.RelWithDebInfo|Win32.Build.0 = RelWithDebInfo|Win32
		{D5828879-0C4C-30A6-AC81-FD5F069369DB}.Debug|Win32.ActiveCfg = Debug|Win32
		{D5828879-0C4C-30A6-AC81-FD5F069369DB}.Debug|Win32.Build.0 = Debug|Win32
		{D5828879-0C4C-30A6-AC81-FD5F069369DB}.Release|Win32.ActiveCfg = Release|Win32
		{D5828879-0C4C-30A6-AC81-FD5F069369DB}.Release|Win32.Build.0 = Release|Win32
		{D5828879-0C4C-30A6-AC81-FD5F069369DB}.MinSizeRel|Win32.ActiveCfg = MinSizeRel|Win32
		{D5828879-0C4C-30A6-AC81-FD5F069369DB}.MinSizeRel|Win32.Build.0 = MinSizeRel|Win32
		{D5828879-0C4C-30A6-AC81-FD5F069369DB}.RelWithDebInfo|Win32.ActiveCfg = RelWithDebInfo|Win32
		{D5828879-0C4C-30A6-AC81-FD5F069369DB}.RelWithDebInfo|Win32.Build.0 = RelWithDebInfo|Win32
		{1584BDA7-CACE-3C4F-9B61-AB4689787B99}.Debug|Win32.ActiveCfg = Debug|Win32
		{1584BDA7-CACE-3C4F-9B61-AB4689787B99}.Debug|Win32.Build.0 = Debug|Win32
		{1584BDA7-CACE-3C4F-9B61-AB4689787B99}.Release|Win32.ActiveCfg = Release|Win32
		{1584BDA7-CACE-3C4F-9B61-AB4689787B99}.Release|Win32.Build.0 = Release|Win32
		{1584BDA7-CACE-3C4F-9B61-AB4689787B99}.MinSizeRel|Win32.ActiveCfg = MinSizeRel|Win32
		{1584BDA7-CACE-3C4F-9B61-AB4689787B99}.MinSizeRel|Win32.Build.0 = MinSizeRel|Win32
		{1584BDA7-CACE-3C4F-9B61-AB4689787B99}.RelWithDebInfo|Win32.ActiveCfg = RelWithDebInfo|Win32
		{1584BDA7-CACE-3C4F-9B61-AB4689787B99}.RelWithDebInfo|Win32.Build.0 = RelWithDebInfo|Win32
		{A4D6D993-65D4-3B3A-94AE-40555F355BB8}.Debug|Win32.ActiveCfg = Debug|Win32
		{A4D6D993-65D4-3B3A-94AE-40555F355BB8}.Debug|Win32.Build.0 = Debug|Win32
		{A4D6D993-65D4-3B3A-94AE-40555F355BB8}.Release|Win32.ActiveCfg = Release|Win32
		{A4D6D993-65D4-3B3A-94AE-40555F355BB8}.Release|Win32.Build.0 = Release|Win32
		{A4D6D993-65D4-3B3A-94AE-40555F355BB8}.MinSizeRel|Win32.ActiveCfg = MinSizeRel|Win32
		{A4D6D993-65D4-3B3A-94AE-40555F355BB8}.MinSizeRel|Win32.Build.0 = MinSizeRel|Win32
		{A4D6D993-65D4-3B3A-94AE-40555F355BB8}.RelWithDebInfo|Win32.ActiveCfg = RelWithDebInfo|Win32
		{A4D6D993-65D4-3B3A-94AE-40555F355BB8}.RelWithDebInfo|Win32.Build.0 = RelWithDebInfo|Win32
	EndGlobalSection
	GlobalSection(ExtensibilityGlobals) = postSolution
	EndGlobalSection
	GlobalSection(ExtensibilityAddIns) = postSolution
	EndGlobalSection
EndGlobal
