<?xml version="1.0" encoding="UTF-8"?>
<Project ToolsVersion="14.0" xmlns="http://schemas.microsoft.com/developer/msbuild/2003">
  <ItemGroup>
    <ClCompile Include="C:\Users\Joonas\ClionProjects\OpenGL\lib\bullet\src\Bullet3Common\b3AlignedAllocator.cpp">
      <Filter>Source Files</Filter>
    </ClCompile>
    <ClCompile Include="C:\Users\Joonas\ClionProjects\OpenGL\lib\bullet\src\Bullet3Common\b3Vector3.cpp">
      <Filter>Source Files</Filter>
    </ClCompile>
    <ClCompile Include="C:\Users\Joonas\ClionProjects\OpenGL\lib\bullet\src\Bullet3Common\b3Logging.cpp">
      <Filter>Source Files</Filter>
    </ClCompile>
  </ItemGroup>
  <ItemGroup>
    <ClInclude Include="C:\Users\Joonas\ClionProjects\OpenGL\lib\bullet\src\Bullet3Common\b3AlignedAllocator.h">
      <Filter>Header Files</Filter>
    </ClInclude>
    <ClInclude Include="C:\Users\Joonas\ClionProjects\OpenGL\lib\bullet\src\Bullet3Common\b3AlignedObjectArray.h">
      <Filter>Header Files</Filter>
    </ClInclude>
    <ClInclude Include="C:\Users\Joonas\ClionProjects\OpenGL\lib\bullet\src\Bullet3Common\b3CommandLineArgs.h">
      <Filter>Header Files</Filter>
    </ClInclude>
    <ClInclude Include="C:\Users\Joonas\ClionProjects\OpenGL\lib\bullet\src\Bullet3Common\b3HashMap.h">
      <Filter>Header Files</Filter>
    </ClInclude>
    <ClInclude Include="C:\Users\Joonas\ClionProjects\OpenGL\lib\bullet\src\Bullet3Common\b3Logging.h">
      <Filter>Header Files</Filter>
    </ClInclude>
    <ClInclude Include="C:\Users\Joonas\ClionProjects\OpenGL\lib\bullet\src\Bullet3Common\b3Matrix3x3.h">
      <Filter>Header Files</Filter>
    </ClInclude>
    <ClInclude Include="C:\Users\Joonas\ClionProjects\OpenGL\lib\bullet\src\Bullet3Common\b3MinMax.h">
      <Filter>Header Files</Filter>
    </ClInclude>
    <ClInclude Include="C:\Users\Joonas\ClionProjects\OpenGL\lib\bullet\src\Bullet3Common\b3PoolAllocator.h">
      <Filter>Header Files</Filter>
    </ClInclude>
    <ClInclude Include="C:\Users\Joonas\ClionProjects\OpenGL\lib\bullet\src\Bullet3Common\b3QuadWord.h">
      <Filter>Header Files</Filter>
    </ClInclude>
    <ClInclude Include="C:\Users\Joonas\ClionProjects\OpenGL\lib\bullet\src\Bullet3Common\b3Quaternion.h">
      <Filter>Header Files</Filter>
    </ClInclude>
    <ClInclude Include="C:\Users\Joonas\ClionProjects\OpenGL\lib\bullet\src\Bullet3Common\b3Random.h">
      <Filter>Header Files</Filter>
    </ClInclude>
    <ClInclude Include="C:\Users\Joonas\ClionProjects\OpenGL\lib\bullet\src\Bullet3Common\b3Scalar.h">
      <Filter>Header Files</Filter>
    </ClInclude>
    <ClInclude Include="C:\Users\Joonas\ClionProjects\OpenGL\lib\bullet\src\Bullet3Common\b3StackAlloc.h">
      <Filter>Header Files</Filter>
    </ClInclude>
    <ClInclude Include="C:\Users\Joonas\ClionProjects\OpenGL\lib\bullet\src\Bullet3Common\b3Transform.h">
      <Filter>Header Files</Filter>
    </ClInclude>
    <ClInclude Include="C:\Users\Joonas\ClionProjects\OpenGL\lib\bullet\src\Bullet3Common\b3TransformUtil.h">
      <Filter>Header Files</Filter>
    </ClInclude>
    <ClInclude Include="C:\Users\Joonas\ClionProjects\OpenGL\lib\bullet\src\Bullet3Common\b3Vector3.h">
      <Filter>Header Files</Filter>
    </ClInclude>
    <ClInclude Include="C:\Users\Joonas\ClionProjects\OpenGL\lib\bullet\src\Bullet3Common\shared\b3Float4.h">
      <Filter>Header Files</Filter>
    </ClInclude>
    <ClInclude Include="C:\Users\Joonas\ClionProjects\OpenGL\lib\bullet\src\Bullet3Common\shared\b3Int2.h">
      <Filter>Header Files</Filter>
    </ClInclude>
    <ClInclude Include="C:\Users\Joonas\ClionProjects\OpenGL\lib\bullet\src\Bullet3Common\shared\b3Int4.h">
      <Filter>Header Files</Filter>
    </ClInclude>
    <ClInclude Include="C:\Users\Joonas\ClionProjects\OpenGL\lib\bullet\src\Bullet3Common\shared\b3Mat3x3.h">
      <Filter>Header Files</Filter>
    </ClInclude>
    <ClInclude Include="C:\Users\Joonas\ClionProjects\OpenGL\lib\bullet\src\Bullet3Common\shared\b3PlatformDefinitions.h">
      <Filter>Header Files</Filter>
    </ClInclude>
    <ClInclude Include="C:\Users\Joonas\ClionProjects\OpenGL\lib\bullet\src\Bullet3Common\shared\b3Quat.h">
      <Filter>Header Files</Filter>
    </ClInclude>
  </ItemGroup>
  <ItemGroup>
    <CustomBuild Include="C:\Users\Joonas\ClionProjects\OpenGL\lib\bullet\src\Bullet3Common\CMakeLists.txt" />
  </ItemGroup>
  <ItemGroup>
    <Filter Include="Source Files">
      <UniqueIdentifier>{855549C3-E1EE-33D5-8A9F-FF8B71A132A7}</UniqueIdentifier>
    </Filter>
    <Filter Include="Header Files">
      <UniqueIdentifier>{C29A484C-96AE-33D7-8545-796A6034C937}</UniqueIdentifier>
    </Filter>
  </ItemGroup>
</Project>
