<?xml version="1.0" encoding="UTF-8"?>
<Project ToolsVersion="14.0" xmlns="http://schemas.microsoft.com/developer/msbuild/2003">
  <ItemGroup>
    <ClCompile Include="C:\Users\Joonas\ClionProjects\OpenGL\lib\bullet\src\BulletSoftBody\btSoftBody.cpp">
      <Filter>Source Files</Filter>
    </ClCompile>
    <ClCompile Include="C:\Users\Joonas\ClionProjects\OpenGL\lib\bullet\src\BulletSoftBody\btSoftBodyConcaveCollisionAlgorithm.cpp">
      <Filter>Source Files</Filter>
    </ClCompile>
    <ClCompile Include="C:\Users\Joonas\ClionProjects\OpenGL\lib\bullet\src\BulletSoftBody\btSoftBodyHelpers.cpp">
      <Filter>Source Files</Filter>
    </ClCompile>
    <ClCompile Include="C:\Users\Joonas\ClionProjects\OpenGL\lib\bullet\src\BulletSoftBody\btSoftBodyRigidBodyCollisionConfiguration.cpp">
      <Filter>Source Files</Filter>
    </ClCompile>
    <ClCompile Include="C:\Users\Joonas\ClionProjects\OpenGL\lib\bullet\src\BulletSoftBody\btSoftRigidCollisionAlgorithm.cpp">
      <Filter>Source Files</Filter>
    </ClCompile>
    <ClCompile Include="C:\Users\Joonas\ClionProjects\OpenGL\lib\bullet\src\BulletSoftBody\btSoftRigidDynamicsWorld.cpp">
      <Filter>Source Files</Filter>
    </ClCompile>
    <ClCompile Include="C:\Users\Joonas\ClionProjects\OpenGL\lib\bullet\src\BulletSoftBody\btSoftMultiBodyDynamicsWorld.cpp">
      <Filter>Source Files</Filter>
    </ClCompile>
    <ClCompile Include="C:\Users\Joonas\ClionProjects\OpenGL\lib\bullet\src\BulletSoftBody\btSoftSoftCollisionAlgorithm.cpp">
      <Filter>Source Files</Filter>
    </ClCompile>
    <ClCompile Include="C:\Users\Joonas\ClionProjects\OpenGL\lib\bullet\src\BulletSoftBody\btDefaultSoftBodySolver.cpp">
      <Filter>Source Files</Filter>
    </ClCompile>
  </ItemGroup>
  <ItemGroup>
    <ClInclude Include="C:\Users\Joonas\ClionProjects\OpenGL\lib\bullet\src\BulletSoftBody\btSoftBody.h">
      <Filter>Header Files</Filter>
    </ClInclude>
    <ClInclude Include="C:\Users\Joonas\ClionProjects\OpenGL\lib\bullet\src\BulletSoftBody\btSoftBodyData.h">
      <Filter>Header Files</Filter>
    </ClInclude>
    <ClInclude Include="C:\Users\Joonas\ClionProjects\OpenGL\lib\bullet\src\BulletSoftBody\btSoftBodyConcaveCollisionAlgorithm.h">
      <Filter>Header Files</Filter>
    </ClInclude>
    <ClInclude Include="C:\Users\Joonas\ClionProjects\OpenGL\lib\bullet\src\BulletSoftBody\btSoftBodyHelpers.h">
      <Filter>Header Files</Filter>
    </ClInclude>
    <ClInclude Include="C:\Users\Joonas\ClionProjects\OpenGL\lib\bullet\src\BulletSoftBody\btSoftBodyRigidBodyCollisionConfiguration.h">
      <Filter>Header Files</Filter>
    </ClInclude>
    <ClInclude Include="C:\Users\Joonas\ClionProjects\OpenGL\lib\bullet\src\BulletSoftBody\btSoftRigidCollisionAlgorithm.h">
      <Filter>Header Files</Filter>
    </ClInclude>
    <ClInclude Include="C:\Users\Joonas\ClionProjects\OpenGL\lib\bullet\src\BulletSoftBody\btSoftRigidDynamicsWorld.h">
      <Filter>Header Files</Filter>
    </ClInclude>
    <ClInclude Include="C:\Users\Joonas\ClionProjects\OpenGL\lib\bullet\src\BulletSoftBody\btSoftMultiBodyDynamicsWorld.h">
      <Filter>Header Files</Filter>
    </ClInclude>
    <ClInclude Include="C:\Users\Joonas\ClionProjects\OpenGL\lib\bullet\src\BulletSoftBody\btSoftSoftCollisionAlgorithm.h">
      <Filter>Header Files</Filter>
    </ClInclude>
    <ClInclude Include="C:\Users\Joonas\ClionProjects\OpenGL\lib\bullet\src\BulletSoftBody\btSparseSDF.h">
      <Filter>Header Files</Filter>
    </ClInclude>
    <ClInclude Include="C:\Users\Joonas\ClionProjects\OpenGL\lib\bullet\src\BulletSoftBody\btSoftBodySolvers.h">
      <Filter>Header Files</Filter>
    </ClInclude>
    <ClInclude Include="C:\Users\Joonas\ClionProjects\OpenGL\lib\bullet\src\BulletSoftBody\btDefaultSoftBodySolver.h">
      <Filter>Header Files</Filter>
    </ClInclude>
    <ClInclude Include="C:\Users\Joonas\ClionProjects\OpenGL\lib\bullet\src\BulletSoftBody\btSoftBodySolverVertexBuffer.h">
      <Filter>Header Files</Filter>
    </ClInclude>
  </ItemGroup>
  <ItemGroup>
    <CustomBuild Include="C:\Users\Joonas\ClionProjects\OpenGL\lib\bullet\src\BulletSoftBody\CMakeLists.txt" />
  </ItemGroup>
  <ItemGroup>
    <Filter Include="Source Files">
      <UniqueIdentifier>{855549C3-E1EE-33D5-8A9F-FF8B71A132A7}</UniqueIdentifier>
    </Filter>
    <Filter Include="Header Files">
      <UniqueIdentifier>{C29A484C-96AE-33D7-8545-796A6034C937}</UniqueIdentifier>
    </Filter>
  </ItemGroup>
</Project>
